// !$*UTF8*$!
{
	archiveVersion = 1;
	classes = {
	};
	objectVersion = 46;
	objects = {

/* Begin PBXBuildFile section */
		992C42617DC41C9282A5E10D /* libPods.a in Frameworks */ = {isa = PBXBuildFile; fileRef = 2B0B27D84BE8C3C370A017F5 /* libPods.a */; };
		C705050E1C3CB9F3007F8C72 /* ApplyListView.swift in Sources */ = {isa = PBXBuildFile; fileRef = C705050D1C3CB9F3007F8C72 /* ApplyListView.swift */; };
		C705050F1C3CB9F3007F8C72 /* ApplyListView.swift in Sources */ = {isa = PBXBuildFile; fileRef = C705050D1C3CB9F3007F8C72 /* ApplyListView.swift */; };
		C70505111C3CC5C5007F8C72 /* MessMaster.swift in Sources */ = {isa = PBXBuildFile; fileRef = C70505101C3CC5C5007F8C72 /* MessMaster.swift */; };
		C70505121C3CC5C5007F8C72 /* MessMaster.swift in Sources */ = {isa = PBXBuildFile; fileRef = C70505101C3CC5C5007F8C72 /* MessMaster.swift */; };
		C70505151C3CDF3D007F8C72 /* EaseSDKHelper.m in Sources */ = {isa = PBXBuildFile; fileRef = C70505141C3CDF3D007F8C72 /* EaseSDKHelper.m */; };
		C70505161C3CDF3D007F8C72 /* EaseSDKHelper.m in Sources */ = {isa = PBXBuildFile; fileRef = C70505141C3CDF3D007F8C72 /* EaseSDKHelper.m */; };
		C70505191C3CE03C007F8C72 /* EaseConvertToCommonEmoticonsHelper.m in Sources */ = {isa = PBXBuildFile; fileRef = C70505181C3CE03C007F8C72 /* EaseConvertToCommonEmoticonsHelper.m */; };
		C705051A1C3CE03C007F8C72 /* EaseConvertToCommonEmoticonsHelper.m in Sources */ = {isa = PBXBuildFile; fileRef = C70505181C3CE03C007F8C72 /* EaseConvertToCommonEmoticonsHelper.m */; };
		C705051D1C3CE311007F8C72 /* NSObject+EaseMob.m in Sources */ = {isa = PBXBuildFile; fileRef = C705051C1C3CE311007F8C72 /* NSObject+EaseMob.m */; };
		C705051E1C3CE311007F8C72 /* NSObject+EaseMob.m in Sources */ = {isa = PBXBuildFile; fileRef = C705051C1C3CE311007F8C72 /* NSObject+EaseMob.m */; };
		C70505241C3D29F8007F8C72 /* MessageVC.swift in Sources */ = {isa = PBXBuildFile; fileRef = C70505231C3D29F8007F8C72 /* MessageVC.swift */; };
		C70505251C3D29F8007F8C72 /* MessageVC.swift in Sources */ = {isa = PBXBuildFile; fileRef = C70505231C3D29F8007F8C72 /* MessageVC.swift */; };
		C71A3A831BF1954B0081F7E6 /* SchedulerInfo.swift in Sources */ = {isa = PBXBuildFile; fileRef = C71A3A821BF1954B0081F7E6 /* SchedulerInfo.swift */; };
		C71A3A841BF1954B0081F7E6 /* SchedulerInfo.swift in Sources */ = {isa = PBXBuildFile; fileRef = C71A3A821BF1954B0081F7E6 /* SchedulerInfo.swift */; };
		C763D3E81C045FE2005E3921 /* TimeLineCommit.swift in Sources */ = {isa = PBXBuildFile; fileRef = C763D3E71C045FE2005E3921 /* TimeLineCommit.swift */; };
		C763D3E91C045FE2005E3921 /* TimeLineCommit.swift in Sources */ = {isa = PBXBuildFile; fileRef = C763D3E71C045FE2005E3921 /* TimeLineCommit.swift */; };
		C763D3EC1C0468FC005E3921 /* UIImage+ZoomImage.m in Sources */ = {isa = PBXBuildFile; fileRef = C763D3EB1C0468FC005E3921 /* UIImage+ZoomImage.m */; };
		C763D3ED1C0468FC005E3921 /* UIImage+ZoomImage.m in Sources */ = {isa = PBXBuildFile; fileRef = C763D3EB1C0468FC005E3921 /* UIImage+ZoomImage.m */; };
		C763D3F01C049945005E3921 /* ShareCoverageView.m in Sources */ = {isa = PBXBuildFile; fileRef = C763D3EF1C049945005E3921 /* ShareCoverageView.m */; };
		C763D3F11C049945005E3921 /* ShareCoverageView.m in Sources */ = {isa = PBXBuildFile; fileRef = C763D3EF1C049945005E3921 /* ShareCoverageView.m */; };
		C76429B41C2B93FF00F34888 /* SeachVC.swift in Sources */ = {isa = PBXBuildFile; fileRef = C76429B31C2B93FF00F34888 /* SeachVC.swift */; };
		C76429B51C2B93FF00F34888 /* SeachVC.swift in Sources */ = {isa = PBXBuildFile; fileRef = C76429B31C2B93FF00F34888 /* SeachVC.swift */; };
		C76A3AD51C43958A00D70A6A /* MessUserName.swift in Sources */ = {isa = PBXBuildFile; fileRef = C76A3AD41C43958A00D70A6A /* MessUserName.swift */; };
		C76A3AD61C43958A00D70A6A /* MessUserName.swift in Sources */ = {isa = PBXBuildFile; fileRef = C76A3AD41C43958A00D70A6A /* MessUserName.swift */; };
		C76E08EF1C09E17200AAFF7B /* About.swift in Sources */ = {isa = PBXBuildFile; fileRef = C76E08EE1C09E17200AAFF7B /* About.swift */; };
		C76E08F01C09E17200AAFF7B /* About.swift in Sources */ = {isa = PBXBuildFile; fileRef = C76E08EE1C09E17200AAFF7B /* About.swift */; };
		C773A8971C48D6B50000054D /* ExhibitorWeb.swift in Sources */ = {isa = PBXBuildFile; fileRef = C773A8961C48D6B50000054D /* ExhibitorWeb.swift */; };
		C773A8981C48D6B50000054D /* ExhibitorWeb.swift in Sources */ = {isa = PBXBuildFile; fileRef = C773A8961C48D6B50000054D /* ExhibitorWeb.swift */; };
		C773A8991C48D6B50000054D /* ExhibitorWeb.swift in Sources */ = {isa = PBXBuildFile; fileRef = C773A8961C48D6B50000054D /* ExhibitorWeb.swift */; };
		C773A89C1C48EA5D0000054D /* ExhibitorAdController.m in Sources */ = {isa = PBXBuildFile; fileRef = C773A89B1C48EA5D0000054D /* ExhibitorAdController.m */; };
		C773A89D1C48EA5D0000054D /* ExhibitorAdController.m in Sources */ = {isa = PBXBuildFile; fileRef = C773A89B1C48EA5D0000054D /* ExhibitorAdController.m */; };
		C773A89E1C48EA5D0000054D /* ExhibitorAdController.m in Sources */ = {isa = PBXBuildFile; fileRef = C773A89B1C48EA5D0000054D /* ExhibitorAdController.m */; };
		C77481091C34C33400144427 /* MyInfo.swift in Sources */ = {isa = PBXBuildFile; fileRef = C77481081C34C33400144427 /* MyInfo.swift */; };
		C774810A1C34C33400144427 /* MyInfo.swift in Sources */ = {isa = PBXBuildFile; fileRef = C77481081C34C33400144427 /* MyInfo.swift */; };
		C7776B421C61C410002C03B7 /* demo.js in Resources */ = {isa = PBXBuildFile; fileRef = C7776B411C61C410002C03B7 /* demo.js */; };
		C7776B431C61C410002C03B7 /* demo.js in Resources */ = {isa = PBXBuildFile; fileRef = C7776B411C61C410002C03B7 /* demo.js */; };
		C7776B441C61C410002C03B7 /* demo.js in Resources */ = {isa = PBXBuildFile; fileRef = C7776B411C61C410002C03B7 /* demo.js */; };
		C779C0FB1BF42D35008D625F /* LogViewController.m in Sources */ = {isa = PBXBuildFile; fileRef = C779C0F81BF42D35008D625F /* LogViewController.m */; };
		C779C0FC1BF42D35008D625F /* LogViewController.m in Sources */ = {isa = PBXBuildFile; fileRef = C779C0F81BF42D35008D625F /* LogViewController.m */; };
		C779C0FD1BF42D35008D625F /* LogInCell.m in Sources */ = {isa = PBXBuildFile; fileRef = C779C0FA1BF42D35008D625F /* LogInCell.m */; };
		C779C0FE1BF42D35008D625F /* LogInCell.m in Sources */ = {isa = PBXBuildFile; fileRef = C779C0FA1BF42D35008D625F /* LogInCell.m */; };
		C779C1001BF43917008D625F /* Singleton.swift in Sources */ = {isa = PBXBuildFile; fileRef = C779C0FF1BF43917008D625F /* Singleton.swift */; };
		C779C1011BF43917008D625F /* Singleton.swift in Sources */ = {isa = PBXBuildFile; fileRef = C779C0FF1BF43917008D625F /* Singleton.swift */; };
		C779C1031BF48A92008D625F /* MyFavorite.swift in Sources */ = {isa = PBXBuildFile; fileRef = C779C1021BF48A92008D625F /* MyFavorite.swift */; };
		C779C1041BF48A92008D625F /* MyFavorite.swift in Sources */ = {isa = PBXBuildFile; fileRef = C779C1021BF48A92008D625F /* MyFavorite.swift */; };
		C779C1061BF48E9C008D625F /* Suggestion.swift in Sources */ = {isa = PBXBuildFile; fileRef = C779C1051BF48E9C008D625F /* Suggestion.swift */; };
		C779C1071BF48E9C008D625F /* Suggestion.swift in Sources */ = {isa = PBXBuildFile; fileRef = C779C1051BF48E9C008D625F /* Suggestion.swift */; };
		C779C1091BF4A72D008D625F /* ViewModel.swift in Sources */ = {isa = PBXBuildFile; fileRef = C779C1081BF4A72D008D625F /* ViewModel.swift */; };
		C779C10A1BF4A72D008D625F /* ViewModel.swift in Sources */ = {isa = PBXBuildFile; fileRef = C779C1081BF4A72D008D625F /* ViewModel.swift */; };
		C77C14731BE8B02B00DCC670 /* ExhibitorController.swift in Sources */ = {isa = PBXBuildFile; fileRef = C77C14721BE8B02B00DCC670 /* ExhibitorController.swift */; };
		C77C14741BE8B02B00DCC670 /* ExhibitorController.swift in Sources */ = {isa = PBXBuildFile; fileRef = C77C14721BE8B02B00DCC670 /* ExhibitorController.swift */; };
		C77C402E1C040285005596E0 /* TimeLineInfo.swift in Sources */ = {isa = PBXBuildFile; fileRef = C77C402D1C040284005596E0 /* TimeLineInfo.swift */; };
		C77C402F1C040285005596E0 /* TimeLineInfo.swift in Sources */ = {isa = PBXBuildFile; fileRef = C77C402D1C040284005596E0 /* TimeLineInfo.swift */; };
		C77DE1381C5B4BB500B21FE5 /* QRScanViewController.m in Sources */ = {isa = PBXBuildFile; fileRef = C77DE1331C5B4BB500B21FE5 /* QRScanViewController.m */; };
		C77DE1391C5B4BB500B21FE5 /* QRScanViewController.m in Sources */ = {isa = PBXBuildFile; fileRef = C77DE1331C5B4BB500B21FE5 /* QRScanViewController.m */; };
		C77DE13A1C5B4BB500B21FE5 /* QRScanViewController.m in Sources */ = {isa = PBXBuildFile; fileRef = C77DE1331C5B4BB500B21FE5 /* QRScanViewController.m */; };
		C77DE13E1C5B4BB500B21FE5 /* QRView.m in Sources */ = {isa = PBXBuildFile; fileRef = C77DE1371C5B4BB500B21FE5 /* QRView.m */; };
		C77DE13F1C5B4BB500B21FE5 /* QRView.m in Sources */ = {isa = PBXBuildFile; fileRef = C77DE1371C5B4BB500B21FE5 /* QRView.m */; };
		C77DE1401C5B4BB500B21FE5 /* QRView.m in Sources */ = {isa = PBXBuildFile; fileRef = C77DE1371C5B4BB500B21FE5 /* QRView.m */; };
		C77E1D9D1BE09EDA00B8F444 /* AppDelegate.swift in Sources */ = {isa = PBXBuildFile; fileRef = C77E1D9C1BE09EDA00B8F444 /* AppDelegate.swift */; };
		C77E1D9F1BE09EDA00B8F444 /* ViewController.swift in Sources */ = {isa = PBXBuildFile; fileRef = C77E1D9E1BE09EDA00B8F444 /* ViewController.swift */; };
		C77E1DA21BE09EDA00B8F444 /* Main.storyboard in Resources */ = {isa = PBXBuildFile; fileRef = C77E1DA01BE09EDA00B8F444 /* Main.storyboard */; };
		C77E1DA71BE09EDA00B8F444 /* LaunchScreen.storyboard in Resources */ = {isa = PBXBuildFile; fileRef = C77E1DA51BE09EDA00B8F444 /* LaunchScreen.storyboard */; };
		C77E1DB11BE0ADD400B8F444 /* test.m in Sources */ = {isa = PBXBuildFile; fileRef = C77E1DB01BE0ADD400B8F444 /* test.m */; };
		C77E1DB41BE0D05600B8F444 /* ProfileSwift.swift in Sources */ = {isa = PBXBuildFile; fileRef = C77E1DB21BE0AEE600B8F444 /* ProfileSwift.swift */; };
		C77E8FA51C06DB48003832BA /* CommentScoreView.m in Sources */ = {isa = PBXBuildFile; fileRef = C77E8FA41C06DB48003832BA /* CommentScoreView.m */; };
		C77E8FA61C06DB48003832BA /* CommentScoreView.m in Sources */ = {isa = PBXBuildFile; fileRef = C77E8FA41C06DB48003832BA /* CommentScoreView.m */; };
		C78001C41C0EEFEA0097FD8E /* NSString+ZhengZe.m in Sources */ = {isa = PBXBuildFile; fileRef = C78001C31C0EEFEA0097FD8E /* NSString+ZhengZe.m */; };
		C78001C51C0EEFEA0097FD8E /* NSString+ZhengZe.m in Sources */ = {isa = PBXBuildFile; fileRef = C78001C31C0EEFEA0097FD8E /* NSString+ZhengZe.m */; };
		C78039861C5F44EF000AD0F9 /* JSPatchManager.swift in Sources */ = {isa = PBXBuildFile; fileRef = C78039851C5F44EF000AD0F9 /* JSPatchManager.swift */; };
		C78039871C5F44EF000AD0F9 /* JSPatchManager.swift in Sources */ = {isa = PBXBuildFile; fileRef = C78039851C5F44EF000AD0F9 /* JSPatchManager.swift */; };
		C78039881C5F44EF000AD0F9 /* JSPatchManager.swift in Sources */ = {isa = PBXBuildFile; fileRef = C78039851C5F44EF000AD0F9 /* JSPatchManager.swift */; };
		C7811B961C0C905A00E5A637 /* ZoomView.swift in Sources */ = {isa = PBXBuildFile; fileRef = C7811B951C0C905A00E5A637 /* ZoomView.swift */; };
		C7811B971C0C905A00E5A637 /* ZoomView.swift in Sources */ = {isa = PBXBuildFile; fileRef = C7811B951C0C905A00E5A637 /* ZoomView.swift */; };
		C78200211BEC800F002BBDB7 /* ExhibitorInfoCV.swift in Sources */ = {isa = PBXBuildFile; fileRef = C78200201BEC800F002BBDB7 /* ExhibitorInfoCV.swift */; };
		C78200221BEC800F002BBDB7 /* ExhibitorInfoCV.swift in Sources */ = {isa = PBXBuildFile; fileRef = C78200201BEC800F002BBDB7 /* ExhibitorInfoCV.swift */; };
		C7848F471BFDD8F400339623 /* libWeChatSDK.a in Frameworks */ = {isa = PBXBuildFile; fileRef = C7848F421BFDD8F400339623 /* libWeChatSDK.a */; };
		C7848F481BFDD8F400339623 /* libWeChatSDK.a in Frameworks */ = {isa = PBXBuildFile; fileRef = C7848F421BFDD8F400339623 /* libWeChatSDK.a */; };
		C7848F491BFDD8F400339623 /* read_me.txt in Resources */ = {isa = PBXBuildFile; fileRef = C7848F431BFDD8F400339623 /* read_me.txt */; };
		C7848F4A1BFDD8F400339623 /* read_me.txt in Resources */ = {isa = PBXBuildFile; fileRef = C7848F431BFDD8F400339623 /* read_me.txt */; };
		C7848F4C1BFDD99C00339623 /* CoreTelephony.framework in Frameworks */ = {isa = PBXBuildFile; fileRef = C7848F4B1BFDD99C00339623 /* CoreTelephony.framework */; };
		C7848F4E1BFDD9D900339623 /* libsqlite3.0.tbd in Frameworks */ = {isa = PBXBuildFile; fileRef = C7848F4D1BFDD9D900339623 /* libsqlite3.0.tbd */; };
		C7848F521BFDDA2300339623 /* libz.tbd in Frameworks */ = {isa = PBXBuildFile; fileRef = C7848F511BFDDA2300339623 /* libz.tbd */; };
		C7848F531BFDDA3900339623 /* libsqlite3.0.tbd in Frameworks */ = {isa = PBXBuildFile; fileRef = C7848F4D1BFDD9D900339623 /* libsqlite3.0.tbd */; };
		C7848F541BFDDA4500339623 /* libz.tbd in Frameworks */ = {isa = PBXBuildFile; fileRef = C7848F511BFDDA2300339623 /* libz.tbd */; };
		C7848F551BFDDEC400339623 /* SystemConfiguration.framework in Frameworks */ = {isa = PBXBuildFile; fileRef = C7848F4F1BFDDA0800339623 /* SystemConfiguration.framework */; };
		C7848F571BFDDEDC00339623 /* libc++.tbd in Frameworks */ = {isa = PBXBuildFile; fileRef = C7848F561BFDDEDC00339623 /* libc++.tbd */; };
		C784B34C1C4778790043D968 /* ExhibitorAdvertisement.swift in Sources */ = {isa = PBXBuildFile; fileRef = C784B34B1C4778790043D968 /* ExhibitorAdvertisement.swift */; };
		C784B34D1C4778790043D968 /* ExhibitorAdvertisement.swift in Sources */ = {isa = PBXBuildFile; fileRef = C784B34B1C4778790043D968 /* ExhibitorAdvertisement.swift */; };
		C784B34E1C4778790043D968 /* ExhibitorAdvertisement.swift in Sources */ = {isa = PBXBuildFile; fileRef = C784B34B1C4778790043D968 /* ExhibitorAdvertisement.swift */; };
		C784B3511C47A4BB0043D968 /* ExhibitorContactVC.swift in Sources */ = {isa = PBXBuildFile; fileRef = C784B3501C47A4BB0043D968 /* ExhibitorContactVC.swift */; };
		C784B3521C47A4BB0043D968 /* ExhibitorContactVC.swift in Sources */ = {isa = PBXBuildFile; fileRef = C784B3501C47A4BB0043D968 /* ExhibitorContactVC.swift */; };
		C784B3531C47A4BB0043D968 /* ExhibitorContactVC.swift in Sources */ = {isa = PBXBuildFile; fileRef = C784B3501C47A4BB0043D968 /* ExhibitorContactVC.swift */; };
		C78509961C1FBF2600D3C7D1 /* OrientationTabBarControll.swift in Sources */ = {isa = PBXBuildFile; fileRef = C78509951C1FBF2600D3C7D1 /* OrientationTabBarControll.swift */; };
		C78509971C1FBF2600D3C7D1 /* OrientationTabBarControll.swift in Sources */ = {isa = PBXBuildFile; fileRef = C78509951C1FBF2600D3C7D1 /* OrientationTabBarControll.swift */; };
		C78CB3731C7D9CF400EBE76A /* ScoreVC.swift in Sources */ = {isa = PBXBuildFile; fileRef = C78CB3721C7D9CF400EBE76A /* ScoreVC.swift */; };
		C78CB3741C7D9CF400EBE76A /* ScoreVC.swift in Sources */ = {isa = PBXBuildFile; fileRef = C78CB3721C7D9CF400EBE76A /* ScoreVC.swift */; };
		C78CB3751C7D9CF400EBE76A /* ScoreVC.swift in Sources */ = {isa = PBXBuildFile; fileRef = C78CB3721C7D9CF400EBE76A /* ScoreVC.swift */; };
		C78EA5521C1189A2007798E2 /* THLRefeshView_arrow@2x.png in Resources */ = {isa = PBXBuildFile; fileRef = C78EA54D1C1189A2007798E2 /* THLRefeshView_arrow@2x.png */; };
		C78EA5531C1189A2007798E2 /* THLRefeshView_arrow@2x.png in Resources */ = {isa = PBXBuildFile; fileRef = C78EA54D1C1189A2007798E2 /* THLRefeshView_arrow@2x.png */; };
		C78EA5541C1189A2007798E2 /* THLRefreshView.m in Sources */ = {isa = PBXBuildFile; fileRef = C78EA54F1C1189A2007798E2 /* THLRefreshView.m */; };
		C78EA5551C1189A2007798E2 /* THLRefreshView.m in Sources */ = {isa = PBXBuildFile; fileRef = C78EA54F1C1189A2007798E2 /* THLRefreshView.m */; };
		C78EA5561C1189A2007798E2 /* THLScrollLoadView.m in Sources */ = {isa = PBXBuildFile; fileRef = C78EA5511C1189A2007798E2 /* THLScrollLoadView.m */; };
		C78EA5571C1189A2007798E2 /* THLScrollLoadView.m in Sources */ = {isa = PBXBuildFile; fileRef = C78EA5511C1189A2007798E2 /* THLScrollLoadView.m */; };
		C79285711BEAF65B00287A24 /* NewsView.swift in Sources */ = {isa = PBXBuildFile; fileRef = C79285701BEAF65B00287A24 /* NewsView.swift */; };
		C79285721BEAF65B00287A24 /* NewsView.swift in Sources */ = {isa = PBXBuildFile; fileRef = C79285701BEAF65B00287A24 /* NewsView.swift */; };
		C79285751BEB06A400287A24 /* THActivityView.m in Sources */ = {isa = PBXBuildFile; fileRef = C79285741BEB06A400287A24 /* THActivityView.m */; };
		C79285761BEB06A400287A24 /* THActivityView.m in Sources */ = {isa = PBXBuildFile; fileRef = C79285741BEB06A400287A24 /* THActivityView.m */; };
		C79285781BEB322700287A24 /* SettingController.swift in Sources */ = {isa = PBXBuildFile; fileRef = C79285771BEB322700287A24 /* SettingController.swift */; };
		C79285791BEB322700287A24 /* SettingController.swift in Sources */ = {isa = PBXBuildFile; fileRef = C79285771BEB322700287A24 /* SettingController.swift */; };
		C79531B41C44F83D00270DD8 /* NavgationBar.swift in Sources */ = {isa = PBXBuildFile; fileRef = C79531B31C44F83D00270DD8 /* NavgationBar.swift */; };
		C79531B51C44F83D00270DD8 /* NavgationBar.swift in Sources */ = {isa = PBXBuildFile; fileRef = C79531B31C44F83D00270DD8 /* NavgationBar.swift */; };
		C79531B61C44F83D00270DD8 /* NavgationBar.swift in Sources */ = {isa = PBXBuildFile; fileRef = C79531B31C44F83D00270DD8 /* NavgationBar.swift */; };
		C79546DE1BFEBC8F0080CD46 /* NewListCV.swift in Sources */ = {isa = PBXBuildFile; fileRef = C79546DD1BFEBC8F0080CD46 /* NewListCV.swift */; };
		C79546DF1BFEBC8F0080CD46 /* NewListCV.swift in Sources */ = {isa = PBXBuildFile; fileRef = C79546DD1BFEBC8F0080CD46 /* NewListCV.swift */; };
		C79546E11BFEBCE30080CD46 /* TimeLineVC.swift in Sources */ = {isa = PBXBuildFile; fileRef = C79546E01BFEBCE30080CD46 /* TimeLineVC.swift */; };
		C79546E21BFEBCE30080CD46 /* TimeLineVC.swift in Sources */ = {isa = PBXBuildFile; fileRef = C79546E01BFEBCE30080CD46 /* TimeLineVC.swift */; };
		C79546E51BFEC3D80080CD46 /* TSegmentedControl.m in Sources */ = {isa = PBXBuildFile; fileRef = C79546E41BFEC3D80080CD46 /* TSegmentedControl.m */; };
		C79546E61BFEC3D80080CD46 /* TSegmentedControl.m in Sources */ = {isa = PBXBuildFile; fileRef = C79546E41BFEC3D80080CD46 /* TSegmentedControl.m */; };
		C79546E71BFF0D0A0080CD46 /* CoreTelephony.framework in Frameworks */ = {isa = PBXBuildFile; fileRef = C7848F4B1BFDD99C00339623 /* CoreTelephony.framework */; };
		C79546E81BFF0D730080CD46 /* SystemConfiguration.framework in Frameworks */ = {isa = PBXBuildFile; fileRef = C7848F4F1BFDDA0800339623 /* SystemConfiguration.framework */; };
		C79546E91BFF0DCF0080CD46 /* libc++.tbd in Frameworks */ = {isa = PBXBuildFile; fileRef = C7848F561BFDDEDC00339623 /* libc++.tbd */; };
		C79880511C3221D700557880 /* ExhibitorMap.swift in Sources */ = {isa = PBXBuildFile; fileRef = C79880501C3221D700557880 /* ExhibitorMap.swift */; };
		C79880521C3221D700557880 /* ExhibitorMap.swift in Sources */ = {isa = PBXBuildFile; fileRef = C79880501C3221D700557880 /* ExhibitorMap.swift */; };
		C79E40371C4CABD400CF21E1 /* Assets.xcassets in Resources */ = {isa = PBXBuildFile; fileRef = C77E1DA31BE09EDA00B8F444 /* Assets.xcassets */; };
		C79E40381C4CABD500CF21E1 /* Assets.xcassets in Resources */ = {isa = PBXBuildFile; fileRef = C77E1DA31BE09EDA00B8F444 /* Assets.xcassets */; };
		C79E40391C4CABE700CF21E1 /* Assets.xcassets in Resources */ = {isa = PBXBuildFile; fileRef = C77E1DA31BE09EDA00B8F444 /* Assets.xcassets */; };
		C79E545C1BE9B79100E4A514 /* Scheduler.swift in Sources */ = {isa = PBXBuildFile; fileRef = C79E545B1BE9B79100E4A514 /* Scheduler.swift */; };
		C79E545D1BE9B79100E4A514 /* Scheduler.swift in Sources */ = {isa = PBXBuildFile; fileRef = C79E545B1BE9B79100E4A514 /* Scheduler.swift */; };
		C79E545F1BE9DCB800E4A514 /* RootCollectionCells.swift in Sources */ = {isa = PBXBuildFile; fileRef = C79E545E1BE9DCB800E4A514 /* RootCollectionCells.swift */; };
		C79E54601BE9DCB800E4A514 /* RootCollectionCells.swift in Sources */ = {isa = PBXBuildFile; fileRef = C79E545E1BE9DCB800E4A514 /* RootCollectionCells.swift */; };
		C79E54621BE9E47400E4A514 /* DataModel.swift in Sources */ = {isa = PBXBuildFile; fileRef = C79E54611BE9E47400E4A514 /* DataModel.swift */; };
		C79E54631BE9E47400E4A514 /* DataModel.swift in Sources */ = {isa = PBXBuildFile; fileRef = C79E54611BE9E47400E4A514 /* DataModel.swift */; };
		C79E54651BE9FED500E4A514 /* NetWork.swift in Sources */ = {isa = PBXBuildFile; fileRef = C79E54641BE9FED500E4A514 /* NetWork.swift */; };
		C79E54661BE9FED500E4A514 /* NetWork.swift in Sources */ = {isa = PBXBuildFile; fileRef = C79E54641BE9FED500E4A514 /* NetWork.swift */; };
		C7A383B61C449B50008DF57F /* NSObject+EaseMob.m in Sources */ = {isa = PBXBuildFile; fileRef = C705051C1C3CE311007F8C72 /* NSObject+EaseMob.m */; };
		C7A383B71C449B50008DF57F /* SchedulerInfo.swift in Sources */ = {isa = PBXBuildFile; fileRef = C71A3A821BF1954B0081F7E6 /* SchedulerInfo.swift */; };
		C7A383B81C449B50008DF57F /* Suggestion.swift in Sources */ = {isa = PBXBuildFile; fileRef = C779C1051BF48E9C008D625F /* Suggestion.swift */; };
		C7A383B91C449B50008DF57F /* ContactsController.swift in Sources */ = {isa = PBXBuildFile; fileRef = C7C0EABB1BF09CA2004711BF /* ContactsController.swift */; };
		C7A383BA1C449B50008DF57F /* ZoomView.swift in Sources */ = {isa = PBXBuildFile; fileRef = C7811B951C0C905A00E5A637 /* ZoomView.swift */; };
		C7A383BB1C449B50008DF57F /* SettingController.swift in Sources */ = {isa = PBXBuildFile; fileRef = C79285771BEB322700287A24 /* SettingController.swift */; };
		C7A383BC1C449B50008DF57F /* EaseConvertToCommonEmoticonsHelper.m in Sources */ = {isa = PBXBuildFile; fileRef = C70505181C3CE03C007F8C72 /* EaseConvertToCommonEmoticonsHelper.m */; };
		C7A383BD1C449B50008DF57F /* MyInfo.swift in Sources */ = {isa = PBXBuildFile; fileRef = C77481081C34C33400144427 /* MyInfo.swift */; };
		C7A383BE1C449B50008DF57F /* THLRefreshView.m in Sources */ = {isa = PBXBuildFile; fileRef = C78EA54F1C1189A2007798E2 /* THLRefreshView.m */; };
		C7A383BF1C449B50008DF57F /* ViewController.swift in Sources */ = {isa = PBXBuildFile; fileRef = C77E1D9E1BE09EDA00B8F444 /* ViewController.swift */; };
		C7A383C01C449B50008DF57F /* MyRegist.swift in Sources */ = {isa = PBXBuildFile; fileRef = C7AEDEDC1C05A938009C196C /* MyRegist.swift */; };
		C7A383C11C449B50008DF57F /* ViewModel.swift in Sources */ = {isa = PBXBuildFile; fileRef = C779C1081BF4A72D008D625F /* ViewModel.swift */; };
		C7A383C21C449B50008DF57F /* MyCompany.swift in Sources */ = {isa = PBXBuildFile; fileRef = C7AEDEE21C05C341009C196C /* MyCompany.swift */; };
		C7A383C31C449B50008DF57F /* AppDelegate.swift in Sources */ = {isa = PBXBuildFile; fileRef = C77E1D9C1BE09EDA00B8F444 /* AppDelegate.swift */; };
		C7A383C41C449B50008DF57F /* TimeLineCommit.swift in Sources */ = {isa = PBXBuildFile; fileRef = C763D3E71C045FE2005E3921 /* TimeLineCommit.swift */; };
		C7A383C51C449B50008DF57F /* RootCollectionCells.swift in Sources */ = {isa = PBXBuildFile; fileRef = C79E545E1BE9DCB800E4A514 /* RootCollectionCells.swift */; };
		C7A383C61C449B50008DF57F /* MessageVC.swift in Sources */ = {isa = PBXBuildFile; fileRef = C70505231C3D29F8007F8C72 /* MessageVC.swift */; };
		C7A383C71C449B50008DF57F /* NewsView.swift in Sources */ = {isa = PBXBuildFile; fileRef = C79285701BEAF65B00287A24 /* NewsView.swift */; };
		C7A383C81C449B50008DF57F /* CommentScoreView.m in Sources */ = {isa = PBXBuildFile; fileRef = C77E8FA41C06DB48003832BA /* CommentScoreView.m */; };
		C7A383C91C449B50008DF57F /* ExhibitorController.swift in Sources */ = {isa = PBXBuildFile; fileRef = C77C14721BE8B02B00DCC670 /* ExhibitorController.swift */; };
		C7A383CA1C449B50008DF57F /* RepeatScrollView.m in Sources */ = {isa = PBXBuildFile; fileRef = C7C3C35B1C195A1E0083F3A1 /* RepeatScrollView.m */; };
		C7A383CB1C449B50008DF57F /* Scheduler.swift in Sources */ = {isa = PBXBuildFile; fileRef = C79E545B1BE9B79100E4A514 /* Scheduler.swift */; };
		C7A383CC1C449B50008DF57F /* ApplyListView.swift in Sources */ = {isa = PBXBuildFile; fileRef = C705050D1C3CB9F3007F8C72 /* ApplyListView.swift */; };
		C7A383CD1C449B50008DF57F /* ProductList.swift in Sources */ = {isa = PBXBuildFile; fileRef = C7A962981BF32354003B883A /* ProductList.swift */; };
		C7A383CE1C449B50008DF57F /* ExhibitorInfoCV.swift in Sources */ = {isa = PBXBuildFile; fileRef = C78200201BEC800F002BBDB7 /* ExhibitorInfoCV.swift */; };
		C7A383CF1C449B50008DF57F /* LogInCell.m in Sources */ = {isa = PBXBuildFile; fileRef = C779C0FA1BF42D35008D625F /* LogInCell.m */; };
		C7A383D01C449B50008DF57F /* MessUserName.swift in Sources */ = {isa = PBXBuildFile; fileRef = C76A3AD41C43958A00D70A6A /* MessUserName.swift */; };
		C7A383D11C449B50008DF57F /* TimeLineVC.swift in Sources */ = {isa = PBXBuildFile; fileRef = C79546E01BFEBCE30080CD46 /* TimeLineVC.swift */; };
		C7A383D21C449B50008DF57F /* ShareCoverageView.m in Sources */ = {isa = PBXBuildFile; fileRef = C763D3EF1C049945005E3921 /* ShareCoverageView.m */; };
		C7A383D31C449B50008DF57F /* LogViewController.m in Sources */ = {isa = PBXBuildFile; fileRef = C779C0F81BF42D35008D625F /* LogViewController.m */; };
		C7A383D41C449B50008DF57F /* MyFavorite.swift in Sources */ = {isa = PBXBuildFile; fileRef = C779C1021BF48A92008D625F /* MyFavorite.swift */; };
		C7A383D51C449B50008DF57F /* Singleton.swift in Sources */ = {isa = PBXBuildFile; fileRef = C779C0FF1BF43917008D625F /* Singleton.swift */; };
		C7A383D61C449B50008DF57F /* SeachVC.swift in Sources */ = {isa = PBXBuildFile; fileRef = C76429B31C2B93FF00F34888 /* SeachVC.swift */; };
		C7A383D71C449B50008DF57F /* NewListCV.swift in Sources */ = {isa = PBXBuildFile; fileRef = C79546DD1BFEBC8F0080CD46 /* NewListCV.swift */; };
		C7A383D81C449B50008DF57F /* THActivityView.m in Sources */ = {isa = PBXBuildFile; fileRef = C79285741BEB06A400287A24 /* THActivityView.m */; };
		C7A383D91C449B50008DF57F /* MessMaster.swift in Sources */ = {isa = PBXBuildFile; fileRef = C70505101C3CC5C5007F8C72 /* MessMaster.swift */; };
		C7A383DA1C449B50008DF57F /* DataModel.swift in Sources */ = {isa = PBXBuildFile; fileRef = C79E54611BE9E47400E4A514 /* DataModel.swift */; };
		C7A383DB1C449B50008DF57F /* TimeLineInfo.swift in Sources */ = {isa = PBXBuildFile; fileRef = C77C402D1C040284005596E0 /* TimeLineInfo.swift */; };
		C7A383DC1C449B50008DF57F /* TSegmentedControl.m in Sources */ = {isa = PBXBuildFile; fileRef = C79546E41BFEC3D80080CD46 /* TSegmentedControl.m */; };
		C7A383DD1C449B50008DF57F /* OrientationTabBarControll.swift in Sources */ = {isa = PBXBuildFile; fileRef = C78509951C1FBF2600D3C7D1 /* OrientationTabBarControll.swift */; };
		C7A383DE1C449B50008DF57F /* ExhibitorMap.swift in Sources */ = {isa = PBXBuildFile; fileRef = C79880501C3221D700557880 /* ExhibitorMap.swift */; };
		C7A383DF1C449B50008DF57F /* OrderFile.swift in Sources */ = {isa = PBXBuildFile; fileRef = C7DC59901C33CD4800EFED5A /* OrderFile.swift */; };
		C7A383E01C449B50008DF57F /* UIImage+ZoomImage.m in Sources */ = {isa = PBXBuildFile; fileRef = C763D3EB1C0468FC005E3921 /* UIImage+ZoomImage.m */; };
		C7A383E11C449B50008DF57F /* WebHtml.swift in Sources */ = {isa = PBXBuildFile; fileRef = C7A9629B1BF32F01003B883A /* WebHtml.swift */; };
		C7A383E21C449B50008DF57F /* THLScrollLoadView.m in Sources */ = {isa = PBXBuildFile; fileRef = C78EA5511C1189A2007798E2 /* THLScrollLoadView.m */; };
		C7A383E31C449B50008DF57F /* EaseSDKHelper.m in Sources */ = {isa = PBXBuildFile; fileRef = C70505141C3CDF3D007F8C72 /* EaseSDKHelper.m */; };
		C7A383E41C449B50008DF57F /* NSString+ZhengZe.m in Sources */ = {isa = PBXBuildFile; fileRef = C78001C31C0EEFEA0097FD8E /* NSString+ZhengZe.m */; };
		C7A383E51C449B50008DF57F /* About.swift in Sources */ = {isa = PBXBuildFile; fileRef = C76E08EE1C09E17200AAFF7B /* About.swift */; };
		C7A383E61C449B50008DF57F /* test.m in Sources */ = {isa = PBXBuildFile; fileRef = C77E1DB01BE0ADD400B8F444 /* test.m */; };
		C7A383E71C449B50008DF57F /* ProfileSwift.swift in Sources */ = {isa = PBXBuildFile; fileRef = C77E1DB21BE0AEE600B8F444 /* ProfileSwift.swift */; };
		C7A383E81C449B50008DF57F /* NetWork.swift in Sources */ = {isa = PBXBuildFile; fileRef = C79E54641BE9FED500E4A514 /* NetWork.swift */; };
		C7A383EA1C449B50008DF57F /* libc++.tbd in Frameworks */ = {isa = PBXBuildFile; fileRef = C7848F561BFDDEDC00339623 /* libc++.tbd */; };
		C7A383EB1C449B50008DF57F /* SystemConfiguration.framework in Frameworks */ = {isa = PBXBuildFile; fileRef = C7848F4F1BFDDA0800339623 /* SystemConfiguration.framework */; };
		C7A383EC1C449B50008DF57F /* CoreTelephony.framework in Frameworks */ = {isa = PBXBuildFile; fileRef = C7848F4B1BFDD99C00339623 /* CoreTelephony.framework */; };
		C7A383ED1C449B50008DF57F /* libz.tbd in Frameworks */ = {isa = PBXBuildFile; fileRef = C7848F511BFDDA2300339623 /* libz.tbd */; };
		C7A383EE1C449B50008DF57F /* libsqlite3.0.tbd in Frameworks */ = {isa = PBXBuildFile; fileRef = C7848F4D1BFDD9D900339623 /* libsqlite3.0.tbd */; };
		C7A383EF1C449B50008DF57F /* libWeChatSDK.a in Frameworks */ = {isa = PBXBuildFile; fileRef = C7848F421BFDD8F400339623 /* libWeChatSDK.a */; };
		C7A383F01C449B50008DF57F /* libPods.a in Frameworks */ = {isa = PBXBuildFile; fileRef = 2B0B27D84BE8C3C370A017F5 /* libPods.a */; };
		C7A383F21C449B50008DF57F /* LaunchScreen.storyboard in Resources */ = {isa = PBXBuildFile; fileRef = C77E1DA51BE09EDA00B8F444 /* LaunchScreen.storyboard */; };
		C7A383F41C449B50008DF57F /* THLRefeshView_arrow@2x.png in Resources */ = {isa = PBXBuildFile; fileRef = C78EA54D1C1189A2007798E2 /* THLRefeshView_arrow@2x.png */; };
		C7A383F51C449B50008DF57F /* read_me.txt in Resources */ = {isa = PBXBuildFile; fileRef = C7848F431BFDD8F400339623 /* read_me.txt */; };
		C7A383F61C449B50008DF57F /* Main.storyboard in Resources */ = {isa = PBXBuildFile; fileRef = C77E1DA01BE09EDA00B8F444 /* Main.storyboard */; };
		C7A962991BF32354003B883A /* ProductList.swift in Sources */ = {isa = PBXBuildFile; fileRef = C7A962981BF32354003B883A /* ProductList.swift */; };
		C7A9629A1BF32354003B883A /* ProductList.swift in Sources */ = {isa = PBXBuildFile; fileRef = C7A962981BF32354003B883A /* ProductList.swift */; };
		C7A9629C1BF32F01003B883A /* WebHtml.swift in Sources */ = {isa = PBXBuildFile; fileRef = C7A9629B1BF32F01003B883A /* WebHtml.swift */; };
		C7A9629D1BF32F01003B883A /* WebHtml.swift in Sources */ = {isa = PBXBuildFile; fileRef = C7A9629B1BF32F01003B883A /* WebHtml.swift */; };
		C7AEDEDD1C05A938009C196C /* MyRegist.swift in Sources */ = {isa = PBXBuildFile; fileRef = C7AEDEDC1C05A938009C196C /* MyRegist.swift */; };
		C7AEDEDE1C05A938009C196C /* MyRegist.swift in Sources */ = {isa = PBXBuildFile; fileRef = C7AEDEDC1C05A938009C196C /* MyRegist.swift */; };
		C7AEDEE31C05C341009C196C /* MyCompany.swift in Sources */ = {isa = PBXBuildFile; fileRef = C7AEDEE21C05C341009C196C /* MyCompany.swift */; };
		C7AEDEE41C05C341009C196C /* MyCompany.swift in Sources */ = {isa = PBXBuildFile; fileRef = C7AEDEE21C05C341009C196C /* MyCompany.swift */; };
		C7C0EABC1BF09CA2004711BF /* ContactsController.swift in Sources */ = {isa = PBXBuildFile; fileRef = C7C0EABB1BF09CA2004711BF /* ContactsController.swift */; };
		C7C0EABD1BF09CA2004711BF /* ContactsController.swift in Sources */ = {isa = PBXBuildFile; fileRef = C7C0EABB1BF09CA2004711BF /* ContactsController.swift */; };
		C7C32E7A1C4904CE007A57F9 /* index.html in Resources */ = {isa = PBXBuildFile; fileRef = C7C32E781C4904CE007A57F9 /* index.html */; };
		C7C32E7B1C4904CE007A57F9 /* index.html in Resources */ = {isa = PBXBuildFile; fileRef = C7C32E781C4904CE007A57F9 /* index.html */; };
		C7C32E7C1C4904CE007A57F9 /* index.html in Resources */ = {isa = PBXBuildFile; fileRef = C7C32E781C4904CE007A57F9 /* index.html */; };
		C7C32E7D1C4904CE007A57F9 /* indexcss.css in Resources */ = {isa = PBXBuildFile; fileRef = C7C32E791C4904CE007A57F9 /* indexcss.css */; };
		C7C32E7E1C4904CE007A57F9 /* indexcss.css in Resources */ = {isa = PBXBuildFile; fileRef = C7C32E791C4904CE007A57F9 /* indexcss.css */; };
		C7C32E7F1C4904CE007A57F9 /* indexcss.css in Resources */ = {isa = PBXBuildFile; fileRef = C7C32E791C4904CE007A57F9 /* indexcss.css */; };
		C7C3C35C1C195A1E0083F3A1 /* RepeatScrollView.m in Sources */ = {isa = PBXBuildFile; fileRef = C7C3C35B1C195A1E0083F3A1 /* RepeatScrollView.m */; };
		C7C3C35D1C195A1E0083F3A1 /* RepeatScrollView.m in Sources */ = {isa = PBXBuildFile; fileRef = C7C3C35B1C195A1E0083F3A1 /* RepeatScrollView.m */; };
		C7DC59911C33CD4800EFED5A /* OrderFile.swift in Sources */ = {isa = PBXBuildFile; fileRef = C7DC59901C33CD4800EFED5A /* OrderFile.swift */; };
		C7DC59921C33CD4800EFED5A /* OrderFile.swift in Sources */ = {isa = PBXBuildFile; fileRef = C7DC59901C33CD4800EFED5A /* OrderFile.swift */; };
		C7F0AE3C1BE210C70056C06B /* ViewController.swift in Sources */ = {isa = PBXBuildFile; fileRef = C77E1D9E1BE09EDA00B8F444 /* ViewController.swift */; };
		C7F0AE3D1BE210C70056C06B /* AppDelegate.swift in Sources */ = {isa = PBXBuildFile; fileRef = C77E1D9C1BE09EDA00B8F444 /* AppDelegate.swift */; };
		C7F0AE3E1BE210C70056C06B /* test.m in Sources */ = {isa = PBXBuildFile; fileRef = C77E1DB01BE0ADD400B8F444 /* test.m */; };
		C7F0AE3F1BE210C70056C06B /* ProfileSwift.swift in Sources */ = {isa = PBXBuildFile; fileRef = C77E1DB21BE0AEE600B8F444 /* ProfileSwift.swift */; };
		C7F0AE411BE210C70056C06B /* libPods.a in Frameworks */ = {isa = PBXBuildFile; fileRef = 2B0B27D84BE8C3C370A017F5 /* libPods.a */; };
		C7F0AE431BE210C70056C06B /* LaunchScreen.storyboard in Resources */ = {isa = PBXBuildFile; fileRef = C77E1DA51BE09EDA00B8F444 /* LaunchScreen.storyboard */; };
		C7F0AE451BE210C70056C06B /* Main.storyboard in Resources */ = {isa = PBXBuildFile; fileRef = C77E1DA01BE09EDA00B8F444 /* Main.storyboard */; };
/* End PBXBuildFile section */

/* Begin PBXFileReference section */
		2B0B27D84BE8C3C370A017F5 /* libPods.a */ = {isa = PBXFileReference; explicitFileType = archive.ar; includeInIndex = 0; path = libPods.a; sourceTree = BUILT_PRODUCTS_DIR; };
		6A23C94284D64802DC2E07B8 /* Pods.release.xcconfig */ = {isa = PBXFileReference; includeInIndex = 1; lastKnownFileType = text.xcconfig; name = Pods.release.xcconfig; path = "Pods/Target Support Files/Pods/Pods.release.xcconfig"; sourceTree = "<group>"; };
		A80FDAACCEBB8A18BFE651DC /* Pods.debug.xcconfig */ = {isa = PBXFileReference; includeInIndex = 1; lastKnownFileType = text.xcconfig; name = Pods.debug.xcconfig; path = "Pods/Target Support Files/Pods/Pods.debug.xcconfig"; sourceTree = "<group>"; };
		C705050D1C3CB9F3007F8C72 /* ApplyListView.swift */ = {isa = PBXFileReference; fileEncoding = 4; lastKnownFileType = sourcecode.swift; path = ApplyListView.swift; sourceTree = "<group>"; };
		C70505101C3CC5C5007F8C72 /* MessMaster.swift */ = {isa = PBXFileReference; fileEncoding = 4; lastKnownFileType = sourcecode.swift; path = MessMaster.swift; sourceTree = "<group>"; };
		C70505131C3CDF3D007F8C72 /* EaseSDKHelper.h */ = {isa = PBXFileReference; fileEncoding = 4; lastKnownFileType = sourcecode.c.h; path = EaseSDKHelper.h; sourceTree = "<group>"; };
		C70505141C3CDF3D007F8C72 /* EaseSDKHelper.m */ = {isa = PBXFileReference; fileEncoding = 4; lastKnownFileType = sourcecode.c.objc; path = EaseSDKHelper.m; sourceTree = "<group>"; };
		C70505171C3CE03C007F8C72 /* EaseConvertToCommonEmoticonsHelper.h */ = {isa = PBXFileReference; fileEncoding = 4; lastKnownFileType = sourcecode.c.h; path = EaseConvertToCommonEmoticonsHelper.h; sourceTree = "<group>"; };
		C70505181C3CE03C007F8C72 /* EaseConvertToCommonEmoticonsHelper.m */ = {isa = PBXFileReference; fileEncoding = 4; lastKnownFileType = sourcecode.c.objc; path = EaseConvertToCommonEmoticonsHelper.m; sourceTree = "<group>"; };
		C705051B1C3CE311007F8C72 /* NSObject+EaseMob.h */ = {isa = PBXFileReference; fileEncoding = 4; lastKnownFileType = sourcecode.c.h; path = "NSObject+EaseMob.h"; sourceTree = "<group>"; };
		C705051C1C3CE311007F8C72 /* NSObject+EaseMob.m */ = {isa = PBXFileReference; fileEncoding = 4; lastKnownFileType = sourcecode.c.objc; path = "NSObject+EaseMob.m"; sourceTree = "<group>"; };
		C70505231C3D29F8007F8C72 /* MessageVC.swift */ = {isa = PBXFileReference; fileEncoding = 4; lastKnownFileType = sourcecode.swift; path = MessageVC.swift; sourceTree = "<group>"; };
		C71A3A821BF1954B0081F7E6 /* SchedulerInfo.swift */ = {isa = PBXFileReference; fileEncoding = 4; lastKnownFileType = sourcecode.swift; path = SchedulerInfo.swift; sourceTree = "<group>"; };
		C763D3E71C045FE2005E3921 /* TimeLineCommit.swift */ = {isa = PBXFileReference; fileEncoding = 4; lastKnownFileType = sourcecode.swift; path = TimeLineCommit.swift; sourceTree = "<group>"; };
		C763D3EA1C0468FC005E3921 /* UIImage+ZoomImage.h */ = {isa = PBXFileReference; fileEncoding = 4; lastKnownFileType = sourcecode.c.h; path = "UIImage+ZoomImage.h"; sourceTree = "<group>"; };
		C763D3EB1C0468FC005E3921 /* UIImage+ZoomImage.m */ = {isa = PBXFileReference; fileEncoding = 4; lastKnownFileType = sourcecode.c.objc; path = "UIImage+ZoomImage.m"; sourceTree = "<group>"; };
		C763D3EE1C049945005E3921 /* ShareCoverageView.h */ = {isa = PBXFileReference; fileEncoding = 4; lastKnownFileType = sourcecode.c.h; path = ShareCoverageView.h; sourceTree = "<group>"; };
		C763D3EF1C049945005E3921 /* ShareCoverageView.m */ = {isa = PBXFileReference; fileEncoding = 4; lastKnownFileType = sourcecode.c.objc; path = ShareCoverageView.m; sourceTree = "<group>"; };
		C76429B31C2B93FF00F34888 /* SeachVC.swift */ = {isa = PBXFileReference; fileEncoding = 4; lastKnownFileType = sourcecode.swift; path = SeachVC.swift; sourceTree = "<group>"; };
		C76A3AD41C43958A00D70A6A /* MessUserName.swift */ = {isa = PBXFileReference; fileEncoding = 4; lastKnownFileType = sourcecode.swift; path = MessUserName.swift; sourceTree = "<group>"; };
		C76E08EE1C09E17200AAFF7B /* About.swift */ = {isa = PBXFileReference; fileEncoding = 4; lastKnownFileType = sourcecode.swift; path = About.swift; sourceTree = "<group>"; };
		C773A8961C48D6B50000054D /* ExhibitorWeb.swift */ = {isa = PBXFileReference; fileEncoding = 4; lastKnownFileType = sourcecode.swift; path = ExhibitorWeb.swift; sourceTree = "<group>"; };
		C773A89A1C48EA5D0000054D /* ExhibitorAdController.h */ = {isa = PBXFileReference; fileEncoding = 4; lastKnownFileType = sourcecode.c.h; path = ExhibitorAdController.h; sourceTree = "<group>"; };
		C773A89B1C48EA5D0000054D /* ExhibitorAdController.m */ = {isa = PBXFileReference; fileEncoding = 4; lastKnownFileType = sourcecode.c.objc; path = ExhibitorAdController.m; sourceTree = "<group>"; };
		C77481081C34C33400144427 /* MyInfo.swift */ = {isa = PBXFileReference; fileEncoding = 4; lastKnownFileType = sourcecode.swift; path = MyInfo.swift; sourceTree = "<group>"; };
		C7776B411C61C410002C03B7 /* demo.js */ = {isa = PBXFileReference; fileEncoding = 4; lastKnownFileType = sourcecode.javascript; path = demo.js; sourceTree = "<group>"; };
		C779C0F71BF42D35008D625F /* LogViewController.h */ = {isa = PBXFileReference; fileEncoding = 4; lastKnownFileType = sourcecode.c.h; path = LogViewController.h; sourceTree = "<group>"; };
		C779C0F81BF42D35008D625F /* LogViewController.m */ = {isa = PBXFileReference; fileEncoding = 4; lastKnownFileType = sourcecode.c.objc; path = LogViewController.m; sourceTree = "<group>"; };
		C779C0F91BF42D35008D625F /* LogInCell.h */ = {isa = PBXFileReference; fileEncoding = 4; lastKnownFileType = sourcecode.c.h; path = LogInCell.h; sourceTree = "<group>"; };
		C779C0FA1BF42D35008D625F /* LogInCell.m */ = {isa = PBXFileReference; fileEncoding = 4; lastKnownFileType = sourcecode.c.objc; path = LogInCell.m; sourceTree = "<group>"; };
		C779C0FF1BF43917008D625F /* Singleton.swift */ = {isa = PBXFileReference; fileEncoding = 4; lastKnownFileType = sourcecode.swift; path = Singleton.swift; sourceTree = "<group>"; };
		C779C1021BF48A92008D625F /* MyFavorite.swift */ = {isa = PBXFileReference; fileEncoding = 4; lastKnownFileType = sourcecode.swift; path = MyFavorite.swift; sourceTree = "<group>"; };
		C779C1051BF48E9C008D625F /* Suggestion.swift */ = {isa = PBXFileReference; fileEncoding = 4; lastKnownFileType = sourcecode.swift; path = Suggestion.swift; sourceTree = "<group>"; };
		C779C1081BF4A72D008D625F /* ViewModel.swift */ = {isa = PBXFileReference; fileEncoding = 4; lastKnownFileType = sourcecode.swift; path = ViewModel.swift; sourceTree = "<group>"; };
		C77C14721BE8B02B00DCC670 /* ExhibitorController.swift */ = {isa = PBXFileReference; fileEncoding = 4; lastKnownFileType = sourcecode.swift; path = ExhibitorController.swift; sourceTree = "<group>"; };
		C77C402D1C040284005596E0 /* TimeLineInfo.swift */ = {isa = PBXFileReference; fileEncoding = 4; lastKnownFileType = sourcecode.swift; path = TimeLineInfo.swift; sourceTree = "<group>"; };
		C77DE1321C5B4BB500B21FE5 /* QRScanViewController.h */ = {isa = PBXFileReference; fileEncoding = 4; lastKnownFileType = sourcecode.c.h; path = QRScanViewController.h; sourceTree = "<group>"; };
		C77DE1331C5B4BB500B21FE5 /* QRScanViewController.m */ = {isa = PBXFileReference; fileEncoding = 4; lastKnownFileType = sourcecode.c.objc; path = QRScanViewController.m; sourceTree = "<group>"; };
		C77DE1361C5B4BB500B21FE5 /* QRView.h */ = {isa = PBXFileReference; fileEncoding = 4; lastKnownFileType = sourcecode.c.h; path = QRView.h; sourceTree = "<group>"; };
		C77DE1371C5B4BB500B21FE5 /* QRView.m */ = {isa = PBXFileReference; fileEncoding = 4; lastKnownFileType = sourcecode.c.objc; path = QRView.m; sourceTree = "<group>"; };
		C77E1D991BE09EDA00B8F444 /* yunzhan.app */ = {isa = PBXFileReference; explicitFileType = wrapper.application; includeInIndex = 0; path = yunzhan.app; sourceTree = BUILT_PRODUCTS_DIR; };
		C77E1D9C1BE09EDA00B8F444 /* AppDelegate.swift */ = {isa = PBXFileReference; lastKnownFileType = sourcecode.swift; path = AppDelegate.swift; sourceTree = "<group>"; };
		C77E1D9E1BE09EDA00B8F444 /* ViewController.swift */ = {isa = PBXFileReference; lastKnownFileType = sourcecode.swift; path = ViewController.swift; sourceTree = "<group>"; };
		C77E1DA11BE09EDA00B8F444 /* Base */ = {isa = PBXFileReference; lastKnownFileType = file.storyboard; name = Base; path = Base.lproj/Main.storyboard; sourceTree = "<group>"; };
		C77E1DA31BE09EDA00B8F444 /* Assets.xcassets */ = {isa = PBXFileReference; lastKnownFileType = folder.assetcatalog; path = Assets.xcassets; sourceTree = "<group>"; };
		C77E1DA61BE09EDA00B8F444 /* Base */ = {isa = PBXFileReference; lastKnownFileType = file.storyboard; name = Base; path = Base.lproj/LaunchScreen.storyboard; sourceTree = "<group>"; };
		C77E1DA81BE09EDA00B8F444 /* Info.plist */ = {isa = PBXFileReference; lastKnownFileType = text.plist.xml; path = Info.plist; sourceTree = "<group>"; };
		C77E1DAE1BE0ADD300B8F444 /* yunzhan-Bridging-Header.h */ = {isa = PBXFileReference; lastKnownFileType = sourcecode.c.h; path = "yunzhan-Bridging-Header.h"; sourceTree = "<group>"; };
		C77E1DAF1BE0ADD400B8F444 /* test.h */ = {isa = PBXFileReference; fileEncoding = 4; lastKnownFileType = sourcecode.c.h; path = test.h; sourceTree = "<group>"; };
		C77E1DB01BE0ADD400B8F444 /* test.m */ = {isa = PBXFileReference; fileEncoding = 4; lastKnownFileType = sourcecode.c.objc; path = test.m; sourceTree = "<group>"; };
		C77E1DB21BE0AEE600B8F444 /* ProfileSwift.swift */ = {isa = PBXFileReference; fileEncoding = 4; lastKnownFileType = sourcecode.swift; path = ProfileSwift.swift; sourceTree = "<group>"; };
		C77E8FA31C06DB48003832BA /* CommentScoreView.h */ = {isa = PBXFileReference; fileEncoding = 4; lastKnownFileType = sourcecode.c.h; path = CommentScoreView.h; sourceTree = "<group>"; };
		C77E8FA41C06DB48003832BA /* CommentScoreView.m */ = {isa = PBXFileReference; fileEncoding = 4; lastKnownFileType = sourcecode.c.objc; path = CommentScoreView.m; sourceTree = "<group>"; };
		C78001C21C0EEFEA0097FD8E /* NSString+ZhengZe.h */ = {isa = PBXFileReference; fileEncoding = 4; lastKnownFileType = sourcecode.c.h; path = "NSString+ZhengZe.h"; sourceTree = "<group>"; };
		C78001C31C0EEFEA0097FD8E /* NSString+ZhengZe.m */ = {isa = PBXFileReference; fileEncoding = 4; lastKnownFileType = sourcecode.c.objc; path = "NSString+ZhengZe.m"; sourceTree = "<group>"; };
		C78039851C5F44EF000AD0F9 /* JSPatchManager.swift */ = {isa = PBXFileReference; fileEncoding = 4; lastKnownFileType = sourcecode.swift; path = JSPatchManager.swift; sourceTree = "<group>"; };
		C7811B951C0C905A00E5A637 /* ZoomView.swift */ = {isa = PBXFileReference; fileEncoding = 4; lastKnownFileType = sourcecode.swift; path = ZoomView.swift; sourceTree = "<group>"; };
		C78200201BEC800F002BBDB7 /* ExhibitorInfoCV.swift */ = {isa = PBXFileReference; fileEncoding = 4; lastKnownFileType = sourcecode.swift; path = ExhibitorInfoCV.swift; sourceTree = "<group>"; };
		C7848F421BFDD8F400339623 /* libWeChatSDK.a */ = {isa = PBXFileReference; lastKnownFileType = archive.ar; path = libWeChatSDK.a; sourceTree = "<group>"; };
		C7848F431BFDD8F400339623 /* read_me.txt */ = {isa = PBXFileReference; fileEncoding = 4; lastKnownFileType = text; path = read_me.txt; sourceTree = "<group>"; };
		C7848F441BFDD8F400339623 /* WechatAuthSDK.h */ = {isa = PBXFileReference; fileEncoding = 4; lastKnownFileType = sourcecode.c.h; path = WechatAuthSDK.h; sourceTree = "<group>"; };
		C7848F451BFDD8F400339623 /* WXApi.h */ = {isa = PBXFileReference; fileEncoding = 4; lastKnownFileType = sourcecode.c.h; path = WXApi.h; sourceTree = "<group>"; };
		C7848F461BFDD8F400339623 /* WXApiObject.h */ = {isa = PBXFileReference; fileEncoding = 4; lastKnownFileType = sourcecode.c.h; path = WXApiObject.h; sourceTree = "<group>"; };
		C7848F4B1BFDD99C00339623 /* CoreTelephony.framework */ = {isa = PBXFileReference; lastKnownFileType = wrapper.framework; name = CoreTelephony.framework; path = System/Library/Frameworks/CoreTelephony.framework; sourceTree = SDKROOT; };
		C7848F4D1BFDD9D900339623 /* libsqlite3.0.tbd */ = {isa = PBXFileReference; lastKnownFileType = "sourcecode.text-based-dylib-definition"; name = libsqlite3.0.tbd; path = usr/lib/libsqlite3.0.tbd; sourceTree = SDKROOT; };
		C7848F4F1BFDDA0800339623 /* SystemConfiguration.framework */ = {isa = PBXFileReference; lastKnownFileType = wrapper.framework; name = SystemConfiguration.framework; path = System/Library/Frameworks/SystemConfiguration.framework; sourceTree = SDKROOT; };
		C7848F511BFDDA2300339623 /* libz.tbd */ = {isa = PBXFileReference; lastKnownFileType = "sourcecode.text-based-dylib-definition"; name = libz.tbd; path = usr/lib/libz.tbd; sourceTree = SDKROOT; };
		C7848F561BFDDEDC00339623 /* libc++.tbd */ = {isa = PBXFileReference; lastKnownFileType = "sourcecode.text-based-dylib-definition"; name = "libc++.tbd"; path = "usr/lib/libc++.tbd"; sourceTree = SDKROOT; };
		C784B34B1C4778790043D968 /* ExhibitorAdvertisement.swift */ = {isa = PBXFileReference; fileEncoding = 4; lastKnownFileType = sourcecode.swift; path = ExhibitorAdvertisement.swift; sourceTree = "<group>"; };
		C784B3501C47A4BB0043D968 /* ExhibitorContactVC.swift */ = {isa = PBXFileReference; fileEncoding = 4; lastKnownFileType = sourcecode.swift; path = ExhibitorContactVC.swift; sourceTree = "<group>"; };
		C78509951C1FBF2600D3C7D1 /* OrientationTabBarControll.swift */ = {isa = PBXFileReference; fileEncoding = 4; lastKnownFileType = sourcecode.swift; path = OrientationTabBarControll.swift; sourceTree = "<group>"; };
		C78CB3721C7D9CF400EBE76A /* ScoreVC.swift */ = {isa = PBXFileReference; fileEncoding = 4; lastKnownFileType = sourcecode.swift; path = ScoreVC.swift; sourceTree = "<group>"; };
		C78EA54D1C1189A2007798E2 /* THLRefeshView_arrow@2x.png */ = {isa = PBXFileReference; lastKnownFileType = image.png; path = "THLRefeshView_arrow@2x.png"; sourceTree = "<group>"; };
		C78EA54E1C1189A2007798E2 /* THLRefreshView.h */ = {isa = PBXFileReference; fileEncoding = 4; lastKnownFileType = sourcecode.c.h; path = THLRefreshView.h; sourceTree = "<group>"; };
		C78EA54F1C1189A2007798E2 /* THLRefreshView.m */ = {isa = PBXFileReference; fileEncoding = 4; lastKnownFileType = sourcecode.c.objc; path = THLRefreshView.m; sourceTree = "<group>"; };
		C78EA5501C1189A2007798E2 /* THLScrollLoadView.h */ = {isa = PBXFileReference; fileEncoding = 4; lastKnownFileType = sourcecode.c.h; path = THLScrollLoadView.h; sourceTree = "<group>"; };
		C78EA5511C1189A2007798E2 /* THLScrollLoadView.m */ = {isa = PBXFileReference; fileEncoding = 4; lastKnownFileType = sourcecode.c.objc; path = THLScrollLoadView.m; sourceTree = "<group>"; };
		C79285701BEAF65B00287A24 /* NewsView.swift */ = {isa = PBXFileReference; fileEncoding = 4; lastKnownFileType = sourcecode.swift; path = NewsView.swift; sourceTree = "<group>"; };
		C79285731BEB06A400287A24 /* THActivityView.h */ = {isa = PBXFileReference; fileEncoding = 4; lastKnownFileType = sourcecode.c.h; path = THActivityView.h; sourceTree = "<group>"; };
		C79285741BEB06A400287A24 /* THActivityView.m */ = {isa = PBXFileReference; fileEncoding = 4; lastKnownFileType = sourcecode.c.objc; path = THActivityView.m; sourceTree = "<group>"; };
		C79285771BEB322700287A24 /* SettingController.swift */ = {isa = PBXFileReference; fileEncoding = 4; lastKnownFileType = sourcecode.swift; path = SettingController.swift; sourceTree = "<group>"; };
		C79531B31C44F83D00270DD8 /* NavgationBar.swift */ = {isa = PBXFileReference; fileEncoding = 4; lastKnownFileType = sourcecode.swift; path = NavgationBar.swift; sourceTree = "<group>"; };
		C79546DD1BFEBC8F0080CD46 /* NewListCV.swift */ = {isa = PBXFileReference; fileEncoding = 4; lastKnownFileType = sourcecode.swift; path = NewListCV.swift; sourceTree = "<group>"; };
		C79546E01BFEBCE30080CD46 /* TimeLineVC.swift */ = {isa = PBXFileReference; fileEncoding = 4; lastKnownFileType = sourcecode.swift; path = TimeLineVC.swift; sourceTree = "<group>"; };
		C79546E31BFEC3D80080CD46 /* TSegmentedControl.h */ = {isa = PBXFileReference; fileEncoding = 4; lastKnownFileType = sourcecode.c.h; path = TSegmentedControl.h; sourceTree = "<group>"; };
		C79546E41BFEC3D80080CD46 /* TSegmentedControl.m */ = {isa = PBXFileReference; fileEncoding = 4; lastKnownFileType = sourcecode.c.objc; path = TSegmentedControl.m; sourceTree = "<group>"; };
		C79880501C3221D700557880 /* ExhibitorMap.swift */ = {isa = PBXFileReference; fileEncoding = 4; lastKnownFileType = sourcecode.swift; path = ExhibitorMap.swift; sourceTree = "<group>"; };
		C79E545B1BE9B79100E4A514 /* Scheduler.swift */ = {isa = PBXFileReference; fileEncoding = 4; lastKnownFileType = sourcecode.swift; path = Scheduler.swift; sourceTree = "<group>"; };
		C79E545E1BE9DCB800E4A514 /* RootCollectionCells.swift */ = {isa = PBXFileReference; fileEncoding = 4; lastKnownFileType = sourcecode.swift; path = RootCollectionCells.swift; sourceTree = "<group>"; };
		C79E54611BE9E47400E4A514 /* DataModel.swift */ = {isa = PBXFileReference; fileEncoding = 4; lastKnownFileType = sourcecode.swift; path = DataModel.swift; sourceTree = "<group>"; };
		C79E54641BE9FED500E4A514 /* NetWork.swift */ = {isa = PBXFileReference; fileEncoding = 4; lastKnownFileType = sourcecode.swift; path = NetWork.swift; sourceTree = "<group>"; };
		C79E54671BEA2C6500E4A514 /* zh-Hans */ = {isa = PBXFileReference; lastKnownFileType = text.plist.strings; name = "zh-Hans"; path = "zh-Hans.lproj/Main.strings"; sourceTree = "<group>"; };
		C79E54681BEA2C6500E4A514 /* zh-Hans */ = {isa = PBXFileReference; lastKnownFileType = text.plist.strings; name = "zh-Hans"; path = "zh-Hans.lproj/LaunchScreen.strings"; sourceTree = "<group>"; };
		C7A383FB1C449B50008DF57F /* yunzhan_internal.app */ = {isa = PBXFileReference; explicitFileType = wrapper.application; includeInIndex = 0; path = yunzhan_internal.app; sourceTree = BUILT_PRODUCTS_DIR; };
		C7A383FC1C449B51008DF57F /* yunzhan copy copy-Info.plist */ = {isa = PBXFileReference; lastKnownFileType = text.plist.xml; name = "yunzhan copy copy-Info.plist"; path = "/Users/taohailong/Desktop/yunzhan/yunzhan copy copy-Info.plist"; sourceTree = "<absolute>"; };
		C7A962981BF32354003B883A /* ProductList.swift */ = {isa = PBXFileReference; fileEncoding = 4; lastKnownFileType = sourcecode.swift; path = ProductList.swift; sourceTree = "<group>"; };
		C7A9629B1BF32F01003B883A /* WebHtml.swift */ = {isa = PBXFileReference; fileEncoding = 4; lastKnownFileType = sourcecode.swift; path = WebHtml.swift; sourceTree = "<group>"; };
		C7AEDEDC1C05A938009C196C /* MyRegist.swift */ = {isa = PBXFileReference; fileEncoding = 4; lastKnownFileType = sourcecode.swift; path = MyRegist.swift; sourceTree = "<group>"; };
		C7AEDEE21C05C341009C196C /* MyCompany.swift */ = {isa = PBXFileReference; fileEncoding = 4; lastKnownFileType = sourcecode.swift; path = MyCompany.swift; sourceTree = "<group>"; };
		C7C0EABB1BF09CA2004711BF /* ContactsController.swift */ = {isa = PBXFileReference; fileEncoding = 4; lastKnownFileType = sourcecode.swift; path = ContactsController.swift; sourceTree = "<group>"; };
		C7C32E781C4904CE007A57F9 /* index.html */ = {isa = PBXFileReference; fileEncoding = 4; lastKnownFileType = text.html; path = index.html; sourceTree = "<group>"; };
		C7C32E791C4904CE007A57F9 /* indexcss.css */ = {isa = PBXFileReference; fileEncoding = 4; lastKnownFileType = text.css; path = indexcss.css; sourceTree = "<group>"; };
		C7C3C35A1C195A1E0083F3A1 /* RepeatScrollView.h */ = {isa = PBXFileReference; fileEncoding = 4; lastKnownFileType = sourcecode.c.h; path = RepeatScrollView.h; sourceTree = "<group>"; };
		C7C3C35B1C195A1E0083F3A1 /* RepeatScrollView.m */ = {isa = PBXFileReference; fileEncoding = 4; lastKnownFileType = sourcecode.c.objc; path = RepeatScrollView.m; sourceTree = "<group>"; };
		C7DC59901C33CD4800EFED5A /* OrderFile.swift */ = {isa = PBXFileReference; fileEncoding = 4; lastKnownFileType = sourcecode.swift; path = OrderFile.swift; sourceTree = "<group>"; };
		C7F0AE4A1BE210C70056C06B /* yunzhan_external.app */ = {isa = PBXFileReference; explicitFileType = wrapper.application; includeInIndex = 0; path = yunzhan_external.app; sourceTree = BUILT_PRODUCTS_DIR; };
		C7F0AE4B1BE210C80056C06B /* yunzhan copy-Info.plist */ = {isa = PBXFileReference; lastKnownFileType = text.plist.xml; name = "yunzhan copy-Info.plist"; path = "/Users/taohailong/Desktop/yunzhan/yunzhan copy-Info.plist"; sourceTree = "<absolute>"; };
/* End PBXFileReference section */

/* Begin PBXFrameworksBuildPhase section */
		C77E1D961BE09EDA00B8F444 /* Frameworks */ = {
			isa = PBXFrameworksBuildPhase;
			buildActionMask = 2147483647;
			files = (
				C7848F571BFDDEDC00339623 /* libc++.tbd in Frameworks */,
				C7848F551BFDDEC400339623 /* SystemConfiguration.framework in Frameworks */,
				C7848F521BFDDA2300339623 /* libz.tbd in Frameworks */,
				C7848F4E1BFDD9D900339623 /* libsqlite3.0.tbd in Frameworks */,
				C7848F4C1BFDD99C00339623 /* CoreTelephony.framework in Frameworks */,
				C7848F471BFDD8F400339623 /* libWeChatSDK.a in Frameworks */,
				992C42617DC41C9282A5E10D /* libPods.a in Frameworks */,
			);
			runOnlyForDeploymentPostprocessing = 0;
		};
		C7A383E91C449B50008DF57F /* Frameworks */ = {
			isa = PBXFrameworksBuildPhase;
			buildActionMask = 2147483647;
			files = (
				C7A383EA1C449B50008DF57F /* libc++.tbd in Frameworks */,
				C7A383EB1C449B50008DF57F /* SystemConfiguration.framework in Frameworks */,
				C7A383EC1C449B50008DF57F /* CoreTelephony.framework in Frameworks */,
				C7A383ED1C449B50008DF57F /* libz.tbd in Frameworks */,
				C7A383EE1C449B50008DF57F /* libsqlite3.0.tbd in Frameworks */,
				C7A383EF1C449B50008DF57F /* libWeChatSDK.a in Frameworks */,
				C7A383F01C449B50008DF57F /* libPods.a in Frameworks */,
			);
			runOnlyForDeploymentPostprocessing = 0;
		};
		C7F0AE401BE210C70056C06B /* Frameworks */ = {
			isa = PBXFrameworksBuildPhase;
			buildActionMask = 2147483647;
			files = (
				C79546E91BFF0DCF0080CD46 /* libc++.tbd in Frameworks */,
				C79546E81BFF0D730080CD46 /* SystemConfiguration.framework in Frameworks */,
				C79546E71BFF0D0A0080CD46 /* CoreTelephony.framework in Frameworks */,
				C7848F541BFDDA4500339623 /* libz.tbd in Frameworks */,
				C7848F531BFDDA3900339623 /* libsqlite3.0.tbd in Frameworks */,
				C7848F481BFDD8F400339623 /* libWeChatSDK.a in Frameworks */,
				C7F0AE411BE210C70056C06B /* libPods.a in Frameworks */,
			);
			runOnlyForDeploymentPostprocessing = 0;
		};
/* End PBXFrameworksBuildPhase section */

/* Begin PBXGroup section */
		252D83792F6B9EBF98BA1FF7 /* Frameworks */ = {
			isa = PBXGroup;
			children = (
				C7848F561BFDDEDC00339623 /* libc++.tbd */,
				C7848F511BFDDA2300339623 /* libz.tbd */,
				C7848F4F1BFDDA0800339623 /* SystemConfiguration.framework */,
				C7848F4D1BFDD9D900339623 /* libsqlite3.0.tbd */,
				C7848F4B1BFDD99C00339623 /* CoreTelephony.framework */,
				2B0B27D84BE8C3C370A017F5 /* libPods.a */,
			);
			name = Frameworks;
			sourceTree = "<group>";
		};
		96612ED2F7C5668E58A93B9A /* Pods */ = {
			isa = PBXGroup;
			children = (
				A80FDAACCEBB8A18BFE651DC /* Pods.debug.xcconfig */,
				6A23C94284D64802DC2E07B8 /* Pods.release.xcconfig */,
			);
			name = Pods;
			sourceTree = "<group>";
		};
		C70505081C3CB50A007F8C72 /* huanxin */ = {
			isa = PBXGroup;
			children = (
				C70505101C3CC5C5007F8C72 /* MessMaster.swift */,
				C76A3AD41C43958A00D70A6A /* MessUserName.swift */,
				C705050D1C3CB9F3007F8C72 /* ApplyListView.swift */,
				C70505231C3D29F8007F8C72 /* MessageVC.swift */,
				C70505131C3CDF3D007F8C72 /* EaseSDKHelper.h */,
				C70505141C3CDF3D007F8C72 /* EaseSDKHelper.m */,
				C705051B1C3CE311007F8C72 /* NSObject+EaseMob.h */,
				C705051C1C3CE311007F8C72 /* NSObject+EaseMob.m */,
				C70505171C3CE03C007F8C72 /* EaseConvertToCommonEmoticonsHelper.h */,
				C70505181C3CE03C007F8C72 /* EaseConvertToCommonEmoticonsHelper.m */,
			);
			path = huanxin;
			sourceTree = "<group>";
		};
		C77DE1311C5B4BB500B21FE5 /* QR */ = {
			isa = PBXGroup;
			children = (
				C77DE1321C5B4BB500B21FE5 /* QRScanViewController.h */,
				C77DE1331C5B4BB500B21FE5 /* QRScanViewController.m */,
				C77DE1361C5B4BB500B21FE5 /* QRView.h */,
				C77DE1371C5B4BB500B21FE5 /* QRView.m */,
			);
			path = QR;
			sourceTree = "<group>";
		};
		C77E1D901BE09EDA00B8F444 = {
			isa = PBXGroup;
			children = (
				C77E1D9B1BE09EDA00B8F444 /* yunzhan */,
				C77E1D9A1BE09EDA00B8F444 /* Products */,
				96612ED2F7C5668E58A93B9A /* Pods */,
				252D83792F6B9EBF98BA1FF7 /* Frameworks */,
				C7F0AE4B1BE210C80056C06B /* yunzhan copy-Info.plist */,
				C7A383FC1C449B51008DF57F /* yunzhan copy copy-Info.plist */,
			);
			sourceTree = "<group>";
		};
		C77E1D9A1BE09EDA00B8F444 /* Products */ = {
			isa = PBXGroup;
			children = (
				C77E1D991BE09EDA00B8F444 /* yunzhan.app */,
				C7F0AE4A1BE210C70056C06B /* yunzhan_external.app */,
				C7A383FB1C449B50008DF57F /* yunzhan_internal.app */,
			);
			name = Products;
			sourceTree = "<group>";
		};
		C77E1D9B1BE09EDA00B8F444 /* yunzhan */ = {
			isa = PBXGroup;
			children = (
				C78039841C5F44BB000AD0F9 /* JSPatch */,
				C7B0390D1C4650A600F5FBD5 /* firstTabBar */,
				C77E1D9C1BE09EDA00B8F444 /* AppDelegate.swift */,
				C78509951C1FBF2600D3C7D1 /* OrientationTabBarControll.swift */,
				C7811B951C0C905A00E5A637 /* ZoomView.swift */,
				C77481081C34C33400144427 /* MyInfo.swift */,
				C76429B31C2B93FF00F34888 /* SeachVC.swift */,
				C7AEDEDC1C05A938009C196C /* MyRegist.swift */,
				C7AEDEE21C05C341009C196C /* MyCompany.swift */,
				C779C1021BF48A92008D625F /* MyFavorite.swift */,
				C7A962981BF32354003B883A /* ProductList.swift */,
				C7A9629B1BF32F01003B883A /* WebHtml.swift */,
				C79E54641BE9FED500E4A514 /* NetWork.swift */,
				C7DC59901C33CD4800EFED5A /* OrderFile.swift */,
				C79880501C3221D700557880 /* ExhibitorMap.swift */,
				C79E54611BE9E47400E4A514 /* DataModel.swift */,
				C78CB3721C7D9CF400EBE76A /* ScoreVC.swift */,
				C7C0EABB1BF09CA2004711BF /* ContactsController.swift */,
				C779C0FF1BF43917008D625F /* Singleton.swift */,
				C779C1051BF48E9C008D625F /* Suggestion.swift */,
				C779C1081BF4A72D008D625F /* ViewModel.swift */,
				C77E1DAF1BE0ADD400B8F444 /* test.h */,
				C77E1DB01BE0ADD400B8F444 /* test.m */,
				C779C0F71BF42D35008D625F /* LogViewController.h */,
				C779C0F81BF42D35008D625F /* LogViewController.m */,
				C779C0F91BF42D35008D625F /* LogInCell.h */,
				C779C0FA1BF42D35008D625F /* LogInCell.m */,
				C77DE1311C5B4BB500B21FE5 /* QR */,
				C784B34F1C47788A0043D968 /* ExhibitorAdvertisement */,
				C7B0390F1C4651D700F5FBD5 /* configure */,
				C79531B21C44F50800270DD8 /* swizze */,
				C70505081C3CB50A007F8C72 /* huanxin */,
				C78EA54C1C1189A2007798E2 /* THLScrollRefreshLoad */,
				C7848F411BFDD8F400339623 /* weixin */,
				C77E1DA01BE09EDA00B8F444 /* Main.storyboard */,
				C77E1DA31BE09EDA00B8F444 /* Assets.xcassets */,
				C77E1DA51BE09EDA00B8F444 /* LaunchScreen.storyboard */,
				C77E1DA81BE09EDA00B8F444 /* Info.plist */,
				C77E1DAE1BE0ADD300B8F444 /* yunzhan-Bridging-Header.h */,
			);
			path = yunzhan;
			sourceTree = "<group>";
		};
		C78039841C5F44BB000AD0F9 /* JSPatch */ = {
			isa = PBXGroup;
			children = (
				C78039851C5F44EF000AD0F9 /* JSPatchManager.swift */,
				C7776B411C61C410002C03B7 /* demo.js */,
			);
			path = JSPatch;
			sourceTree = SOURCE_ROOT;
		};
		C7848F411BFDD8F400339623 /* weixin */ = {
			isa = PBXGroup;
			children = (
				C7848F421BFDD8F400339623 /* libWeChatSDK.a */,
				C7848F431BFDD8F400339623 /* read_me.txt */,
				C7848F441BFDD8F400339623 /* WechatAuthSDK.h */,
				C7848F451BFDD8F400339623 /* WXApi.h */,
				C7848F461BFDD8F400339623 /* WXApiObject.h */,
			);
			path = weixin;
			sourceTree = SOURCE_ROOT;
		};
		C784B34F1C47788A0043D968 /* ExhibitorAdvertisement */ = {
			isa = PBXGroup;
			children = (
				C7C32E771C4904CE007A57F9 /* html */,
				C784B34B1C4778790043D968 /* ExhibitorAdvertisement.swift */,
				C784B3501C47A4BB0043D968 /* ExhibitorContactVC.swift */,
				C773A8961C48D6B50000054D /* ExhibitorWeb.swift */,
				C773A89A1C48EA5D0000054D /* ExhibitorAdController.h */,
				C773A89B1C48EA5D0000054D /* ExhibitorAdController.m */,
			);
			name = ExhibitorAdvertisement;
			sourceTree = "<group>";
		};
		C78EA54C1C1189A2007798E2 /* THLScrollRefreshLoad */ = {
			isa = PBXGroup;
			children = (
				C78EA54D1C1189A2007798E2 /* THLRefeshView_arrow@2x.png */,
				C78EA54E1C1189A2007798E2 /* THLRefreshView.h */,
				C78EA54F1C1189A2007798E2 /* THLRefreshView.m */,
				C78EA5501C1189A2007798E2 /* THLScrollLoadView.h */,
				C78EA5511C1189A2007798E2 /* THLScrollLoadView.m */,
			);
			path = THLScrollRefreshLoad;
			sourceTree = SOURCE_ROOT;
		};
		C79531B21C44F50800270DD8 /* swizze */ = {
			isa = PBXGroup;
			children = (
				C79531B31C44F83D00270DD8 /* NavgationBar.swift */,
			);
			name = swizze;
			sourceTree = "<group>";
		};
		C7B0390D1C4650A600F5FBD5 /* firstTabBar */ = {
			isa = PBXGroup;
			children = (
				C77E1D9E1BE09EDA00B8F444 /* ViewController.swift */,
				C79E545E1BE9DCB800E4A514 /* RootCollectionCells.swift */,
				C77C14721BE8B02B00DCC670 /* ExhibitorController.swift */,
				C78200201BEC800F002BBDB7 /* ExhibitorInfoCV.swift */,
				C79285701BEAF65B00287A24 /* NewsView.swift */,
				C79546DD1BFEBC8F0080CD46 /* NewListCV.swift */,
				C79546E01BFEBCE30080CD46 /* TimeLineVC.swift */,
				C77C402D1C040284005596E0 /* TimeLineInfo.swift */,
				C763D3E71C045FE2005E3921 /* TimeLineCommit.swift */,
				C79E545B1BE9B79100E4A514 /* Scheduler.swift */,
				C71A3A821BF1954B0081F7E6 /* SchedulerInfo.swift */,
				C79285771BEB322700287A24 /* SettingController.swift */,
				C76E08EE1C09E17200AAFF7B /* About.swift */,
			);
			name = firstTabBar;
			sourceTree = "<group>";
		};
		C7B0390F1C4651D700F5FBD5 /* configure */ = {
			isa = PBXGroup;
			children = (
				C763D3EA1C0468FC005E3921 /* UIImage+ZoomImage.h */,
				C763D3EB1C0468FC005E3921 /* UIImage+ZoomImage.m */,
				C7C3C35A1C195A1E0083F3A1 /* RepeatScrollView.h */,
				C7C3C35B1C195A1E0083F3A1 /* RepeatScrollView.m */,
				C79285731BEB06A400287A24 /* THActivityView.h */,
				C79285741BEB06A400287A24 /* THActivityView.m */,
				C78001C21C0EEFEA0097FD8E /* NSString+ZhengZe.h */,
				C78001C31C0EEFEA0097FD8E /* NSString+ZhengZe.m */,
				C79546E31BFEC3D80080CD46 /* TSegmentedControl.h */,
				C79546E41BFEC3D80080CD46 /* TSegmentedControl.m */,
				C763D3EE1C049945005E3921 /* ShareCoverageView.h */,
				C763D3EF1C049945005E3921 /* ShareCoverageView.m */,
				C77E8FA31C06DB48003832BA /* CommentScoreView.h */,
				C77E8FA41C06DB48003832BA /* CommentScoreView.m */,
				C77E1DB21BE0AEE600B8F444 /* ProfileSwift.swift */,
			);
			name = configure;
			sourceTree = "<group>";
		};
		C7C32E771C4904CE007A57F9 /* html */ = {
			isa = PBXGroup;
			children = (
				C7C32E781C4904CE007A57F9 /* index.html */,
				C7C32E791C4904CE007A57F9 /* indexcss.css */,
			);
			path = html;
			sourceTree = "<group>";
		};
/* End PBXGroup section */

/* Begin PBXNativeTarget section */
		C77E1D981BE09EDA00B8F444 /* yunzhan */ = {
			isa = PBXNativeTarget;
			buildConfigurationList = C77E1DAB1BE09EDA00B8F444 /* Build configuration list for PBXNativeTarget "yunzhan" */;
			buildPhases = (
				197D1148D1FBD8C9A8C7225E /* Check Pods Manifest.lock */,
				C77E1D951BE09EDA00B8F444 /* Sources */,
				C77E1D961BE09EDA00B8F444 /* Frameworks */,
				C77E1D971BE09EDA00B8F444 /* Resources */,
				7DFB7D40B42D62A48920F70E /* Copy Pods Resources */,
			);
			buildRules = (
			);
			dependencies = (
			);
			name = yunzhan;
			productName = yunzhan;
			productReference = C77E1D991BE09EDA00B8F444 /* yunzhan.app */;
			productType = "com.apple.product-type.application";
		};
		C7A383B31C449B50008DF57F /* yunzhan_internal */ = {
			isa = PBXNativeTarget;
			buildConfigurationList = C7A383F81C449B50008DF57F /* Build configuration list for PBXNativeTarget "yunzhan_internal" */;
			buildPhases = (
				C7A383B41C449B50008DF57F /* Check Pods Manifest.lock */,
				C7A383B51C449B50008DF57F /* Sources */,
				C7A383E91C449B50008DF57F /* Frameworks */,
				C7A383F11C449B50008DF57F /* Resources */,
				C7A383F71C449B50008DF57F /* Copy Pods Resources */,
			);
			buildRules = (
			);
			dependencies = (
			);
			name = yunzhan_internal;
			productName = yunzhan;
			productReference = C7A383FB1C449B50008DF57F /* yunzhan_internal.app */;
			productType = "com.apple.product-type.application";
		};
		C7F0AE391BE210C70056C06B /* yunzhan_external */ = {
			isa = PBXNativeTarget;
			buildConfigurationList = C7F0AE471BE210C70056C06B /* Build configuration list for PBXNativeTarget "yunzhan_external" */;
			buildPhases = (
				C7F0AE3A1BE210C70056C06B /* Check Pods Manifest.lock */,
				C7F0AE3B1BE210C70056C06B /* Sources */,
				C7F0AE401BE210C70056C06B /* Frameworks */,
				C7F0AE421BE210C70056C06B /* Resources */,
				C7F0AE461BE210C70056C06B /* Copy Pods Resources */,
			);
			buildRules = (
			);
			dependencies = (
			);
			name = yunzhan_external;
			productName = yunzhan;
			productReference = C7F0AE4A1BE210C70056C06B /* yunzhan_external.app */;
			productType = "com.apple.product-type.application";
		};
/* End PBXNativeTarget section */

/* Begin PBXProject section */
		C77E1D911BE09EDA00B8F444 /* Project object */ = {
			isa = PBXProject;
			attributes = {
				LastSwiftUpdateCheck = 0710;
				LastUpgradeCheck = 0710;
				ORGANIZATIONNAME = miaomiao;
				TargetAttributes = {
					C77E1D981BE09EDA00B8F444 = {
						CreatedOnToolsVersion = 7.1;
						DevelopmentTeam = F86GF7VY4V;
					};
					C7A383B31C449B50008DF57F = {
						DevelopmentTeam = 9AEZ3GF9PF;
					};
					C7F0AE391BE210C70056C06B = {
						DevelopmentTeam = 9AEZ3GF9PF;
					};
				};
			};
			buildConfigurationList = C77E1D941BE09EDA00B8F444 /* Build configuration list for PBXProject "yunzhan" */;
			compatibilityVersion = "Xcode 3.2";
			developmentRegion = English;
			hasScannedForEncodings = 0;
			knownRegions = (
				en,
				Base,
			);
			mainGroup = C77E1D901BE09EDA00B8F444;
			productRefGroup = C77E1D9A1BE09EDA00B8F444 /* Products */;
			projectDirPath = "";
			projectRoot = "";
			targets = (
				C77E1D981BE09EDA00B8F444 /* yunzhan */,
				C7F0AE391BE210C70056C06B /* yunzhan_external */,
				C7A383B31C449B50008DF57F /* yunzhan_internal */,
			);
		};
/* End PBXProject section */

/* Begin PBXResourcesBuildPhase section */
		C77E1D971BE09EDA00B8F444 /* Resources */ = {
			isa = PBXResourcesBuildPhase;
			buildActionMask = 2147483647;
			files = (
				C77E1DA71BE09EDA00B8F444 /* LaunchScreen.storyboard in Resources */,
				C7C32E7D1C4904CE007A57F9 /* indexcss.css in Resources */,
				C78EA5521C1189A2007798E2 /* THLRefeshView_arrow@2x.png in Resources */,
				C7C32E7A1C4904CE007A57F9 /* index.html in Resources */,
				C79E40371C4CABD400CF21E1 /* Assets.xcassets in Resources */,
				C7848F491BFDD8F400339623 /* read_me.txt in Resources */,
				C77E1DA21BE09EDA00B8F444 /* Main.storyboard in Resources */,
				C7776B421C61C410002C03B7 /* demo.js in Resources */,
			);
			runOnlyForDeploymentPostprocessing = 0;
		};
		C7A383F11C449B50008DF57F /* Resources */ = {
			isa = PBXResourcesBuildPhase;
			buildActionMask = 2147483647;
			files = (
				C7A383F21C449B50008DF57F /* LaunchScreen.storyboard in Resources */,
				C7C32E7F1C4904CE007A57F9 /* indexcss.css in Resources */,
				C7A383F41C449B50008DF57F /* THLRefeshView_arrow@2x.png in Resources */,
				C7C32E7C1C4904CE007A57F9 /* index.html in Resources */,
				C79E40381C4CABD500CF21E1 /* Assets.xcassets in Resources */,
				C7A383F51C449B50008DF57F /* read_me.txt in Resources */,
				C7A383F61C449B50008DF57F /* Main.storyboard in Resources */,
				C7776B441C61C410002C03B7 /* demo.js in Resources */,
			);
			runOnlyForDeploymentPostprocessing = 0;
		};
		C7F0AE421BE210C70056C06B /* Resources */ = {
			isa = PBXResourcesBuildPhase;
			buildActionMask = 2147483647;
			files = (
				C7F0AE431BE210C70056C06B /* LaunchScreen.storyboard in Resources */,
				C7C32E7E1C4904CE007A57F9 /* indexcss.css in Resources */,
				C78EA5531C1189A2007798E2 /* THLRefeshView_arrow@2x.png in Resources */,
				C7C32E7B1C4904CE007A57F9 /* index.html in Resources */,
				C79E40391C4CABE700CF21E1 /* Assets.xcassets in Resources */,
				C7848F4A1BFDD8F400339623 /* read_me.txt in Resources */,
				C7F0AE451BE210C70056C06B /* Main.storyboard in Resources */,
				C7776B431C61C410002C03B7 /* demo.js in Resources */,
			);
			runOnlyForDeploymentPostprocessing = 0;
		};
/* End PBXResourcesBuildPhase section */

/* Begin PBXShellScriptBuildPhase section */
		197D1148D1FBD8C9A8C7225E /* Check Pods Manifest.lock */ = {
			isa = PBXShellScriptBuildPhase;
			buildActionMask = 2147483647;
			files = (
			);
			inputPaths = (
			);
			name = "Check Pods Manifest.lock";
			outputPaths = (
			);
			runOnlyForDeploymentPostprocessing = 0;
			shellPath = /bin/sh;
			shellScript = "diff \"${PODS_ROOT}/../Podfile.lock\" \"${PODS_ROOT}/Manifest.lock\" > /dev/null\nif [[ $? != 0 ]] ; then\n    cat << EOM\nerror: The sandbox is not in sync with the Podfile.lock. Run 'pod install' or update your CocoaPods installation.\nEOM\n    exit 1\nfi\n";
			showEnvVarsInLog = 0;
		};
		7DFB7D40B42D62A48920F70E /* Copy Pods Resources */ = {
			isa = PBXShellScriptBuildPhase;
			buildActionMask = 2147483647;
			files = (
			);
			inputPaths = (
			);
			name = "Copy Pods Resources";
			outputPaths = (
			);
			runOnlyForDeploymentPostprocessing = 0;
			shellPath = /bin/sh;
			shellScript = "\"${SRCROOT}/Pods/Target Support Files/Pods/Pods-resources.sh\"\n";
			showEnvVarsInLog = 0;
		};
		C7A383B41C449B50008DF57F /* Check Pods Manifest.lock */ = {
			isa = PBXShellScriptBuildPhase;
			buildActionMask = 2147483647;
			files = (
			);
			inputPaths = (
			);
			name = "Check Pods Manifest.lock";
			outputPaths = (
			);
			runOnlyForDeploymentPostprocessing = 0;
			shellPath = /bin/sh;
			shellScript = "diff \"${PODS_ROOT}/../Podfile.lock\" \"${PODS_ROOT}/Manifest.lock\" > /dev/null\nif [[ $? != 0 ]] ; then\n    cat << EOM\nerror: The sandbox is not in sync with the Podfile.lock. Run 'pod install' or update your CocoaPods installation.\nEOM\n    exit 1\nfi\n";
			showEnvVarsInLog = 0;
		};
		C7A383F71C449B50008DF57F /* Copy Pods Resources */ = {
			isa = PBXShellScriptBuildPhase;
			buildActionMask = 2147483647;
			files = (
			);
			inputPaths = (
			);
			name = "Copy Pods Resources";
			outputPaths = (
			);
			runOnlyForDeploymentPostprocessing = 0;
			shellPath = /bin/sh;
			shellScript = "\"${SRCROOT}/Pods/Target Support Files/Pods/Pods-resources.sh\"\n";
			showEnvVarsInLog = 0;
		};
		C7F0AE3A1BE210C70056C06B /* Check Pods Manifest.lock */ = {
			isa = PBXShellScriptBuildPhase;
			buildActionMask = 2147483647;
			files = (
			);
			inputPaths = (
			);
			name = "Check Pods Manifest.lock";
			outputPaths = (
			);
			runOnlyForDeploymentPostprocessing = 0;
			shellPath = /bin/sh;
			shellScript = "diff \"${PODS_ROOT}/../Podfile.lock\" \"${PODS_ROOT}/Manifest.lock\" > /dev/null\nif [[ $? != 0 ]] ; then\n    cat << EOM\nerror: The sandbox is not in sync with the Podfile.lock. Run 'pod install' or update your CocoaPods installation.\nEOM\n    exit 1\nfi\n";
			showEnvVarsInLog = 0;
		};
		C7F0AE461BE210C70056C06B /* Copy Pods Resources */ = {
			isa = PBXShellScriptBuildPhase;
			buildActionMask = 2147483647;
			files = (
			);
			inputPaths = (
			);
			name = "Copy Pods Resources";
			outputPaths = (
			);
			runOnlyForDeploymentPostprocessing = 0;
			shellPath = /bin/sh;
			shellScript = "\"${SRCROOT}/Pods/Target Support Files/Pods/Pods-resources.sh\"\n";
			showEnvVarsInLog = 0;
		};
/* End PBXShellScriptBuildPhase section */

/* Begin PBXSourcesBuildPhase section */
		C77E1D951BE09EDA00B8F444 /* Sources */ = {
			isa = PBXSourcesBuildPhase;
			buildActionMask = 2147483647;
			files = (
				C705051D1C3CE311007F8C72 /* NSObject+EaseMob.m in Sources */,
				C79531B41C44F83D00270DD8 /* NavgationBar.swift in Sources */,
				C77C14731BE8B02B00DCC670 /* ExhibitorController.swift in Sources */,
				C779C1061BF48E9C008D625F /* Suggestion.swift in Sources */,
				C779C1001BF43917008D625F /* Singleton.swift in Sources */,
				C7811B961C0C905A00E5A637 /* ZoomView.swift in Sources */,
				C7A9629C1BF32F01003B883A /* WebHtml.swift in Sources */,
				C70505191C3CE03C007F8C72 /* EaseConvertToCommonEmoticonsHelper.m in Sources */,
				C773A8971C48D6B50000054D /* ExhibitorWeb.swift in Sources */,
				C77481091C34C33400144427 /* MyInfo.swift in Sources */,
				C78EA5541C1189A2007798E2 /* THLRefreshView.m in Sources */,
				C7C0EABC1BF09CA2004711BF /* ContactsController.swift in Sources */,
				C7AEDEDD1C05A938009C196C /* MyRegist.swift in Sources */,
				C779C1091BF4A72D008D625F /* ViewModel.swift in Sources */,
				C7AEDEE31C05C341009C196C /* MyCompany.swift in Sources */,
				C79E545C1BE9B79100E4A514 /* Scheduler.swift in Sources */,
				C763D3E81C045FE2005E3921 /* TimeLineCommit.swift in Sources */,
				C79E54651BE9FED500E4A514 /* NetWork.swift in Sources */,
				C70505241C3D29F8007F8C72 /* MessageVC.swift in Sources */,
				C77E1D9F1BE09EDA00B8F444 /* ViewController.swift in Sources */,
				C77E8FA51C06DB48003832BA /* CommentScoreView.m in Sources */,
				C79285751BEB06A400287A24 /* THActivityView.m in Sources */,
				C7C3C35C1C195A1E0083F3A1 /* RepeatScrollView.m in Sources */,
				C77DE1381C5B4BB500B21FE5 /* QRScanViewController.m in Sources */,
				C779C0FD1BF42D35008D625F /* LogInCell.m in Sources */,
				C78CB3731C7D9CF400EBE76A /* ScoreVC.swift in Sources */,
				C784B34C1C4778790043D968 /* ExhibitorAdvertisement.swift in Sources */,
				C705050E1C3CB9F3007F8C72 /* ApplyListView.swift in Sources */,
				C79285781BEB322700287A24 /* SettingController.swift in Sources */,
				C77E1D9D1BE09EDA00B8F444 /* AppDelegate.swift in Sources */,
				C79E54621BE9E47400E4A514 /* DataModel.swift in Sources */,
				C76A3AD51C43958A00D70A6A /* MessUserName.swift in Sources */,
				C79546E11BFEBCE30080CD46 /* TimeLineVC.swift in Sources */,
				C763D3F01C049945005E3921 /* ShareCoverageView.m in Sources */,
				C779C0FB1BF42D35008D625F /* LogViewController.m in Sources */,
				C779C1031BF48A92008D625F /* MyFavorite.swift in Sources */,
				C71A3A831BF1954B0081F7E6 /* SchedulerInfo.swift in Sources */,
				C76429B41C2B93FF00F34888 /* SeachVC.swift in Sources */,
				C79546DE1BFEBC8F0080CD46 /* NewListCV.swift in Sources */,
				C79E545F1BE9DCB800E4A514 /* RootCollectionCells.swift in Sources */,
				C70505111C3CC5C5007F8C72 /* MessMaster.swift in Sources */,
				C78200211BEC800F002BBDB7 /* ExhibitorInfoCV.swift in Sources */,
				C77C402E1C040285005596E0 /* TimeLineInfo.swift in Sources */,
				C79546E51BFEC3D80080CD46 /* TSegmentedControl.m in Sources */,
				C78509961C1FBF2600D3C7D1 /* OrientationTabBarControll.swift in Sources */,
				C79880511C3221D700557880 /* ExhibitorMap.swift in Sources */,
				C7DC59911C33CD4800EFED5A /* OrderFile.swift in Sources */,
				C763D3EC1C0468FC005E3921 /* UIImage+ZoomImage.m in Sources */,
				C79285711BEAF65B00287A24 /* NewsView.swift in Sources */,
				C784B3511C47A4BB0043D968 /* ExhibitorContactVC.swift in Sources */,
				C78EA5561C1189A2007798E2 /* THLScrollLoadView.m in Sources */,
				C773A89C1C48EA5D0000054D /* ExhibitorAdController.m in Sources */,
				C70505151C3CDF3D007F8C72 /* EaseSDKHelper.m in Sources */,
				C78039861C5F44EF000AD0F9 /* JSPatchManager.swift in Sources */,
				C78001C41C0EEFEA0097FD8E /* NSString+ZhengZe.m in Sources */,
				C77DE13E1C5B4BB500B21FE5 /* QRView.m in Sources */,
				C76E08EF1C09E17200AAFF7B /* About.swift in Sources */,
				C7A962991BF32354003B883A /* ProductList.swift in Sources */,
				C77E1DB11BE0ADD400B8F444 /* test.m in Sources */,
				C77E1DB41BE0D05600B8F444 /* ProfileSwift.swift in Sources */,
			);
			runOnlyForDeploymentPostprocessing = 0;
		};
		C7A383B51C449B50008DF57F /* Sources */ = {
			isa = PBXSourcesBuildPhase;
			buildActionMask = 2147483647;
			files = (
				C7A383B61C449B50008DF57F /* NSObject+EaseMob.m in Sources */,
				C79531B61C44F83D00270DD8 /* NavgationBar.swift in Sources */,
				C7A383B71C449B50008DF57F /* SchedulerInfo.swift in Sources */,
				C7A383B81C449B50008DF57F /* Suggestion.swift in Sources */,
				C7A383B91C449B50008DF57F /* ContactsController.swift in Sources */,
				C7A383BA1C449B50008DF57F /* ZoomView.swift in Sources */,
				C7A383BB1C449B50008DF57F /* SettingController.swift in Sources */,
				C7A383BC1C449B50008DF57F /* EaseConvertToCommonEmoticonsHelper.m in Sources */,
				C773A8991C48D6B50000054D /* ExhibitorWeb.swift in Sources */,
				C7A383BD1C449B50008DF57F /* MyInfo.swift in Sources */,
				C7A383BE1C449B50008DF57F /* THLRefreshView.m in Sources */,
				C7A383BF1C449B50008DF57F /* ViewController.swift in Sources */,
				C7A383C01C449B50008DF57F /* MyRegist.swift in Sources */,
				C7A383C11C449B50008DF57F /* ViewModel.swift in Sources */,
				C7A383C21C449B50008DF57F /* MyCompany.swift in Sources */,
				C7A383C31C449B50008DF57F /* AppDelegate.swift in Sources */,
				C7A383C41C449B50008DF57F /* TimeLineCommit.swift in Sources */,
				C7A383C51C449B50008DF57F /* RootCollectionCells.swift in Sources */,
				C7A383C61C449B50008DF57F /* MessageVC.swift in Sources */,
				C7A383C71C449B50008DF57F /* NewsView.swift in Sources */,
				C7A383C81C449B50008DF57F /* CommentScoreView.m in Sources */,
				C7A383C91C449B50008DF57F /* ExhibitorController.swift in Sources */,
				C7A383CA1C449B50008DF57F /* RepeatScrollView.m in Sources */,
				C77DE13A1C5B4BB500B21FE5 /* QRScanViewController.m in Sources */,
				C7A383CB1C449B50008DF57F /* Scheduler.swift in Sources */,
				C78CB3751C7D9CF400EBE76A /* ScoreVC.swift in Sources */,
				C784B34E1C4778790043D968 /* ExhibitorAdvertisement.swift in Sources */,
				C7A383CC1C449B50008DF57F /* ApplyListView.swift in Sources */,
				C7A383CD1C449B50008DF57F /* ProductList.swift in Sources */,
				C7A383CE1C449B50008DF57F /* ExhibitorInfoCV.swift in Sources */,
				C7A383CF1C449B50008DF57F /* LogInCell.m in Sources */,
				C7A383D01C449B50008DF57F /* MessUserName.swift in Sources */,
				C7A383D11C449B50008DF57F /* TimeLineVC.swift in Sources */,
				C7A383D21C449B50008DF57F /* ShareCoverageView.m in Sources */,
				C7A383D31C449B50008DF57F /* LogViewController.m in Sources */,
				C7A383D41C449B50008DF57F /* MyFavorite.swift in Sources */,
				C7A383D51C449B50008DF57F /* Singleton.swift in Sources */,
				C7A383D61C449B50008DF57F /* SeachVC.swift in Sources */,
				C7A383D71C449B50008DF57F /* NewListCV.swift in Sources */,
				C7A383D81C449B50008DF57F /* THActivityView.m in Sources */,
				C7A383D91C449B50008DF57F /* MessMaster.swift in Sources */,
				C7A383DA1C449B50008DF57F /* DataModel.swift in Sources */,
				C7A383DB1C449B50008DF57F /* TimeLineInfo.swift in Sources */,
				C7A383DC1C449B50008DF57F /* TSegmentedControl.m in Sources */,
				C7A383DD1C449B50008DF57F /* OrientationTabBarControll.swift in Sources */,
				C7A383DE1C449B50008DF57F /* ExhibitorMap.swift in Sources */,
				C7A383DF1C449B50008DF57F /* OrderFile.swift in Sources */,
				C7A383E01C449B50008DF57F /* UIImage+ZoomImage.m in Sources */,
				C7A383E11C449B50008DF57F /* WebHtml.swift in Sources */,
				C784B3531C47A4BB0043D968 /* ExhibitorContactVC.swift in Sources */,
				C7A383E21C449B50008DF57F /* THLScrollLoadView.m in Sources */,
				C773A89E1C48EA5D0000054D /* ExhibitorAdController.m in Sources */,
				C7A383E31C449B50008DF57F /* EaseSDKHelper.m in Sources */,
				C78039881C5F44EF000AD0F9 /* JSPatchManager.swift in Sources */,
				C7A383E41C449B50008DF57F /* NSString+ZhengZe.m in Sources */,
				C77DE1401C5B4BB500B21FE5 /* QRView.m in Sources */,
				C7A383E51C449B50008DF57F /* About.swift in Sources */,
				C7A383E61C449B50008DF57F /* test.m in Sources */,
				C7A383E71C449B50008DF57F /* ProfileSwift.swift in Sources */,
				C7A383E81C449B50008DF57F /* NetWork.swift in Sources */,
			);
			runOnlyForDeploymentPostprocessing = 0;
		};
		C7F0AE3B1BE210C70056C06B /* Sources */ = {
			isa = PBXSourcesBuildPhase;
			buildActionMask = 2147483647;
			files = (
				C705051E1C3CE311007F8C72 /* NSObject+EaseMob.m in Sources */,
				C79531B51C44F83D00270DD8 /* NavgationBar.swift in Sources */,
				C71A3A841BF1954B0081F7E6 /* SchedulerInfo.swift in Sources */,
				C779C1071BF48E9C008D625F /* Suggestion.swift in Sources */,
				C7C0EABD1BF09CA2004711BF /* ContactsController.swift in Sources */,
				C7811B971C0C905A00E5A637 /* ZoomView.swift in Sources */,
				C79285791BEB322700287A24 /* SettingController.swift in Sources */,
				C705051A1C3CE03C007F8C72 /* EaseConvertToCommonEmoticonsHelper.m in Sources */,
				C773A8981C48D6B50000054D /* ExhibitorWeb.swift in Sources */,
				C774810A1C34C33400144427 /* MyInfo.swift in Sources */,
				C78EA5551C1189A2007798E2 /* THLRefreshView.m in Sources */,
				C7F0AE3C1BE210C70056C06B /* ViewController.swift in Sources */,
				C7AEDEDE1C05A938009C196C /* MyRegist.swift in Sources */,
				C779C10A1BF4A72D008D625F /* ViewModel.swift in Sources */,
				C7AEDEE41C05C341009C196C /* MyCompany.swift in Sources */,
				C7F0AE3D1BE210C70056C06B /* AppDelegate.swift in Sources */,
				C763D3E91C045FE2005E3921 /* TimeLineCommit.swift in Sources */,
				C79E54601BE9DCB800E4A514 /* RootCollectionCells.swift in Sources */,
				C70505251C3D29F8007F8C72 /* MessageVC.swift in Sources */,
				C79285721BEAF65B00287A24 /* NewsView.swift in Sources */,
				C77E8FA61C06DB48003832BA /* CommentScoreView.m in Sources */,
				C77C14741BE8B02B00DCC670 /* ExhibitorController.swift in Sources */,
				C7C3C35D1C195A1E0083F3A1 /* RepeatScrollView.m in Sources */,
				C77DE1391C5B4BB500B21FE5 /* QRScanViewController.m in Sources */,
				C79E545D1BE9B79100E4A514 /* Scheduler.swift in Sources */,
				C78CB3741C7D9CF400EBE76A /* ScoreVC.swift in Sources */,
				C784B34D1C4778790043D968 /* ExhibitorAdvertisement.swift in Sources */,
				C705050F1C3CB9F3007F8C72 /* ApplyListView.swift in Sources */,
				C7A9629A1BF32354003B883A /* ProductList.swift in Sources */,
				C78200221BEC800F002BBDB7 /* ExhibitorInfoCV.swift in Sources */,
				C779C0FE1BF42D35008D625F /* LogInCell.m in Sources */,
				C76A3AD61C43958A00D70A6A /* MessUserName.swift in Sources */,
				C79546E21BFEBCE30080CD46 /* TimeLineVC.swift in Sources */,
				C763D3F11C049945005E3921 /* ShareCoverageView.m in Sources */,
				C779C0FC1BF42D35008D625F /* LogViewController.m in Sources */,
				C779C1041BF48A92008D625F /* MyFavorite.swift in Sources */,
				C779C1011BF43917008D625F /* Singleton.swift in Sources */,
				C76429B51C2B93FF00F34888 /* SeachVC.swift in Sources */,
				C79546DF1BFEBC8F0080CD46 /* NewListCV.swift in Sources */,
				C79285761BEB06A400287A24 /* THActivityView.m in Sources */,
				C70505121C3CC5C5007F8C72 /* MessMaster.swift in Sources */,
				C79E54631BE9E47400E4A514 /* DataModel.swift in Sources */,
				C77C402F1C040285005596E0 /* TimeLineInfo.swift in Sources */,
				C79546E61BFEC3D80080CD46 /* TSegmentedControl.m in Sources */,
				C78509971C1FBF2600D3C7D1 /* OrientationTabBarControll.swift in Sources */,
				C79880521C3221D700557880 /* ExhibitorMap.swift in Sources */,
				C7DC59921C33CD4800EFED5A /* OrderFile.swift in Sources */,
				C763D3ED1C0468FC005E3921 /* UIImage+ZoomImage.m in Sources */,
				C7A9629D1BF32F01003B883A /* WebHtml.swift in Sources */,
				C784B3521C47A4BB0043D968 /* ExhibitorContactVC.swift in Sources */,
				C78EA5571C1189A2007798E2 /* THLScrollLoadView.m in Sources */,
				C773A89D1C48EA5D0000054D /* ExhibitorAdController.m in Sources */,
				C70505161C3CDF3D007F8C72 /* EaseSDKHelper.m in Sources */,
				C78039871C5F44EF000AD0F9 /* JSPatchManager.swift in Sources */,
				C78001C51C0EEFEA0097FD8E /* NSString+ZhengZe.m in Sources */,
				C77DE13F1C5B4BB500B21FE5 /* QRView.m in Sources */,
				C76E08F01C09E17200AAFF7B /* About.swift in Sources */,
				C7F0AE3E1BE210C70056C06B /* test.m in Sources */,
				C7F0AE3F1BE210C70056C06B /* ProfileSwift.swift in Sources */,
				C79E54661BE9FED500E4A514 /* NetWork.swift in Sources */,
			);
			runOnlyForDeploymentPostprocessing = 0;
		};
/* End PBXSourcesBuildPhase section */

/* Begin PBXVariantGroup section */
		C77E1DA01BE09EDA00B8F444 /* Main.storyboard */ = {
			isa = PBXVariantGroup;
			children = (
				C77E1DA11BE09EDA00B8F444 /* Base */,
				C79E54671BEA2C6500E4A514 /* zh-Hans */,
			);
			name = Main.storyboard;
			sourceTree = "<group>";
		};
		C77E1DA51BE09EDA00B8F444 /* LaunchScreen.storyboard */ = {
			isa = PBXVariantGroup;
			children = (
				C77E1DA61BE09EDA00B8F444 /* Base */,
				C79E54681BEA2C6500E4A514 /* zh-Hans */,
			);
			name = LaunchScreen.storyboard;
			sourceTree = "<group>";
		};
/* End PBXVariantGroup section */

/* Begin XCBuildConfiguration section */
		C77E1DA91BE09EDA00B8F444 /* Debug */ = {
			isa = XCBuildConfiguration;
			buildSettings = {
				ALWAYS_SEARCH_USER_PATHS = NO;
				CLANG_CXX_LANGUAGE_STANDARD = "gnu++0x";
				CLANG_CXX_LIBRARY = "libc++";
				CLANG_ENABLE_MODULES = YES;
				CLANG_ENABLE_OBJC_ARC = YES;
				CLANG_WARN_BOOL_CONVERSION = YES;
				CLANG_WARN_CONSTANT_CONVERSION = YES;
				CLANG_WARN_DIRECT_OBJC_ISA_USAGE = YES_ERROR;
				CLANG_WARN_EMPTY_BODY = YES;
				CLANG_WARN_ENUM_CONVERSION = YES;
				CLANG_WARN_INT_CONVERSION = YES;
				CLANG_WARN_OBJC_ROOT_CLASS = YES_ERROR;
				CLANG_WARN_UNREACHABLE_CODE = YES;
				CLANG_WARN__DUPLICATE_METHOD_MATCH = YES;
				"CODE_SIGN_IDENTITY[sdk=iphoneos*]" = "iPhone Developer";
				COPY_PHASE_STRIP = NO;
				DEBUG_INFORMATION_FORMAT = dwarf;
				ENABLE_STRICT_OBJC_MSGSEND = YES;
				ENABLE_TESTABILITY = YES;
				GCC_C_LANGUAGE_STANDARD = gnu99;
				GCC_DYNAMIC_NO_PIC = NO;
				GCC_NO_COMMON_BLOCKS = YES;
				GCC_OPTIMIZATION_LEVEL = 0;
				GCC_PREPROCESSOR_DEFINITIONS = (
					"DEBUG=1",
					"$(inherited)",
				);
				GCC_WARN_64_TO_32_BIT_CONVERSION = YES;
				GCC_WARN_ABOUT_RETURN_TYPE = YES_ERROR;
				GCC_WARN_UNDECLARED_SELECTOR = YES;
				GCC_WARN_UNINITIALIZED_AUTOS = YES_AGGRESSIVE;
				GCC_WARN_UNUSED_FUNCTION = YES;
				GCC_WARN_UNUSED_VARIABLE = YES;
				IPHONEOS_DEPLOYMENT_TARGET = 9.1;
				MTL_ENABLE_DEBUG_INFO = YES;
				ONLY_ACTIVE_ARCH = YES;
				SDKROOT = iphoneos;
				SWIFT_OPTIMIZATION_LEVEL = "-Onone";
			};
			name = Debug;
		};
		C77E1DAA1BE09EDA00B8F444 /* Release */ = {
			isa = XCBuildConfiguration;
			buildSettings = {
				ALWAYS_SEARCH_USER_PATHS = NO;
				CLANG_CXX_LANGUAGE_STANDARD = "gnu++0x";
				CLANG_CXX_LIBRARY = "libc++";
				CLANG_ENABLE_MODULES = YES;
				CLANG_ENABLE_OBJC_ARC = YES;
				CLANG_WARN_BOOL_CONVERSION = YES;
				CLANG_WARN_CONSTANT_CONVERSION = YES;
				CLANG_WARN_DIRECT_OBJC_ISA_USAGE = YES_ERROR;
				CLANG_WARN_EMPTY_BODY = YES;
				CLANG_WARN_ENUM_CONVERSION = YES;
				CLANG_WARN_INT_CONVERSION = YES;
				CLANG_WARN_OBJC_ROOT_CLASS = YES_ERROR;
				CLANG_WARN_UNREACHABLE_CODE = YES;
				CLANG_WARN__DUPLICATE_METHOD_MATCH = YES;
				"CODE_SIGN_IDENTITY[sdk=iphoneos*]" = "iPhone Developer";
				COPY_PHASE_STRIP = NO;
				DEBUG_INFORMATION_FORMAT = "dwarf-with-dsym";
				ENABLE_NS_ASSERTIONS = NO;
				ENABLE_STRICT_OBJC_MSGSEND = YES;
				GCC_C_LANGUAGE_STANDARD = gnu99;
				GCC_NO_COMMON_BLOCKS = YES;
				GCC_WARN_64_TO_32_BIT_CONVERSION = YES;
				GCC_WARN_ABOUT_RETURN_TYPE = YES_ERROR;
				GCC_WARN_UNDECLARED_SELECTOR = YES;
				GCC_WARN_UNINITIALIZED_AUTOS = YES_AGGRESSIVE;
				GCC_WARN_UNUSED_FUNCTION = YES;
				GCC_WARN_UNUSED_VARIABLE = YES;
				IPHONEOS_DEPLOYMENT_TARGET = 9.1;
				MTL_ENABLE_DEBUG_INFO = NO;
				SDKROOT = iphoneos;
				VALIDATE_PRODUCT = YES;
			};
			name = Release;
		};
		C77E1DAC1BE09EDA00B8F444 /* Debug */ = {
			isa = XCBuildConfiguration;
			baseConfigurationReference = A80FDAACCEBB8A18BFE651DC /* Pods.debug.xcconfig */;
			buildSettings = {
				ASSETCATALOG_COMPILER_APPICON_NAME = AppIcon;
				CLANG_ENABLE_MODULES = YES;
				CODE_SIGN_IDENTITY = "iPhone Developer: Weiyuan Huang (QJZJLZ48TX)";
				"CODE_SIGN_IDENTITY[sdk=iphoneos*]" = "iPhone Developer: Weiyuan Huang (QJZJLZ48TX)";
				ENABLE_BITCODE = NO;
				GCC_PREPROCESSOR_DEFINITIONS = (
					"COCOAPODS=1",
					"DEBUG=1",
				);
				INFOPLIST_FILE = yunzhan/Info.plist;
				IPHONEOS_DEPLOYMENT_TARGET = 8.0;
				LD_RUNPATH_SEARCH_PATHS = "$(inherited) @executable_path/Frameworks";
				LIBRARY_SEARCH_PATHS = (
					"$(inherited)",
					"$(PROJECT_DIR)/weixin",
					"$(PROJECT_DIR)/yunzhan/huanxin/DeviceHelper/VoiceConvert/opencore-amrnb",
					"$(PROJECT_DIR)/yunzhan/huanxin/DeviceHelper/VoiceConvert/opencore-amrwb",
				);
				PRODUCT_BUNDLE_IDENTIFIER = com.miaomiao.bike;
				PRODUCT_NAME = "$(TARGET_NAME)";
				PROVISIONING_PROFILE = "b7d39625-a584-44bd-b4f8-c89ecb8c6996";
				SWIFT_OBJC_BRIDGING_HEADER = "yunzhan/yunzhan-Bridging-Header.h";
				SWIFT_OPTIMIZATION_LEVEL = "-Onone";
			};
			name = Debug;
		};
		C77E1DAD1BE09EDA00B8F444 /* Release */ = {
			isa = XCBuildConfiguration;
			baseConfigurationReference = 6A23C94284D64802DC2E07B8 /* Pods.release.xcconfig */;
			buildSettings = {
				ASSETCATALOG_COMPILER_APPICON_NAME = AppIcon;
				CLANG_ENABLE_MODULES = YES;
				CODE_SIGN_IDENTITY = "iPhone Distribution: Wuxi Chestnut Company Limited (F86GF7VY4V)";
				"CODE_SIGN_IDENTITY[sdk=iphoneos*]" = "iPhone Distribution: Wuxi Chestnut Company Limited (F86GF7VY4V)";
				ENABLE_BITCODE = NO;
				INFOPLIST_FILE = yunzhan/Info.plist;
				IPHONEOS_DEPLOYMENT_TARGET = 8.0;
				LD_RUNPATH_SEARCH_PATHS = "$(inherited) @executable_path/Frameworks";
				LIBRARY_SEARCH_PATHS = (
					"$(inherited)",
					"$(PROJECT_DIR)/weixin",
					"$(PROJECT_DIR)/yunzhan/huanxin/DeviceHelper/VoiceConvert/opencore-amrnb",
					"$(PROJECT_DIR)/yunzhan/huanxin/DeviceHelper/VoiceConvert/opencore-amrwb",
				);
				PRODUCT_BUNDLE_IDENTIFIER = com.miaomiao.bike;
				PRODUCT_NAME = "$(TARGET_NAME)";
				PROVISIONING_PROFILE = "de8241a8-b492-453e-beb2-bd08177447e4";
				SWIFT_OBJC_BRIDGING_HEADER = "yunzhan/yunzhan-Bridging-Header.h";
			};
			name = Release;
		};
		C7A383F91C449B50008DF57F /* Debug */ = {
			isa = XCBuildConfiguration;
			baseConfigurationReference = A80FDAACCEBB8A18BFE651DC /* Pods.debug.xcconfig */;
			buildSettings = {
				ASSETCATALOG_COMPILER_APPICON_NAME = AppIcon;
				CLANG_ENABLE_MODULES = YES;
				CODE_SIGN_IDENTITY = "iPhone Developer: Weiyuan Huang (62Z3L937NL)";
				"CODE_SIGN_IDENTITY[sdk=iphoneos*]" = "iPhone Developer: Weiyuan Huang (62Z3L937NL)";
				ENABLE_BITCODE = NO;
				GCC_PREPROCESSOR_DEFINITIONS = (
					"COCOAPODS=1",
					"INTERENTERPISE=1",
					"DEBUG=1",
				);
				INFOPLIST_FILE = "yunzhan copy copy-Info.plist";
				IPHONEOS_DEPLOYMENT_TARGET = 8.0;
				LD_RUNPATH_SEARCH_PATHS = "$(inherited) @executable_path/Frameworks";
				LIBRARY_SEARCH_PATHS = (
					"$(inherited)",
					"$(PROJECT_DIR)/weixin",
					"$(PROJECT_DIR)/yunzhan/huanxin/DeviceHelper/VoiceConvert/opencore-amrnb",
					"$(PROJECT_DIR)/yunzhan/huanxin/DeviceHelper/VoiceConvert/opencore-amrwb",
				);
				OTHER_SWIFT_FLAGS = "-D INTERENTERPISE";
				PRODUCT_BUNDLE_IDENTIFIER = com.miaomiao.bikeInternal;
				PRODUCT_NAME = "$(TARGET_NAME)";
				PROVISIONING_PROFILE = "9ab7d4d7-77fd-4c35-8c05-f0ee782def27";
				SWIFT_OBJC_BRIDGING_HEADER = "yunzhan/yunzhan-Bridging-Header.h";
				SWIFT_OPTIMIZATION_LEVEL = "-Onone";
			};
			name = Debug;
		};
		C7A383FA1C449B50008DF57F /* Release */ = {
			isa = XCBuildConfiguration;
			baseConfigurationReference = 6A23C94284D64802DC2E07B8 /* Pods.release.xcconfig */;
			buildSettings = {
				ASSETCATALOG_COMPILER_APPICON_NAME = AppIcon;
				CLANG_ENABLE_MODULES = YES;
				CODE_SIGN_IDENTITY = "iPhone Distribution: Wuxi Chestnut Company Limited";
				"CODE_SIGN_IDENTITY[sdk=iphoneos*]" = "iPhone Distribution: Wuxi Chestnut Company Limited";
				ENABLE_BITCODE = NO;
				GCC_PREPROCESSOR_DEFINITIONS = (
					"$(inherited)",
					"COCOAPODS=1",
					"INTERENTERPISE=1",
				);
				INFOPLIST_FILE = "yunzhan copy copy-Info.plist";
				IPHONEOS_DEPLOYMENT_TARGET = 8.0;
				LD_RUNPATH_SEARCH_PATHS = "$(inherited) @executable_path/Frameworks";
				LIBRARY_SEARCH_PATHS = (
					"$(inherited)",
					"$(PROJECT_DIR)/weixin",
					"$(PROJECT_DIR)/yunzhan/huanxin/DeviceHelper/VoiceConvert/opencore-amrnb",
					"$(PROJECT_DIR)/yunzhan/huanxin/DeviceHelper/VoiceConvert/opencore-amrwb",
				);
				OTHER_SWIFT_FLAGS = "-D INTERENTERPISE";
				PRODUCT_BUNDLE_IDENTIFIER = com.miaomiao.bikeInternal;
				PRODUCT_NAME = "$(TARGET_NAME)";
				PROVISIONING_PROFILE = "8281cb0f-4bbd-4b98-9de5-56993c77ab96";
				SWIFT_OBJC_BRIDGING_HEADER = "yunzhan/yunzhan-Bridging-Header.h";
			};
			name = Release;
		};
		C7F0AE481BE210C70056C06B /* Debug */ = {
			isa = XCBuildConfiguration;
			baseConfigurationReference = A80FDAACCEBB8A18BFE651DC /* Pods.debug.xcconfig */;
			buildSettings = {
				ASSETCATALOG_COMPILER_APPICON_NAME = AppIcon;
				CLANG_ENABLE_MODULES = YES;
				CODE_SIGN_IDENTITY = "iPhone Developer";
				"CODE_SIGN_IDENTITY[sdk=iphoneos*]" = "iPhone Developer";
				ENABLE_BITCODE = NO;
				GCC_PREPROCESSOR_DEFINITIONS = (
					"COCOAPODS=1",
					"EXTERENTERPISE=1",
					"DEBUG=1",
				);
				INFOPLIST_FILE = "yunzhan copy-Info.plist";
				IPHONEOS_DEPLOYMENT_TARGET = 8.0;
				LD_RUNPATH_SEARCH_PATHS = "$(inherited) @executable_path/Frameworks";
				LIBRARY_SEARCH_PATHS = (
					"$(inherited)",
					"$(PROJECT_DIR)/weixin",
					"$(PROJECT_DIR)/yunzhan/huanxin/DeviceHelper/VoiceConvert/opencore-amrnb",
					"$(PROJECT_DIR)/yunzhan/huanxin/DeviceHelper/VoiceConvert/opencore-amrwb",
				);
				OTHER_SWIFT_FLAGS = "-D EXTERENTERPISE";
				PRODUCT_BUNDLE_IDENTIFIER = com.miaomiao.enterprisebike;
				PRODUCT_NAME = "$(TARGET_NAME)";
				PROVISIONING_PROFILE = "715c33f5-fdde-47d6-b7c6-0c5162a01a4d";
				SWIFT_OBJC_BRIDGING_HEADER = "yunzhan/yunzhan-Bridging-Header.h";
				SWIFT_OPTIMIZATION_LEVEL = "-Onone";
			};
			name = Debug;
		};
		C7F0AE491BE210C70056C06B /* Release */ = {
			isa = XCBuildConfiguration;
			baseConfigurationReference = 6A23C94284D64802DC2E07B8 /* Pods.release.xcconfig */;
			buildSettings = {
				ASSETCATALOG_COMPILER_APPICON_NAME = AppIcon;
				CLANG_ENABLE_MODULES = YES;
				CODE_SIGN_IDENTITY = "iPhone Distribution: Wuxi Chestnut Company Limited";
				"CODE_SIGN_IDENTITY[sdk=iphoneos*]" = "iPhone Distribution: Wuxi Chestnut Company Limited";
				ENABLE_BITCODE = NO;
				GCC_PREPROCESSOR_DEFINITIONS = (
					"$(inherited)",
					"COCOAPODS=1",
					"EXTERENTERPISE=1",
				);
				INFOPLIST_FILE = "yunzhan copy-Info.plist";
				IPHONEOS_DEPLOYMENT_TARGET = 8.0;
				LD_RUNPATH_SEARCH_PATHS = "$(inherited) @executable_path/Frameworks";
				LIBRARY_SEARCH_PATHS = (
					"$(inherited)",
					"$(PROJECT_DIR)/weixin",
					"$(PROJECT_DIR)/yunzhan/huanxin/DeviceHelper/VoiceConvert/opencore-amrnb",
					"$(PROJECT_DIR)/yunzhan/huanxin/DeviceHelper/VoiceConvert/opencore-amrwb",
				);
				OTHER_SWIFT_FLAGS = "-D EXTERENTERPISE";
				PRODUCT_BUNDLE_IDENTIFIER = com.miaomiao.enterprisebike;
				PRODUCT_NAME = "$(TARGET_NAME)";
				PROVISIONING_PROFILE = "0289aedb-c43d-4fd4-ad0f-0c68a40e89d3";
				SWIFT_OBJC_BRIDGING_HEADER = "yunzhan/yunzhan-Bridging-Header.h";
			};
			name = Release;
		};
/* End XCBuildConfiguration section */

/* Begin XCConfigurationList section */
		C77E1D941BE09EDA00B8F444 /* Build configuration list for PBXProject "yunzhan" */ = {
			isa = XCConfigurationList;
			buildConfigurations = (
				C77E1DA91BE09EDA00B8F444 /* Debug */,
				C77E1DAA1BE09EDA00B8F444 /* Release */,
			);
			defaultConfigurationIsVisible = 0;
			defaultConfigurationName = Release;
		};
		C77E1DAB1BE09EDA00B8F444 /* Build configuration list for PBXNativeTarget "yunzhan" */ = {
			isa = XCConfigurationList;
			buildConfigurations = (
				C77E1DAC1BE09EDA00B8F444 /* Debug */,
				C77E1DAD1BE09EDA00B8F444 /* Release */,
			);
			defaultConfigurationIsVisible = 0;
			defaultConfigurationName = Release;
		};
		C7A383F81C449B50008DF57F /* Build configuration list for PBXNativeTarget "yunzhan_internal" */ = {
			isa = XCConfigurationList;
			buildConfigurations = (
				C7A383F91C449B50008DF57F /* Debug */,
				C7A383FA1C449B50008DF57F /* Release */,
			);
			defaultConfigurationIsVisible = 0;
			defaultConfigurationName = Release;
		};
		C7F0AE471BE210C70056C06B /* Build configuration list for PBXNativeTarget "yunzhan_external" */ = {
			isa = XCConfigurationList;
			buildConfigurations = (
				C7F0AE481BE210C70056C06B /* Debug */,
				C7F0AE491BE210C70056C06B /* Release */,
			);
			defaultConfigurationIsVisible = 0;
			defaultConfigurationName = Release;
		};
/* End XCConfigurationList section */
	};
	rootObject = C77E1D911BE09EDA00B8F444 /* Project object */;
}
