// !$*UTF8*$!
{
	archiveVersion = 1;
	classes = {
	};
	objectVersion = 46;
	objects = {

/* Begin PBXBuildFile section */
		992C42617DC41C9282A5E10D /* libPods.a in Frameworks */ = {isa = PBXBuildFile; fileRef = 2B0B27D84BE8C3C370A017F5 /* libPods.a */; };
		C71A3A831BF1954B0081F7E6 /* SchedulerInfo.swift in Sources */ = {isa = PBXBuildFile; fileRef = C71A3A821BF1954B0081F7E6 /* SchedulerInfo.swift */; };
		C71A3A841BF1954B0081F7E6 /* SchedulerInfo.swift in Sources */ = {isa = PBXBuildFile; fileRef = C71A3A821BF1954B0081F7E6 /* SchedulerInfo.swift */; };
		C763D3E81C045FE2005E3921 /* TimeLineCommit.swift in Sources */ = {isa = PBXBuildFile; fileRef = C763D3E71C045FE2005E3921 /* TimeLineCommit.swift */; };
		C763D3E91C045FE2005E3921 /* TimeLineCommit.swift in Sources */ = {isa = PBXBuildFile; fileRef = C763D3E71C045FE2005E3921 /* TimeLineCommit.swift */; };
		C763D3EC1C0468FC005E3921 /* UIImage+ZoomImage.m in Sources */ = {isa = PBXBuildFile; fileRef = C763D3EB1C0468FC005E3921 /* UIImage+ZoomImage.m */; };
		C763D3ED1C0468FC005E3921 /* UIImage+ZoomImage.m in Sources */ = {isa = PBXBuildFile; fileRef = C763D3EB1C0468FC005E3921 /* UIImage+ZoomImage.m */; };
		C763D3F01C049945005E3921 /* ShareCoverageView.m in Sources */ = {isa = PBXBuildFile; fileRef = C763D3EF1C049945005E3921 /* ShareCoverageView.m */; };
		C763D3F11C049945005E3921 /* ShareCoverageView.m in Sources */ = {isa = PBXBuildFile; fileRef = C763D3EF1C049945005E3921 /* ShareCoverageView.m */; };
		C779C0FB1BF42D35008D625F /* LogViewController.m in Sources */ = {isa = PBXBuildFile; fileRef = C779C0F81BF42D35008D625F /* LogViewController.m */; };
		C779C0FC1BF42D35008D625F /* LogViewController.m in Sources */ = {isa = PBXBuildFile; fileRef = C779C0F81BF42D35008D625F /* LogViewController.m */; };
		C779C0FD1BF42D35008D625F /* LogInCell.m in Sources */ = {isa = PBXBuildFile; fileRef = C779C0FA1BF42D35008D625F /* LogInCell.m */; };
		C779C0FE1BF42D35008D625F /* LogInCell.m in Sources */ = {isa = PBXBuildFile; fileRef = C779C0FA1BF42D35008D625F /* LogInCell.m */; };
		C779C1001BF43917008D625F /* Singleton.swift in Sources */ = {isa = PBXBuildFile; fileRef = C779C0FF1BF43917008D625F /* Singleton.swift */; };
		C779C1011BF43917008D625F /* Singleton.swift in Sources */ = {isa = PBXBuildFile; fileRef = C779C0FF1BF43917008D625F /* Singleton.swift */; };
		C779C1031BF48A92008D625F /* MyFavorite.swift in Sources */ = {isa = PBXBuildFile; fileRef = C779C1021BF48A92008D625F /* MyFavorite.swift */; };
		C779C1041BF48A92008D625F /* MyFavorite.swift in Sources */ = {isa = PBXBuildFile; fileRef = C779C1021BF48A92008D625F /* MyFavorite.swift */; };
		C779C1061BF48E9C008D625F /* Suggestion.swift in Sources */ = {isa = PBXBuildFile; fileRef = C779C1051BF48E9C008D625F /* Suggestion.swift */; };
		C779C1071BF48E9C008D625F /* Suggestion.swift in Sources */ = {isa = PBXBuildFile; fileRef = C779C1051BF48E9C008D625F /* Suggestion.swift */; };
		C779C1091BF4A72D008D625F /* ViewModel.swift in Sources */ = {isa = PBXBuildFile; fileRef = C779C1081BF4A72D008D625F /* ViewModel.swift */; };
		C779C10A1BF4A72D008D625F /* ViewModel.swift in Sources */ = {isa = PBXBuildFile; fileRef = C779C1081BF4A72D008D625F /* ViewModel.swift */; };
		C77A285E1C08686A001CF153 /* blackArrow.png in Resources */ = {isa = PBXBuildFile; fileRef = C77A28541C08686A001CF153 /* blackArrow.png */; };
		C77A285F1C08686A001CF153 /* blackArrow.png in Resources */ = {isa = PBXBuildFile; fileRef = C77A28541C08686A001CF153 /* blackArrow.png */; };
		C77A28601C08686A001CF153 /* blackArrow@2x.png in Resources */ = {isa = PBXBuildFile; fileRef = C77A28551C08686A001CF153 /* blackArrow@2x.png */; };
		C77A28611C08686A001CF153 /* blackArrow@2x.png in Resources */ = {isa = PBXBuildFile; fileRef = C77A28551C08686A001CF153 /* blackArrow@2x.png */; };
		C77A28621C08686A001CF153 /* blueArrow.png in Resources */ = {isa = PBXBuildFile; fileRef = C77A28561C08686A001CF153 /* blueArrow.png */; };
		C77A28631C08686A001CF153 /* blueArrow.png in Resources */ = {isa = PBXBuildFile; fileRef = C77A28561C08686A001CF153 /* blueArrow.png */; };
		C77A28641C08686A001CF153 /* blueArrow@2x.png in Resources */ = {isa = PBXBuildFile; fileRef = C77A28571C08686A001CF153 /* blueArrow@2x.png */; };
		C77A28651C08686A001CF153 /* blueArrow@2x.png in Resources */ = {isa = PBXBuildFile; fileRef = C77A28571C08686A001CF153 /* blueArrow@2x.png */; };
		C77A28661C08686A001CF153 /* EGORefreshTableHeaderView.m in Sources */ = {isa = PBXBuildFile; fileRef = C77A28591C08686A001CF153 /* EGORefreshTableHeaderView.m */; };
		C77A28671C08686A001CF153 /* EGORefreshTableHeaderView.m in Sources */ = {isa = PBXBuildFile; fileRef = C77A28591C08686A001CF153 /* EGORefreshTableHeaderView.m */; };
		C77A28681C08686A001CF153 /* grayArrow.png in Resources */ = {isa = PBXBuildFile; fileRef = C77A285A1C08686A001CF153 /* grayArrow.png */; };
		C77A28691C08686A001CF153 /* grayArrow.png in Resources */ = {isa = PBXBuildFile; fileRef = C77A285A1C08686A001CF153 /* grayArrow.png */; };
		C77A286A1C08686A001CF153 /* grayArrow@2x.png in Resources */ = {isa = PBXBuildFile; fileRef = C77A285B1C08686A001CF153 /* grayArrow@2x.png */; };
		C77A286B1C08686A001CF153 /* grayArrow@2x.png in Resources */ = {isa = PBXBuildFile; fileRef = C77A285B1C08686A001CF153 /* grayArrow@2x.png */; };
		C77A286C1C08686A001CF153 /* whiteArrow.png in Resources */ = {isa = PBXBuildFile; fileRef = C77A285C1C08686A001CF153 /* whiteArrow.png */; };
		C77A286D1C08686A001CF153 /* whiteArrow.png in Resources */ = {isa = PBXBuildFile; fileRef = C77A285C1C08686A001CF153 /* whiteArrow.png */; };
		C77A286E1C08686A001CF153 /* whiteArrow@2x.png in Resources */ = {isa = PBXBuildFile; fileRef = C77A285D1C08686A001CF153 /* whiteArrow@2x.png */; };
		C77A286F1C08686A001CF153 /* whiteArrow@2x.png in Resources */ = {isa = PBXBuildFile; fileRef = C77A285D1C08686A001CF153 /* whiteArrow@2x.png */; };
		C77A289C1C087C39001CF153 /* MJRefresh.bundle in Resources */ = {isa = PBXBuildFile; fileRef = C77A28921C087C39001CF153 /* MJRefresh.bundle */; };
		C77A289D1C087C39001CF153 /* MJRefresh.bundle in Resources */ = {isa = PBXBuildFile; fileRef = C77A28921C087C39001CF153 /* MJRefresh.bundle */; };
		C77A289E1C087C39001CF153 /* MJRefreshBaseView.m in Sources */ = {isa = PBXBuildFile; fileRef = C77A28951C087C39001CF153 /* MJRefreshBaseView.m */; };
		C77A289F1C087C39001CF153 /* MJRefreshBaseView.m in Sources */ = {isa = PBXBuildFile; fileRef = C77A28951C087C39001CF153 /* MJRefreshBaseView.m */; };
		C77A28A01C087C39001CF153 /* MJRefreshConst.m in Sources */ = {isa = PBXBuildFile; fileRef = C77A28971C087C39001CF153 /* MJRefreshConst.m */; };
		C77A28A11C087C39001CF153 /* MJRefreshConst.m in Sources */ = {isa = PBXBuildFile; fileRef = C77A28971C087C39001CF153 /* MJRefreshConst.m */; };
		C77A28A21C087C39001CF153 /* MJRefreshFooterView.m in Sources */ = {isa = PBXBuildFile; fileRef = C77A28991C087C39001CF153 /* MJRefreshFooterView.m */; };
		C77A28A31C087C39001CF153 /* MJRefreshFooterView.m in Sources */ = {isa = PBXBuildFile; fileRef = C77A28991C087C39001CF153 /* MJRefreshFooterView.m */; };
		C77A28A41C087C39001CF153 /* MJRefreshHeaderView.m in Sources */ = {isa = PBXBuildFile; fileRef = C77A289B1C087C39001CF153 /* MJRefreshHeaderView.m */; };
		C77A28A51C087C39001CF153 /* MJRefreshHeaderView.m in Sources */ = {isa = PBXBuildFile; fileRef = C77A289B1C087C39001CF153 /* MJRefreshHeaderView.m */; };
		C77A28AC1C087CCD001CF153 /* UIScrollView+MJExtension.m in Sources */ = {isa = PBXBuildFile; fileRef = C77A28A71C087CCD001CF153 /* UIScrollView+MJExtension.m */; };
		C77A28AD1C087CCD001CF153 /* UIScrollView+MJExtension.m in Sources */ = {isa = PBXBuildFile; fileRef = C77A28A71C087CCD001CF153 /* UIScrollView+MJExtension.m */; };
		C77A28AE1C087CCD001CF153 /* UIScrollView+MJRefresh.m in Sources */ = {isa = PBXBuildFile; fileRef = C77A28A91C087CCD001CF153 /* UIScrollView+MJRefresh.m */; };
		C77A28AF1C087CCD001CF153 /* UIScrollView+MJRefresh.m in Sources */ = {isa = PBXBuildFile; fileRef = C77A28A91C087CCD001CF153 /* UIScrollView+MJRefresh.m */; };
		C77A28B01C087CCD001CF153 /* UIView+MJExtension.m in Sources */ = {isa = PBXBuildFile; fileRef = C77A28AB1C087CCD001CF153 /* UIView+MJExtension.m */; };
		C77A28B11C087CCD001CF153 /* UIView+MJExtension.m in Sources */ = {isa = PBXBuildFile; fileRef = C77A28AB1C087CCD001CF153 /* UIView+MJExtension.m */; };
		C77C14731BE8B02B00DCC670 /* ExhibitorController.swift in Sources */ = {isa = PBXBuildFile; fileRef = C77C14721BE8B02B00DCC670 /* ExhibitorController.swift */; };
		C77C14741BE8B02B00DCC670 /* ExhibitorController.swift in Sources */ = {isa = PBXBuildFile; fileRef = C77C14721BE8B02B00DCC670 /* ExhibitorController.swift */; };
		C77C402E1C040285005596E0 /* TimeLineInfo.swift in Sources */ = {isa = PBXBuildFile; fileRef = C77C402D1C040284005596E0 /* TimeLineInfo.swift */; };
		C77C402F1C040285005596E0 /* TimeLineInfo.swift in Sources */ = {isa = PBXBuildFile; fileRef = C77C402D1C040284005596E0 /* TimeLineInfo.swift */; };
		C77E1D9D1BE09EDA00B8F444 /* AppDelegate.swift in Sources */ = {isa = PBXBuildFile; fileRef = C77E1D9C1BE09EDA00B8F444 /* AppDelegate.swift */; };
		C77E1D9F1BE09EDA00B8F444 /* ViewController.swift in Sources */ = {isa = PBXBuildFile; fileRef = C77E1D9E1BE09EDA00B8F444 /* ViewController.swift */; };
		C77E1DA21BE09EDA00B8F444 /* Main.storyboard in Resources */ = {isa = PBXBuildFile; fileRef = C77E1DA01BE09EDA00B8F444 /* Main.storyboard */; };
		C77E1DA41BE09EDA00B8F444 /* Assets.xcassets in Resources */ = {isa = PBXBuildFile; fileRef = C77E1DA31BE09EDA00B8F444 /* Assets.xcassets */; };
		C77E1DA71BE09EDA00B8F444 /* LaunchScreen.storyboard in Resources */ = {isa = PBXBuildFile; fileRef = C77E1DA51BE09EDA00B8F444 /* LaunchScreen.storyboard */; };
		C77E1DB11BE0ADD400B8F444 /* test.m in Sources */ = {isa = PBXBuildFile; fileRef = C77E1DB01BE0ADD400B8F444 /* test.m */; };
		C77E1DB41BE0D05600B8F444 /* ProfileSwift.swift in Sources */ = {isa = PBXBuildFile; fileRef = C77E1DB21BE0AEE600B8F444 /* ProfileSwift.swift */; };
		C77E8FA51C06DB48003832BA /* CommentScoreView.m in Sources */ = {isa = PBXBuildFile; fileRef = C77E8FA41C06DB48003832BA /* CommentScoreView.m */; };
		C77E8FA61C06DB48003832BA /* CommentScoreView.m in Sources */ = {isa = PBXBuildFile; fileRef = C77E8FA41C06DB48003832BA /* CommentScoreView.m */; };
		C78200211BEC800F002BBDB7 /* ExhibitorInfoCV.swift in Sources */ = {isa = PBXBuildFile; fileRef = C78200201BEC800F002BBDB7 /* ExhibitorInfoCV.swift */; };
		C78200221BEC800F002BBDB7 /* ExhibitorInfoCV.swift in Sources */ = {isa = PBXBuildFile; fileRef = C78200201BEC800F002BBDB7 /* ExhibitorInfoCV.swift */; };
		C7848F471BFDD8F400339623 /* libWeChatSDK.a in Frameworks */ = {isa = PBXBuildFile; fileRef = C7848F421BFDD8F400339623 /* libWeChatSDK.a */; };
		C7848F481BFDD8F400339623 /* libWeChatSDK.a in Frameworks */ = {isa = PBXBuildFile; fileRef = C7848F421BFDD8F400339623 /* libWeChatSDK.a */; };
		C7848F491BFDD8F400339623 /* read_me.txt in Resources */ = {isa = PBXBuildFile; fileRef = C7848F431BFDD8F400339623 /* read_me.txt */; };
		C7848F4A1BFDD8F400339623 /* read_me.txt in Resources */ = {isa = PBXBuildFile; fileRef = C7848F431BFDD8F400339623 /* read_me.txt */; };
		C7848F4C1BFDD99C00339623 /* CoreTelephony.framework in Frameworks */ = {isa = PBXBuildFile; fileRef = C7848F4B1BFDD99C00339623 /* CoreTelephony.framework */; };
		C7848F4E1BFDD9D900339623 /* libsqlite3.0.tbd in Frameworks */ = {isa = PBXBuildFile; fileRef = C7848F4D1BFDD9D900339623 /* libsqlite3.0.tbd */; };
		C7848F521BFDDA2300339623 /* libz.tbd in Frameworks */ = {isa = PBXBuildFile; fileRef = C7848F511BFDDA2300339623 /* libz.tbd */; };
		C7848F531BFDDA3900339623 /* libsqlite3.0.tbd in Frameworks */ = {isa = PBXBuildFile; fileRef = C7848F4D1BFDD9D900339623 /* libsqlite3.0.tbd */; };
		C7848F541BFDDA4500339623 /* libz.tbd in Frameworks */ = {isa = PBXBuildFile; fileRef = C7848F511BFDDA2300339623 /* libz.tbd */; };
		C7848F551BFDDEC400339623 /* SystemConfiguration.framework in Frameworks */ = {isa = PBXBuildFile; fileRef = C7848F4F1BFDDA0800339623 /* SystemConfiguration.framework */; };
		C7848F571BFDDEDC00339623 /* libc++.tbd in Frameworks */ = {isa = PBXBuildFile; fileRef = C7848F561BFDDEDC00339623 /* libc++.tbd */; };
		C79285711BEAF65B00287A24 /* NewsView.swift in Sources */ = {isa = PBXBuildFile; fileRef = C79285701BEAF65B00287A24 /* NewsView.swift */; };
		C79285721BEAF65B00287A24 /* NewsView.swift in Sources */ = {isa = PBXBuildFile; fileRef = C79285701BEAF65B00287A24 /* NewsView.swift */; };
		C79285751BEB06A400287A24 /* THActivityView.m in Sources */ = {isa = PBXBuildFile; fileRef = C79285741BEB06A400287A24 /* THActivityView.m */; };
		C79285761BEB06A400287A24 /* THActivityView.m in Sources */ = {isa = PBXBuildFile; fileRef = C79285741BEB06A400287A24 /* THActivityView.m */; };
		C79285781BEB322700287A24 /* SettingController.swift in Sources */ = {isa = PBXBuildFile; fileRef = C79285771BEB322700287A24 /* SettingController.swift */; };
		C79285791BEB322700287A24 /* SettingController.swift in Sources */ = {isa = PBXBuildFile; fileRef = C79285771BEB322700287A24 /* SettingController.swift */; };
		C79546DE1BFEBC8F0080CD46 /* NewListCV.swift in Sources */ = {isa = PBXBuildFile; fileRef = C79546DD1BFEBC8F0080CD46 /* NewListCV.swift */; };
		C79546DF1BFEBC8F0080CD46 /* NewListCV.swift in Sources */ = {isa = PBXBuildFile; fileRef = C79546DD1BFEBC8F0080CD46 /* NewListCV.swift */; };
		C79546E11BFEBCE30080CD46 /* TimeLineVC.swift in Sources */ = {isa = PBXBuildFile; fileRef = C79546E01BFEBCE30080CD46 /* TimeLineVC.swift */; };
		C79546E21BFEBCE30080CD46 /* TimeLineVC.swift in Sources */ = {isa = PBXBuildFile; fileRef = C79546E01BFEBCE30080CD46 /* TimeLineVC.swift */; };
		C79546E51BFEC3D80080CD46 /* TSegmentedControl.m in Sources */ = {isa = PBXBuildFile; fileRef = C79546E41BFEC3D80080CD46 /* TSegmentedControl.m */; };
		C79546E61BFEC3D80080CD46 /* TSegmentedControl.m in Sources */ = {isa = PBXBuildFile; fileRef = C79546E41BFEC3D80080CD46 /* TSegmentedControl.m */; };
		C79546E71BFF0D0A0080CD46 /* CoreTelephony.framework in Frameworks */ = {isa = PBXBuildFile; fileRef = C7848F4B1BFDD99C00339623 /* CoreTelephony.framework */; };
		C79546E81BFF0D730080CD46 /* SystemConfiguration.framework in Frameworks */ = {isa = PBXBuildFile; fileRef = C7848F4F1BFDDA0800339623 /* SystemConfiguration.framework */; };
		C79546E91BFF0DCF0080CD46 /* libc++.tbd in Frameworks */ = {isa = PBXBuildFile; fileRef = C7848F561BFDDEDC00339623 /* libc++.tbd */; };
		C79E545C1BE9B79100E4A514 /* Scheduler.swift in Sources */ = {isa = PBXBuildFile; fileRef = C79E545B1BE9B79100E4A514 /* Scheduler.swift */; };
		C79E545D1BE9B79100E4A514 /* Scheduler.swift in Sources */ = {isa = PBXBuildFile; fileRef = C79E545B1BE9B79100E4A514 /* Scheduler.swift */; };
		C79E545F1BE9DCB800E4A514 /* RootCollectionCells.swift in Sources */ = {isa = PBXBuildFile; fileRef = C79E545E1BE9DCB800E4A514 /* RootCollectionCells.swift */; };
		C79E54601BE9DCB800E4A514 /* RootCollectionCells.swift in Sources */ = {isa = PBXBuildFile; fileRef = C79E545E1BE9DCB800E4A514 /* RootCollectionCells.swift */; };
		C79E54621BE9E47400E4A514 /* DataModel.swift in Sources */ = {isa = PBXBuildFile; fileRef = C79E54611BE9E47400E4A514 /* DataModel.swift */; };
		C79E54631BE9E47400E4A514 /* DataModel.swift in Sources */ = {isa = PBXBuildFile; fileRef = C79E54611BE9E47400E4A514 /* DataModel.swift */; };
		C79E54651BE9FED500E4A514 /* NetWork.swift in Sources */ = {isa = PBXBuildFile; fileRef = C79E54641BE9FED500E4A514 /* NetWork.swift */; };
		C79E54661BE9FED500E4A514 /* NetWork.swift in Sources */ = {isa = PBXBuildFile; fileRef = C79E54641BE9FED500E4A514 /* NetWork.swift */; };
		C7A962991BF32354003B883A /* ProductList.swift in Sources */ = {isa = PBXBuildFile; fileRef = C7A962981BF32354003B883A /* ProductList.swift */; };
		C7A9629A1BF32354003B883A /* ProductList.swift in Sources */ = {isa = PBXBuildFile; fileRef = C7A962981BF32354003B883A /* ProductList.swift */; };
		C7A9629C1BF32F01003B883A /* WebHtml.swift in Sources */ = {isa = PBXBuildFile; fileRef = C7A9629B1BF32F01003B883A /* WebHtml.swift */; };
		C7A9629D1BF32F01003B883A /* WebHtml.swift in Sources */ = {isa = PBXBuildFile; fileRef = C7A9629B1BF32F01003B883A /* WebHtml.swift */; };
		C7AEDEDD1C05A938009C196C /* MyRegist.swift in Sources */ = {isa = PBXBuildFile; fileRef = C7AEDEDC1C05A938009C196C /* MyRegist.swift */; };
		C7AEDEDE1C05A938009C196C /* MyRegist.swift in Sources */ = {isa = PBXBuildFile; fileRef = C7AEDEDC1C05A938009C196C /* MyRegist.swift */; };
		C7AEDEE31C05C341009C196C /* MyCompany.swift in Sources */ = {isa = PBXBuildFile; fileRef = C7AEDEE21C05C341009C196C /* MyCompany.swift */; };
		C7AEDEE41C05C341009C196C /* MyCompany.swift in Sources */ = {isa = PBXBuildFile; fileRef = C7AEDEE21C05C341009C196C /* MyCompany.swift */; };
		C7C0EABC1BF09CA2004711BF /* ContactsController.swift in Sources */ = {isa = PBXBuildFile; fileRef = C7C0EABB1BF09CA2004711BF /* ContactsController.swift */; };
		C7C0EABD1BF09CA2004711BF /* ContactsController.swift in Sources */ = {isa = PBXBuildFile; fileRef = C7C0EABB1BF09CA2004711BF /* ContactsController.swift */; };
		C7F0AE3C1BE210C70056C06B /* ViewController.swift in Sources */ = {isa = PBXBuildFile; fileRef = C77E1D9E1BE09EDA00B8F444 /* ViewController.swift */; };
		C7F0AE3D1BE210C70056C06B /* AppDelegate.swift in Sources */ = {isa = PBXBuildFile; fileRef = C77E1D9C1BE09EDA00B8F444 /* AppDelegate.swift */; };
		C7F0AE3E1BE210C70056C06B /* test.m in Sources */ = {isa = PBXBuildFile; fileRef = C77E1DB01BE0ADD400B8F444 /* test.m */; };
		C7F0AE3F1BE210C70056C06B /* ProfileSwift.swift in Sources */ = {isa = PBXBuildFile; fileRef = C77E1DB21BE0AEE600B8F444 /* ProfileSwift.swift */; };
		C7F0AE411BE210C70056C06B /* libPods.a in Frameworks */ = {isa = PBXBuildFile; fileRef = 2B0B27D84BE8C3C370A017F5 /* libPods.a */; };
		C7F0AE431BE210C70056C06B /* LaunchScreen.storyboard in Resources */ = {isa = PBXBuildFile; fileRef = C77E1DA51BE09EDA00B8F444 /* LaunchScreen.storyboard */; };
		C7F0AE441BE210C70056C06B /* Assets.xcassets in Resources */ = {isa = PBXBuildFile; fileRef = C77E1DA31BE09EDA00B8F444 /* Assets.xcassets */; };
		C7F0AE451BE210C70056C06B /* Main.storyboard in Resources */ = {isa = PBXBuildFile; fileRef = C77E1DA01BE09EDA00B8F444 /* Main.storyboard */; };
/* End PBXBuildFile section */

/* Begin PBXFileReference section */
		2B0B27D84BE8C3C370A017F5 /* libPods.a */ = {isa = PBXFileReference; explicitFileType = archive.ar; includeInIndex = 0; path = libPods.a; sourceTree = BUILT_PRODUCTS_DIR; };
		6A23C94284D64802DC2E07B8 /* Pods.release.xcconfig */ = {isa = PBXFileReference; includeInIndex = 1; lastKnownFileType = text.xcconfig; name = Pods.release.xcconfig; path = "Pods/Target Support Files/Pods/Pods.release.xcconfig"; sourceTree = "<group>"; };
		A80FDAACCEBB8A18BFE651DC /* Pods.debug.xcconfig */ = {isa = PBXFileReference; includeInIndex = 1; lastKnownFileType = text.xcconfig; name = Pods.debug.xcconfig; path = "Pods/Target Support Files/Pods/Pods.debug.xcconfig"; sourceTree = "<group>"; };
		C71A3A821BF1954B0081F7E6 /* SchedulerInfo.swift */ = {isa = PBXFileReference; fileEncoding = 4; lastKnownFileType = sourcecode.swift; path = SchedulerInfo.swift; sourceTree = "<group>"; };
		C763D3E71C045FE2005E3921 /* TimeLineCommit.swift */ = {isa = PBXFileReference; fileEncoding = 4; lastKnownFileType = sourcecode.swift; path = TimeLineCommit.swift; sourceTree = "<group>"; };
		C763D3EA1C0468FC005E3921 /* UIImage+ZoomImage.h */ = {isa = PBXFileReference; fileEncoding = 4; lastKnownFileType = sourcecode.c.h; path = "UIImage+ZoomImage.h"; sourceTree = "<group>"; };
		C763D3EB1C0468FC005E3921 /* UIImage+ZoomImage.m */ = {isa = PBXFileReference; fileEncoding = 4; lastKnownFileType = sourcecode.c.objc; path = "UIImage+ZoomImage.m"; sourceTree = "<group>"; };
		C763D3EE1C049945005E3921 /* ShareCoverageView.h */ = {isa = PBXFileReference; fileEncoding = 4; lastKnownFileType = sourcecode.c.h; path = ShareCoverageView.h; sourceTree = "<group>"; };
		C763D3EF1C049945005E3921 /* ShareCoverageView.m */ = {isa = PBXFileReference; fileEncoding = 4; lastKnownFileType = sourcecode.c.objc; path = ShareCoverageView.m; sourceTree = "<group>"; };
		C779C0F71BF42D35008D625F /* LogViewController.h */ = {isa = PBXFileReference; fileEncoding = 4; lastKnownFileType = sourcecode.c.h; path = LogViewController.h; sourceTree = "<group>"; };
		C779C0F81BF42D35008D625F /* LogViewController.m */ = {isa = PBXFileReference; fileEncoding = 4; lastKnownFileType = sourcecode.c.objc; path = LogViewController.m; sourceTree = "<group>"; };
		C779C0F91BF42D35008D625F /* LogInCell.h */ = {isa = PBXFileReference; fileEncoding = 4; lastKnownFileType = sourcecode.c.h; path = LogInCell.h; sourceTree = "<group>"; };
		C779C0FA1BF42D35008D625F /* LogInCell.m */ = {isa = PBXFileReference; fileEncoding = 4; lastKnownFileType = sourcecode.c.objc; path = LogInCell.m; sourceTree = "<group>"; };
		C779C0FF1BF43917008D625F /* Singleton.swift */ = {isa = PBXFileReference; fileEncoding = 4; lastKnownFileType = sourcecode.swift; path = Singleton.swift; sourceTree = "<group>"; };
		C779C1021BF48A92008D625F /* MyFavorite.swift */ = {isa = PBXFileReference; fileEncoding = 4; lastKnownFileType = sourcecode.swift; path = MyFavorite.swift; sourceTree = "<group>"; };
		C779C1051BF48E9C008D625F /* Suggestion.swift */ = {isa = PBXFileReference; fileEncoding = 4; lastKnownFileType = sourcecode.swift; path = Suggestion.swift; sourceTree = "<group>"; };
		C779C1081BF4A72D008D625F /* ViewModel.swift */ = {isa = PBXFileReference; fileEncoding = 4; lastKnownFileType = sourcecode.swift; path = ViewModel.swift; sourceTree = "<group>"; };
		C77A28541C08686A001CF153 /* blackArrow.png */ = {isa = PBXFileReference; lastKnownFileType = image.png; path = blackArrow.png; sourceTree = "<group>"; };
		C77A28551C08686A001CF153 /* blackArrow@2x.png */ = {isa = PBXFileReference; lastKnownFileType = image.png; path = "blackArrow@2x.png"; sourceTree = "<group>"; };
		C77A28561C08686A001CF153 /* blueArrow.png */ = {isa = PBXFileReference; lastKnownFileType = image.png; path = blueArrow.png; sourceTree = "<group>"; };
		C77A28571C08686A001CF153 /* blueArrow@2x.png */ = {isa = PBXFileReference; lastKnownFileType = image.png; path = "blueArrow@2x.png"; sourceTree = "<group>"; };
		C77A28581C08686A001CF153 /* EGORefreshTableHeaderView.h */ = {isa = PBXFileReference; fileEncoding = 4; lastKnownFileType = sourcecode.c.h; path = EGORefreshTableHeaderView.h; sourceTree = "<group>"; };
		C77A28591C08686A001CF153 /* EGORefreshTableHeaderView.m */ = {isa = PBXFileReference; fileEncoding = 4; lastKnownFileType = sourcecode.c.objc; path = EGORefreshTableHeaderView.m; sourceTree = "<group>"; };
		C77A285A1C08686A001CF153 /* grayArrow.png */ = {isa = PBXFileReference; lastKnownFileType = image.png; path = grayArrow.png; sourceTree = "<group>"; };
		C77A285B1C08686A001CF153 /* grayArrow@2x.png */ = {isa = PBXFileReference; lastKnownFileType = image.png; path = "grayArrow@2x.png"; sourceTree = "<group>"; };
		C77A285C1C08686A001CF153 /* whiteArrow.png */ = {isa = PBXFileReference; lastKnownFileType = image.png; path = whiteArrow.png; sourceTree = "<group>"; };
		C77A285D1C08686A001CF153 /* whiteArrow@2x.png */ = {isa = PBXFileReference; lastKnownFileType = image.png; path = "whiteArrow@2x.png"; sourceTree = "<group>"; };
		C77A28921C087C39001CF153 /* MJRefresh.bundle */ = {isa = PBXFileReference; lastKnownFileType = "wrapper.plug-in"; path = MJRefresh.bundle; sourceTree = "<group>"; };
		C77A28931C087C39001CF153 /* MJRefresh.h */ = {isa = PBXFileReference; fileEncoding = 4; lastKnownFileType = sourcecode.c.h; path = MJRefresh.h; sourceTree = "<group>"; };
		C77A28941C087C39001CF153 /* MJRefreshBaseView.h */ = {isa = PBXFileReference; fileEncoding = 4; lastKnownFileType = sourcecode.c.h; path = MJRefreshBaseView.h; sourceTree = "<group>"; };
		C77A28951C087C39001CF153 /* MJRefreshBaseView.m */ = {isa = PBXFileReference; fileEncoding = 4; lastKnownFileType = sourcecode.c.objc; path = MJRefreshBaseView.m; sourceTree = "<group>"; };
		C77A28961C087C39001CF153 /* MJRefreshConst.h */ = {isa = PBXFileReference; fileEncoding = 4; lastKnownFileType = sourcecode.c.h; path = MJRefreshConst.h; sourceTree = "<group>"; };
		C77A28971C087C39001CF153 /* MJRefreshConst.m */ = {isa = PBXFileReference; fileEncoding = 4; lastKnownFileType = sourcecode.c.objc; path = MJRefreshConst.m; sourceTree = "<group>"; };
		C77A28981C087C39001CF153 /* MJRefreshFooterView.h */ = {isa = PBXFileReference; fileEncoding = 4; lastKnownFileType = sourcecode.c.h; path = MJRefreshFooterView.h; sourceTree = "<group>"; };
		C77A28991C087C39001CF153 /* MJRefreshFooterView.m */ = {isa = PBXFileReference; fileEncoding = 4; lastKnownFileType = sourcecode.c.objc; path = MJRefreshFooterView.m; sourceTree = "<group>"; };
		C77A289A1C087C39001CF153 /* MJRefreshHeaderView.h */ = {isa = PBXFileReference; fileEncoding = 4; lastKnownFileType = sourcecode.c.h; path = MJRefreshHeaderView.h; sourceTree = "<group>"; };
		C77A289B1C087C39001CF153 /* MJRefreshHeaderView.m */ = {isa = PBXFileReference; fileEncoding = 4; lastKnownFileType = sourcecode.c.objc; path = MJRefreshHeaderView.m; sourceTree = "<group>"; };
		C77A28A61C087CCD001CF153 /* UIScrollView+MJExtension.h */ = {isa = PBXFileReference; fileEncoding = 4; lastKnownFileType = sourcecode.c.h; path = "UIScrollView+MJExtension.h"; sourceTree = "<group>"; };
		C77A28A71C087CCD001CF153 /* UIScrollView+MJExtension.m */ = {isa = PBXFileReference; fileEncoding = 4; lastKnownFileType = sourcecode.c.objc; path = "UIScrollView+MJExtension.m"; sourceTree = "<group>"; };
		C77A28A81C087CCD001CF153 /* UIScrollView+MJRefresh.h */ = {isa = PBXFileReference; fileEncoding = 4; lastKnownFileType = sourcecode.c.h; path = "UIScrollView+MJRefresh.h"; sourceTree = "<group>"; };
		C77A28A91C087CCD001CF153 /* UIScrollView+MJRefresh.m */ = {isa = PBXFileReference; fileEncoding = 4; lastKnownFileType = sourcecode.c.objc; path = "UIScrollView+MJRefresh.m"; sourceTree = "<group>"; };
		C77A28AA1C087CCD001CF153 /* UIView+MJExtension.h */ = {isa = PBXFileReference; fileEncoding = 4; lastKnownFileType = sourcecode.c.h; path = "UIView+MJExtension.h"; sourceTree = "<group>"; };
		C77A28AB1C087CCD001CF153 /* UIView+MJExtension.m */ = {isa = PBXFileReference; fileEncoding = 4; lastKnownFileType = sourcecode.c.objc; path = "UIView+MJExtension.m"; sourceTree = "<group>"; };
		C77C14721BE8B02B00DCC670 /* ExhibitorController.swift */ = {isa = PBXFileReference; fileEncoding = 4; lastKnownFileType = sourcecode.swift; path = ExhibitorController.swift; sourceTree = "<group>"; };
		C77C402D1C040284005596E0 /* TimeLineInfo.swift */ = {isa = PBXFileReference; fileEncoding = 4; lastKnownFileType = sourcecode.swift; path = TimeLineInfo.swift; sourceTree = "<group>"; };
		C77E1D991BE09EDA00B8F444 /* yunzhan.app */ = {isa = PBXFileReference; explicitFileType = wrapper.application; includeInIndex = 0; path = yunzhan.app; sourceTree = BUILT_PRODUCTS_DIR; };
		C77E1D9C1BE09EDA00B8F444 /* AppDelegate.swift */ = {isa = PBXFileReference; lastKnownFileType = sourcecode.swift; path = AppDelegate.swift; sourceTree = "<group>"; };
		C77E1D9E1BE09EDA00B8F444 /* ViewController.swift */ = {isa = PBXFileReference; lastKnownFileType = sourcecode.swift; path = ViewController.swift; sourceTree = "<group>"; };
		C77E1DA11BE09EDA00B8F444 /* Base */ = {isa = PBXFileReference; lastKnownFileType = file.storyboard; name = Base; path = Base.lproj/Main.storyboard; sourceTree = "<group>"; };
		C77E1DA31BE09EDA00B8F444 /* Assets.xcassets */ = {isa = PBXFileReference; lastKnownFileType = folder.assetcatalog; path = Assets.xcassets; sourceTree = "<group>"; };
		C77E1DA61BE09EDA00B8F444 /* Base */ = {isa = PBXFileReference; lastKnownFileType = file.storyboard; name = Base; path = Base.lproj/LaunchScreen.storyboard; sourceTree = "<group>"; };
		C77E1DA81BE09EDA00B8F444 /* Info.plist */ = {isa = PBXFileReference; lastKnownFileType = text.plist.xml; path = Info.plist; sourceTree = "<group>"; };
		C77E1DAE1BE0ADD300B8F444 /* yunzhan-Bridging-Header.h */ = {isa = PBXFileReference; lastKnownFileType = sourcecode.c.h; path = "yunzhan-Bridging-Header.h"; sourceTree = "<group>"; };
		C77E1DAF1BE0ADD400B8F444 /* test.h */ = {isa = PBXFileReference; fileEncoding = 4; lastKnownFileType = sourcecode.c.h; path = test.h; sourceTree = "<group>"; };
		C77E1DB01BE0ADD400B8F444 /* test.m */ = {isa = PBXFileReference; fileEncoding = 4; lastKnownFileType = sourcecode.c.objc; path = test.m; sourceTree = "<group>"; };
		C77E1DB21BE0AEE600B8F444 /* ProfileSwift.swift */ = {isa = PBXFileReference; fileEncoding = 4; lastKnownFileType = sourcecode.swift; path = ProfileSwift.swift; sourceTree = "<group>"; };
		C77E8FA31C06DB48003832BA /* CommentScoreView.h */ = {isa = PBXFileReference; fileEncoding = 4; lastKnownFileType = sourcecode.c.h; path = CommentScoreView.h; sourceTree = "<group>"; };
		C77E8FA41C06DB48003832BA /* CommentScoreView.m */ = {isa = PBXFileReference; fileEncoding = 4; lastKnownFileType = sourcecode.c.objc; path = CommentScoreView.m; sourceTree = "<group>"; };
		C78200201BEC800F002BBDB7 /* ExhibitorInfoCV.swift */ = {isa = PBXFileReference; fileEncoding = 4; lastKnownFileType = sourcecode.swift; path = ExhibitorInfoCV.swift; sourceTree = "<group>"; };
		C7848F421BFDD8F400339623 /* libWeChatSDK.a */ = {isa = PBXFileReference; lastKnownFileType = archive.ar; path = libWeChatSDK.a; sourceTree = "<group>"; };
		C7848F431BFDD8F400339623 /* read_me.txt */ = {isa = PBXFileReference; fileEncoding = 4; lastKnownFileType = text; path = read_me.txt; sourceTree = "<group>"; };
		C7848F441BFDD8F400339623 /* WechatAuthSDK.h */ = {isa = PBXFileReference; fileEncoding = 4; lastKnownFileType = sourcecode.c.h; path = WechatAuthSDK.h; sourceTree = "<group>"; };
		C7848F451BFDD8F400339623 /* WXApi.h */ = {isa = PBXFileReference; fileEncoding = 4; lastKnownFileType = sourcecode.c.h; path = WXApi.h; sourceTree = "<group>"; };
		C7848F461BFDD8F400339623 /* WXApiObject.h */ = {isa = PBXFileReference; fileEncoding = 4; lastKnownFileType = sourcecode.c.h; path = WXApiObject.h; sourceTree = "<group>"; };
		C7848F4B1BFDD99C00339623 /* CoreTelephony.framework */ = {isa = PBXFileReference; lastKnownFileType = wrapper.framework; name = CoreTelephony.framework; path = System/Library/Frameworks/CoreTelephony.framework; sourceTree = SDKROOT; };
		C7848F4D1BFDD9D900339623 /* libsqlite3.0.tbd */ = {isa = PBXFileReference; lastKnownFileType = "sourcecode.text-based-dylib-definition"; name = libsqlite3.0.tbd; path = usr/lib/libsqlite3.0.tbd; sourceTree = SDKROOT; };
		C7848F4F1BFDDA0800339623 /* SystemConfiguration.framework */ = {isa = PBXFileReference; lastKnownFileType = wrapper.framework; name = SystemConfiguration.framework; path = System/Library/Frameworks/SystemConfiguration.framework; sourceTree = SDKROOT; };
		C7848F511BFDDA2300339623 /* libz.tbd */ = {isa = PBXFileReference; lastKnownFileType = "sourcecode.text-based-dylib-definition"; name = libz.tbd; path = usr/lib/libz.tbd; sourceTree = SDKROOT; };
		C7848F561BFDDEDC00339623 /* libc++.tbd */ = {isa = PBXFileReference; lastKnownFileType = "sourcecode.text-based-dylib-definition"; name = "libc++.tbd"; path = "usr/lib/libc++.tbd"; sourceTree = SDKROOT; };
		C79285701BEAF65B00287A24 /* NewsView.swift */ = {isa = PBXFileReference; fileEncoding = 4; lastKnownFileType = sourcecode.swift; path = NewsView.swift; sourceTree = "<group>"; };
		C79285731BEB06A400287A24 /* THActivityView.h */ = {isa = PBXFileReference; fileEncoding = 4; lastKnownFileType = sourcecode.c.h; path = THActivityView.h; sourceTree = "<group>"; };
		C79285741BEB06A400287A24 /* THActivityView.m */ = {isa = PBXFileReference; fileEncoding = 4; lastKnownFileType = sourcecode.c.objc; path = THActivityView.m; sourceTree = "<group>"; };
		C79285771BEB322700287A24 /* SettingController.swift */ = {isa = PBXFileReference; fileEncoding = 4; lastKnownFileType = sourcecode.swift; path = SettingController.swift; sourceTree = "<group>"; };
		C79546DD1BFEBC8F0080CD46 /* NewListCV.swift */ = {isa = PBXFileReference; fileEncoding = 4; lastKnownFileType = sourcecode.swift; path = NewListCV.swift; sourceTree = "<group>"; };
		C79546E01BFEBCE30080CD46 /* TimeLineVC.swift */ = {isa = PBXFileReference; fileEncoding = 4; lastKnownFileType = sourcecode.swift; path = TimeLineVC.swift; sourceTree = "<group>"; };
		C79546E31BFEC3D80080CD46 /* TSegmentedControl.h */ = {isa = PBXFileReference; fileEncoding = 4; lastKnownFileType = sourcecode.c.h; path = TSegmentedControl.h; sourceTree = "<group>"; };
		C79546E41BFEC3D80080CD46 /* TSegmentedControl.m */ = {isa = PBXFileReference; fileEncoding = 4; lastKnownFileType = sourcecode.c.objc; path = TSegmentedControl.m; sourceTree = "<group>"; };
		C79E545B1BE9B79100E4A514 /* Scheduler.swift */ = {isa = PBXFileReference; fileEncoding = 4; lastKnownFileType = sourcecode.swift; path = Scheduler.swift; sourceTree = "<group>"; };
		C79E545E1BE9DCB800E4A514 /* RootCollectionCells.swift */ = {isa = PBXFileReference; fileEncoding = 4; lastKnownFileType = sourcecode.swift; path = RootCollectionCells.swift; sourceTree = "<group>"; };
		C79E54611BE9E47400E4A514 /* DataModel.swift */ = {isa = PBXFileReference; fileEncoding = 4; lastKnownFileType = sourcecode.swift; path = DataModel.swift; sourceTree = "<group>"; };
		C79E54641BE9FED500E4A514 /* NetWork.swift */ = {isa = PBXFileReference; fileEncoding = 4; lastKnownFileType = sourcecode.swift; path = NetWork.swift; sourceTree = "<group>"; };
		C79E54671BEA2C6500E4A514 /* zh-Hans */ = {isa = PBXFileReference; lastKnownFileType = text.plist.strings; name = "zh-Hans"; path = "zh-Hans.lproj/Main.strings"; sourceTree = "<group>"; };
		C79E54681BEA2C6500E4A514 /* zh-Hans */ = {isa = PBXFileReference; lastKnownFileType = text.plist.strings; name = "zh-Hans"; path = "zh-Hans.lproj/LaunchScreen.strings"; sourceTree = "<group>"; };
		C7A962981BF32354003B883A /* ProductList.swift */ = {isa = PBXFileReference; fileEncoding = 4; lastKnownFileType = sourcecode.swift; path = ProductList.swift; sourceTree = "<group>"; };
		C7A9629B1BF32F01003B883A /* WebHtml.swift */ = {isa = PBXFileReference; fileEncoding = 4; lastKnownFileType = sourcecode.swift; path = WebHtml.swift; sourceTree = "<group>"; };
		C7AEDEDC1C05A938009C196C /* MyRegist.swift */ = {isa = PBXFileReference; fileEncoding = 4; lastKnownFileType = sourcecode.swift; path = MyRegist.swift; sourceTree = "<group>"; };
		C7AEDEE21C05C341009C196C /* MyCompany.swift */ = {isa = PBXFileReference; fileEncoding = 4; lastKnownFileType = sourcecode.swift; path = MyCompany.swift; sourceTree = "<group>"; };
		C7C0EABB1BF09CA2004711BF /* ContactsController.swift */ = {isa = PBXFileReference; fileEncoding = 4; lastKnownFileType = sourcecode.swift; path = ContactsController.swift; sourceTree = "<group>"; };
		C7F0AE4A1BE210C70056C06B /* yunzhan copy.app */ = {isa = PBXFileReference; explicitFileType = wrapper.application; includeInIndex = 0; path = "yunzhan copy.app"; sourceTree = BUILT_PRODUCTS_DIR; };
		C7F0AE4B1BE210C80056C06B /* yunzhan copy-Info.plist */ = {isa = PBXFileReference; lastKnownFileType = text.plist.xml; name = "yunzhan copy-Info.plist"; path = "/Users/taohailong/Desktop/yunzhan/yunzhan copy-Info.plist"; sourceTree = "<absolute>"; };
/* End PBXFileReference section */

/* Begin PBXFrameworksBuildPhase section */
		C77E1D961BE09EDA00B8F444 /* Frameworks */ = {
			isa = PBXFrameworksBuildPhase;
			buildActionMask = 2147483647;
			files = (
				C7848F571BFDDEDC00339623 /* libc++.tbd in Frameworks */,
				C7848F551BFDDEC400339623 /* SystemConfiguration.framework in Frameworks */,
				C7848F521BFDDA2300339623 /* libz.tbd in Frameworks */,
				C7848F4E1BFDD9D900339623 /* libsqlite3.0.tbd in Frameworks */,
				C7848F4C1BFDD99C00339623 /* CoreTelephony.framework in Frameworks */,
				C7848F471BFDD8F400339623 /* libWeChatSDK.a in Frameworks */,
				992C42617DC41C9282A5E10D /* libPods.a in Frameworks */,
			);
			runOnlyForDeploymentPostprocessing = 0;
		};
		C7F0AE401BE210C70056C06B /* Frameworks */ = {
			isa = PBXFrameworksBuildPhase;
			buildActionMask = 2147483647;
			files = (
				C79546E91BFF0DCF0080CD46 /* libc++.tbd in Frameworks */,
				C79546E81BFF0D730080CD46 /* SystemConfiguration.framework in Frameworks */,
				C79546E71BFF0D0A0080CD46 /* CoreTelephony.framework in Frameworks */,
				C7848F541BFDDA4500339623 /* libz.tbd in Frameworks */,
				C7848F531BFDDA3900339623 /* libsqlite3.0.tbd in Frameworks */,
				C7848F481BFDD8F400339623 /* libWeChatSDK.a in Frameworks */,
				C7F0AE411BE210C70056C06B /* libPods.a in Frameworks */,
			);
			runOnlyForDeploymentPostprocessing = 0;
		};
/* End PBXFrameworksBuildPhase section */

/* Begin PBXGroup section */
		252D83792F6B9EBF98BA1FF7 /* Frameworks */ = {
			isa = PBXGroup;
			children = (
				C7848F561BFDDEDC00339623 /* libc++.tbd */,
				C7848F511BFDDA2300339623 /* libz.tbd */,
				C7848F4F1BFDDA0800339623 /* SystemConfiguration.framework */,
				C7848F4D1BFDD9D900339623 /* libsqlite3.0.tbd */,
				C7848F4B1BFDD99C00339623 /* CoreTelephony.framework */,
				2B0B27D84BE8C3C370A017F5 /* libPods.a */,
			);
			name = Frameworks;
			sourceTree = "<group>";
		};
		96612ED2F7C5668E58A93B9A /* Pods */ = {
			isa = PBXGroup;
			children = (
				A80FDAACCEBB8A18BFE651DC /* Pods.debug.xcconfig */,
				6A23C94284D64802DC2E07B8 /* Pods.release.xcconfig */,
			);
			name = Pods;
			sourceTree = "<group>";
		};
		C77A28531C08686A001CF153 /* RefreshTableHeaderView */ = {
			isa = PBXGroup;
			children = (
				C77A28541C08686A001CF153 /* blackArrow.png */,
				C77A28551C08686A001CF153 /* blackArrow@2x.png */,
				C77A28561C08686A001CF153 /* blueArrow.png */,
				C77A28571C08686A001CF153 /* blueArrow@2x.png */,
				C77A28581C08686A001CF153 /* EGORefreshTableHeaderView.h */,
				C77A28591C08686A001CF153 /* EGORefreshTableHeaderView.m */,
				C77A285A1C08686A001CF153 /* grayArrow.png */,
				C77A285B1C08686A001CF153 /* grayArrow@2x.png */,
				C77A285C1C08686A001CF153 /* whiteArrow.png */,
				C77A285D1C08686A001CF153 /* whiteArrow@2x.png */,
			);
			path = RefreshTableHeaderView;
			sourceTree = SOURCE_ROOT;
		};
		C77A28911C087C39001CF153 /* MJRefresh */ = {
			isa = PBXGroup;
			children = (
				C77A28921C087C39001CF153 /* MJRefresh.bundle */,
				C77A28931C087C39001CF153 /* MJRefresh.h */,
				C77A28941C087C39001CF153 /* MJRefreshBaseView.h */,
				C77A28951C087C39001CF153 /* MJRefreshBaseView.m */,
				C77A28961C087C39001CF153 /* MJRefreshConst.h */,
				C77A28971C087C39001CF153 /* MJRefreshConst.m */,
				C77A28981C087C39001CF153 /* MJRefreshFooterView.h */,
				C77A28991C087C39001CF153 /* MJRefreshFooterView.m */,
				C77A289A1C087C39001CF153 /* MJRefreshHeaderView.h */,
				C77A289B1C087C39001CF153 /* MJRefreshHeaderView.m */,
				C77A28A61C087CCD001CF153 /* UIScrollView+MJExtension.h */,
				C77A28A71C087CCD001CF153 /* UIScrollView+MJExtension.m */,
				C77A28A81C087CCD001CF153 /* UIScrollView+MJRefresh.h */,
				C77A28A91C087CCD001CF153 /* UIScrollView+MJRefresh.m */,
				C77A28AA1C087CCD001CF153 /* UIView+MJExtension.h */,
				C77A28AB1C087CCD001CF153 /* UIView+MJExtension.m */,
			);
			path = MJRefresh;
			sourceTree = SOURCE_ROOT;
		};
		C77E1D901BE09EDA00B8F444 = {
			isa = PBXGroup;
			children = (
				C77E1D9B1BE09EDA00B8F444 /* yunzhan */,
				C77E1D9A1BE09EDA00B8F444 /* Products */,
				96612ED2F7C5668E58A93B9A /* Pods */,
				252D83792F6B9EBF98BA1FF7 /* Frameworks */,
				C7F0AE4B1BE210C80056C06B /* yunzhan copy-Info.plist */,
			);
			sourceTree = "<group>";
		};
		C77E1D9A1BE09EDA00B8F444 /* Products */ = {
			isa = PBXGroup;
			children = (
				C77E1D991BE09EDA00B8F444 /* yunzhan.app */,
				C7F0AE4A1BE210C70056C06B /* yunzhan copy.app */,
			);
			name = Products;
			sourceTree = "<group>";
		};
		C77E1D9B1BE09EDA00B8F444 /* yunzhan */ = {
			isa = PBXGroup;
			children = (
				C77E1D9C1BE09EDA00B8F444 /* AppDelegate.swift */,
				C77E1D9E1BE09EDA00B8F444 /* ViewController.swift */,
				C79E545E1BE9DCB800E4A514 /* RootCollectionCells.swift */,
				C77C14721BE8B02B00DCC670 /* ExhibitorController.swift */,
				C78200201BEC800F002BBDB7 /* ExhibitorInfoCV.swift */,
				C79E545B1BE9B79100E4A514 /* Scheduler.swift */,
				C71A3A821BF1954B0081F7E6 /* SchedulerInfo.swift */,
				C79285701BEAF65B00287A24 /* NewsView.swift */,
				C79546DD1BFEBC8F0080CD46 /* NewListCV.swift */,
				C79546E01BFEBCE30080CD46 /* TimeLineVC.swift */,
				C77C402D1C040284005596E0 /* TimeLineInfo.swift */,
				C763D3E71C045FE2005E3921 /* TimeLineCommit.swift */,
				C79285771BEB322700287A24 /* SettingController.swift */,
				C7AEDEDC1C05A938009C196C /* MyRegist.swift */,
				C7AEDEE21C05C341009C196C /* MyCompany.swift */,
				C779C1021BF48A92008D625F /* MyFavorite.swift */,
				C7A962981BF32354003B883A /* ProductList.swift */,
				C7A9629B1BF32F01003B883A /* WebHtml.swift */,
				C77E1DB21BE0AEE600B8F444 /* ProfileSwift.swift */,
				C79E54641BE9FED500E4A514 /* NetWork.swift */,
				C79E54611BE9E47400E4A514 /* DataModel.swift */,
				C7C0EABB1BF09CA2004711BF /* ContactsController.swift */,
				C779C0FF1BF43917008D625F /* Singleton.swift */,
				C779C1051BF48E9C008D625F /* Suggestion.swift */,
				C779C1081BF4A72D008D625F /* ViewModel.swift */,
				C77E1DAF1BE0ADD400B8F444 /* test.h */,
				C77E1DB01BE0ADD400B8F444 /* test.m */,
				C763D3EA1C0468FC005E3921 /* UIImage+ZoomImage.h */,
				C763D3EB1C0468FC005E3921 /* UIImage+ZoomImage.m */,
				C79285731BEB06A400287A24 /* THActivityView.h */,
				C79285741BEB06A400287A24 /* THActivityView.m */,
				C779C0F71BF42D35008D625F /* LogViewController.h */,
				C779C0F81BF42D35008D625F /* LogViewController.m */,
				C779C0F91BF42D35008D625F /* LogInCell.h */,
				C779C0FA1BF42D35008D625F /* LogInCell.m */,
				C79546E31BFEC3D80080CD46 /* TSegmentedControl.h */,
				C79546E41BFEC3D80080CD46 /* TSegmentedControl.m */,
				C763D3EE1C049945005E3921 /* ShareCoverageView.h */,
				C763D3EF1C049945005E3921 /* ShareCoverageView.m */,
				C77E8FA31C06DB48003832BA /* CommentScoreView.h */,
				C77E8FA41C06DB48003832BA /* CommentScoreView.m */,
				C77A28911C087C39001CF153 /* MJRefresh */,
				C77A28531C08686A001CF153 /* RefreshTableHeaderView */,
				C7848F411BFDD8F400339623 /* weixin */,
				C77E1DA01BE09EDA00B8F444 /* Main.storyboard */,
				C77E1DA31BE09EDA00B8F444 /* Assets.xcassets */,
				C77E1DA51BE09EDA00B8F444 /* LaunchScreen.storyboard */,
				C77E1DA81BE09EDA00B8F444 /* Info.plist */,
				C77E1DAE1BE0ADD300B8F444 /* yunzhan-Bridging-Header.h */,
			);
			path = yunzhan;
			sourceTree = "<group>";
		};
		C7848F411BFDD8F400339623 /* weixin */ = {
			isa = PBXGroup;
			children = (
				C7848F421BFDD8F400339623 /* libWeChatSDK.a */,
				C7848F431BFDD8F400339623 /* read_me.txt */,
				C7848F441BFDD8F400339623 /* WechatAuthSDK.h */,
				C7848F451BFDD8F400339623 /* WXApi.h */,
				C7848F461BFDD8F400339623 /* WXApiObject.h */,
			);
			path = weixin;
			sourceTree = SOURCE_ROOT;
		};
/* End PBXGroup section */

/* Begin PBXNativeTarget section */
		C77E1D981BE09EDA00B8F444 /* yunzhan */ = {
			isa = PBXNativeTarget;
			buildConfigurationList = C77E1DAB1BE09EDA00B8F444 /* Build configuration list for PBXNativeTarget "yunzhan" */;
			buildPhases = (
				197D1148D1FBD8C9A8C7225E /* Check Pods Manifest.lock */,
				C77E1D951BE09EDA00B8F444 /* Sources */,
				C77E1D961BE09EDA00B8F444 /* Frameworks */,
				C77E1D971BE09EDA00B8F444 /* Resources */,
				7DFB7D40B42D62A48920F70E /* Copy Pods Resources */,
			);
			buildRules = (
			);
			dependencies = (
			);
			name = yunzhan;
			productName = yunzhan;
			productReference = C77E1D991BE09EDA00B8F444 /* yunzhan.app */;
			productType = "com.apple.product-type.application";
		};
		C7F0AE391BE210C70056C06B /* yunzhan copy */ = {
			isa = PBXNativeTarget;
			buildConfigurationList = C7F0AE471BE210C70056C06B /* Build configuration list for PBXNativeTarget "yunzhan copy" */;
			buildPhases = (
				C7F0AE3A1BE210C70056C06B /* Check Pods Manifest.lock */,
				C7F0AE3B1BE210C70056C06B /* Sources */,
				C7F0AE401BE210C70056C06B /* Frameworks */,
				C7F0AE421BE210C70056C06B /* Resources */,
				C7F0AE461BE210C70056C06B /* Copy Pods Resources */,
			);
			buildRules = (
			);
			dependencies = (
			);
			name = "yunzhan copy";
			productName = yunzhan;
			productReference = C7F0AE4A1BE210C70056C06B /* yunzhan copy.app */;
			productType = "com.apple.product-type.application";
		};
/* End PBXNativeTarget section */

/* Begin PBXProject section */
		C77E1D911BE09EDA00B8F444 /* Project object */ = {
			isa = PBXProject;
			attributes = {
				LastSwiftUpdateCheck = 0710;
				LastUpgradeCheck = 0710;
				ORGANIZATIONNAME = miaomiao;
				TargetAttributes = {
					C77E1D981BE09EDA00B8F444 = {
						CreatedOnToolsVersion = 7.1;
						DevelopmentTeam = F86GF7VY4V;
					};
					C7F0AE391BE210C70056C06B = {
						DevelopmentTeam = 9AEZ3GF9PF;
					};
				};
			};
			buildConfigurationList = C77E1D941BE09EDA00B8F444 /* Build configuration list for PBXProject "yunzhan" */;
			compatibilityVersion = "Xcode 3.2";
			developmentRegion = English;
			hasScannedForEncodings = 0;
			knownRegions = (
				en,
				Base,
			);
			mainGroup = C77E1D901BE09EDA00B8F444;
			productRefGroup = C77E1D9A1BE09EDA00B8F444 /* Products */;
			projectDirPath = "";
			projectRoot = "";
			targets = (
				C77E1D981BE09EDA00B8F444 /* yunzhan */,
				C7F0AE391BE210C70056C06B /* yunzhan copy */,
			);
		};
/* End PBXProject section */

/* Begin PBXResourcesBuildPhase section */
		C77E1D971BE09EDA00B8F444 /* Resources */ = {
			isa = PBXResourcesBuildPhase;
			buildActionMask = 2147483647;
			files = (
				C77A28681C08686A001CF153 /* grayArrow.png in Resources */,
				C77A28641C08686A001CF153 /* blueArrow@2x.png in Resources */,
				C77E1DA71BE09EDA00B8F444 /* LaunchScreen.storyboard in Resources */,
				C77A286C1C08686A001CF153 /* whiteArrow.png in Resources */,
				C77A286A1C08686A001CF153 /* grayArrow@2x.png in Resources */,
				C77E1DA41BE09EDA00B8F444 /* Assets.xcassets in Resources */,
				C77A28601C08686A001CF153 /* blackArrow@2x.png in Resources */,
				C77A289C1C087C39001CF153 /* MJRefresh.bundle in Resources */,
				C77A285E1C08686A001CF153 /* blackArrow.png in Resources */,
				C77A28621C08686A001CF153 /* blueArrow.png in Resources */,
				C7848F491BFDD8F400339623 /* read_me.txt in Resources */,
				C77A286E1C08686A001CF153 /* whiteArrow@2x.png in Resources */,
				C77E1DA21BE09EDA00B8F444 /* Main.storyboard in Resources */,
			);
			runOnlyForDeploymentPostprocessing = 0;
		};
		C7F0AE421BE210C70056C06B /* Resources */ = {
			isa = PBXResourcesBuildPhase;
			buildActionMask = 2147483647;
			files = (
				C77A28691C08686A001CF153 /* grayArrow.png in Resources */,
				C77A28651C08686A001CF153 /* blueArrow@2x.png in Resources */,
				C7F0AE431BE210C70056C06B /* LaunchScreen.storyboard in Resources */,
				C77A286D1C08686A001CF153 /* whiteArrow.png in Resources */,
				C77A286B1C08686A001CF153 /* grayArrow@2x.png in Resources */,
				C7F0AE441BE210C70056C06B /* Assets.xcassets in Resources */,
				C77A28611C08686A001CF153 /* blackArrow@2x.png in Resources */,
				C77A289D1C087C39001CF153 /* MJRefresh.bundle in Resources */,
				C77A285F1C08686A001CF153 /* blackArrow.png in Resources */,
				C77A28631C08686A001CF153 /* blueArrow.png in Resources */,
				C7848F4A1BFDD8F400339623 /* read_me.txt in Resources */,
				C77A286F1C08686A001CF153 /* whiteArrow@2x.png in Resources */,
				C7F0AE451BE210C70056C06B /* Main.storyboard in Resources */,
			);
			runOnlyForDeploymentPostprocessing = 0;
		};
/* End PBXResourcesBuildPhase section */

/* Begin PBXShellScriptBuildPhase section */
		197D1148D1FBD8C9A8C7225E /* Check Pods Manifest.lock */ = {
			isa = PBXShellScriptBuildPhase;
			buildActionMask = 2147483647;
			files = (
			);
			inputPaths = (
			);
			name = "Check Pods Manifest.lock";
			outputPaths = (
			);
			runOnlyForDeploymentPostprocessing = 0;
			shellPath = /bin/sh;
			shellScript = "diff \"${PODS_ROOT}/../Podfile.lock\" \"${PODS_ROOT}/Manifest.lock\" > /dev/null\nif [[ $? != 0 ]] ; then\n    cat << EOM\nerror: The sandbox is not in sync with the Podfile.lock. Run 'pod install' or update your CocoaPods installation.\nEOM\n    exit 1\nfi\n";
			showEnvVarsInLog = 0;
		};
		7DFB7D40B42D62A48920F70E /* Copy Pods Resources */ = {
			isa = PBXShellScriptBuildPhase;
			buildActionMask = 2147483647;
			files = (
			);
			inputPaths = (
			);
			name = "Copy Pods Resources";
			outputPaths = (
			);
			runOnlyForDeploymentPostprocessing = 0;
			shellPath = /bin/sh;
			shellScript = "\"${SRCROOT}/Pods/Target Support Files/Pods/Pods-resources.sh\"\n";
			showEnvVarsInLog = 0;
		};
		C7F0AE3A1BE210C70056C06B /* Check Pods Manifest.lock */ = {
			isa = PBXShellScriptBuildPhase;
			buildActionMask = 2147483647;
			files = (
			);
			inputPaths = (
			);
			name = "Check Pods Manifest.lock";
			outputPaths = (
			);
			runOnlyForDeploymentPostprocessing = 0;
			shellPath = /bin/sh;
			shellScript = "diff \"${PODS_ROOT}/../Podfile.lock\" \"${PODS_ROOT}/Manifest.lock\" > /dev/null\nif [[ $? != 0 ]] ; then\n    cat << EOM\nerror: The sandbox is not in sync with the Podfile.lock. Run 'pod install' or update your CocoaPods installation.\nEOM\n    exit 1\nfi\n";
			showEnvVarsInLog = 0;
		};
		C7F0AE461BE210C70056C06B /* Copy Pods Resources */ = {
			isa = PBXShellScriptBuildPhase;
			buildActionMask = 2147483647;
			files = (
			);
			inputPaths = (
			);
			name = "Copy Pods Resources";
			outputPaths = (
			);
			runOnlyForDeploymentPostprocessing = 0;
			shellPath = /bin/sh;
			shellScript = "\"${SRCROOT}/Pods/Target Support Files/Pods/Pods-resources.sh\"\n";
			showEnvVarsInLog = 0;
		};
/* End PBXShellScriptBuildPhase section */

/* Begin PBXSourcesBuildPhase section */
		C77E1D951BE09EDA00B8F444 /* Sources */ = {
			isa = PBXSourcesBuildPhase;
			buildActionMask = 2147483647;
			files = (
				C77A28A41C087C39001CF153 /* MJRefreshHeaderView.m in Sources */,
				C77C14731BE8B02B00DCC670 /* ExhibitorController.swift in Sources */,
				C779C1061BF48E9C008D625F /* Suggestion.swift in Sources */,
				C779C1001BF43917008D625F /* Singleton.swift in Sources */,
				C77A289E1C087C39001CF153 /* MJRefreshBaseView.m in Sources */,
				C7A9629C1BF32F01003B883A /* WebHtml.swift in Sources */,
				C7C0EABC1BF09CA2004711BF /* ContactsController.swift in Sources */,
				C7AEDEDD1C05A938009C196C /* MyRegist.swift in Sources */,
				C779C1091BF4A72D008D625F /* ViewModel.swift in Sources */,
				C7AEDEE31C05C341009C196C /* MyCompany.swift in Sources */,
				C79E545C1BE9B79100E4A514 /* Scheduler.swift in Sources */,
				C763D3E81C045FE2005E3921 /* TimeLineCommit.swift in Sources */,
				C77A28B01C087CCD001CF153 /* UIView+MJExtension.m in Sources */,
				C77A28A21C087C39001CF153 /* MJRefreshFooterView.m in Sources */,
				C79E54651BE9FED500E4A514 /* NetWork.swift in Sources */,
				C77E1D9F1BE09EDA00B8F444 /* ViewController.swift in Sources */,
				C77E8FA51C06DB48003832BA /* CommentScoreView.m in Sources */,
				C79285751BEB06A400287A24 /* THActivityView.m in Sources */,
				C779C0FD1BF42D35008D625F /* LogInCell.m in Sources */,
				C79285781BEB322700287A24 /* SettingController.swift in Sources */,
				C77E1D9D1BE09EDA00B8F444 /* AppDelegate.swift in Sources */,
				C79E54621BE9E47400E4A514 /* DataModel.swift in Sources */,
				C79546E11BFEBCE30080CD46 /* TimeLineVC.swift in Sources */,
				C763D3F01C049945005E3921 /* ShareCoverageView.m in Sources */,
				C779C0FB1BF42D35008D625F /* LogViewController.m in Sources */,
				C779C1031BF48A92008D625F /* MyFavorite.swift in Sources */,
				C71A3A831BF1954B0081F7E6 /* SchedulerInfo.swift in Sources */,
				C79546DE1BFEBC8F0080CD46 /* NewListCV.swift in Sources */,
				C77A28AC1C087CCD001CF153 /* UIScrollView+MJExtension.m in Sources */,
				C77A28AE1C087CCD001CF153 /* UIScrollView+MJRefresh.m in Sources */,
				C77A28661C08686A001CF153 /* EGORefreshTableHeaderView.m in Sources */,
				C79E545F1BE9DCB800E4A514 /* RootCollectionCells.swift in Sources */,
				C78200211BEC800F002BBDB7 /* ExhibitorInfoCV.swift in Sources */,
				C77C402E1C040285005596E0 /* TimeLineInfo.swift in Sources */,
				C79546E51BFEC3D80080CD46 /* TSegmentedControl.m in Sources */,
				C763D3EC1C0468FC005E3921 /* UIImage+ZoomImage.m in Sources */,
				C79285711BEAF65B00287A24 /* NewsView.swift in Sources */,
				C77A28A01C087C39001CF153 /* MJRefreshConst.m in Sources */,
				C7A962991BF32354003B883A /* ProductList.swift in Sources */,
				C77E1DB11BE0ADD400B8F444 /* test.m in Sources */,
				C77E1DB41BE0D05600B8F444 /* ProfileSwift.swift in Sources */,
			);
			runOnlyForDeploymentPostprocessing = 0;
		};
		C7F0AE3B1BE210C70056C06B /* Sources */ = {
			isa = PBXSourcesBuildPhase;
			buildActionMask = 2147483647;
			files = (
				C77A28A51C087C39001CF153 /* MJRefreshHeaderView.m in Sources */,
				C71A3A841BF1954B0081F7E6 /* SchedulerInfo.swift in Sources */,
				C779C1071BF48E9C008D625F /* Suggestion.swift in Sources */,
				C7C0EABD1BF09CA2004711BF /* ContactsController.swift in Sources */,
				C77A289F1C087C39001CF153 /* MJRefreshBaseView.m in Sources */,
				C79285791BEB322700287A24 /* SettingController.swift in Sources */,
				C7F0AE3C1BE210C70056C06B /* ViewController.swift in Sources */,
				C7AEDEDE1C05A938009C196C /* MyRegist.swift in Sources */,
				C779C10A1BF4A72D008D625F /* ViewModel.swift in Sources */,
				C7AEDEE41C05C341009C196C /* MyCompany.swift in Sources */,
				C7F0AE3D1BE210C70056C06B /* AppDelegate.swift in Sources */,
				C763D3E91C045FE2005E3921 /* TimeLineCommit.swift in Sources */,
				C77A28B11C087CCD001CF153 /* UIView+MJExtension.m in Sources */,
				C77A28A31C087C39001CF153 /* MJRefreshFooterView.m in Sources */,
				C79E54601BE9DCB800E4A514 /* RootCollectionCells.swift in Sources */,
				C79285721BEAF65B00287A24 /* NewsView.swift in Sources */,
				C77E8FA61C06DB48003832BA /* CommentScoreView.m in Sources */,
				C77C14741BE8B02B00DCC670 /* ExhibitorController.swift in Sources */,
				C79E545D1BE9B79100E4A514 /* Scheduler.swift in Sources */,
				C7A9629A1BF32354003B883A /* ProductList.swift in Sources */,
				C78200221BEC800F002BBDB7 /* ExhibitorInfoCV.swift in Sources */,
				C779C0FE1BF42D35008D625F /* LogInCell.m in Sources */,
				C79546E21BFEBCE30080CD46 /* TimeLineVC.swift in Sources */,
				C763D3F11C049945005E3921 /* ShareCoverageView.m in Sources */,
				C779C0FC1BF42D35008D625F /* LogViewController.m in Sources */,
				C779C1041BF48A92008D625F /* MyFavorite.swift in Sources */,
				C779C1011BF43917008D625F /* Singleton.swift in Sources */,
				C79546DF1BFEBC8F0080CD46 /* NewListCV.swift in Sources */,
				C77A28AD1C087CCD001CF153 /* UIScrollView+MJExtension.m in Sources */,
				C77A28AF1C087CCD001CF153 /* UIScrollView+MJRefresh.m in Sources */,
				C77A28671C08686A001CF153 /* EGORefreshTableHeaderView.m in Sources */,
				C79285761BEB06A400287A24 /* THActivityView.m in Sources */,
				C79E54631BE9E47400E4A514 /* DataModel.swift in Sources */,
				C77C402F1C040285005596E0 /* TimeLineInfo.swift in Sources */,
				C79546E61BFEC3D80080CD46 /* TSegmentedControl.m in Sources */,
				C763D3ED1C0468FC005E3921 /* UIImage+ZoomImage.m in Sources */,
				C7A9629D1BF32F01003B883A /* WebHtml.swift in Sources */,
				C77A28A11C087C39001CF153 /* MJRefreshConst.m in Sources */,
				C7F0AE3E1BE210C70056C06B /* test.m in Sources */,
				C7F0AE3F1BE210C70056C06B /* ProfileSwift.swift in Sources */,
				C79E54661BE9FED500E4A514 /* NetWork.swift in Sources */,
			);
			runOnlyForDeploymentPostprocessing = 0;
		};
/* End PBXSourcesBuildPhase section */

/* Begin PBXVariantGroup section */
		C77E1DA01BE09EDA00B8F444 /* Main.storyboard */ = {
			isa = PBXVariantGroup;
			children = (
				C77E1DA11BE09EDA00B8F444 /* Base */,
				C79E54671BEA2C6500E4A514 /* zh-Hans */,
			);
			name = Main.storyboard;
			sourceTree = "<group>";
		};
		C77E1DA51BE09EDA00B8F444 /* LaunchScreen.storyboard */ = {
			isa = PBXVariantGroup;
			children = (
				C77E1DA61BE09EDA00B8F444 /* Base */,
				C79E54681BEA2C6500E4A514 /* zh-Hans */,
			);
			name = LaunchScreen.storyboard;
			sourceTree = "<group>";
		};
/* End PBXVariantGroup section */

/* Begin XCBuildConfiguration section */
		C77E1DA91BE09EDA00B8F444 /* Debug */ = {
			isa = XCBuildConfiguration;
			buildSettings = {
				ALWAYS_SEARCH_USER_PATHS = NO;
				CLANG_CXX_LANGUAGE_STANDARD = "gnu++0x";
				CLANG_CXX_LIBRARY = "libc++";
				CLANG_ENABLE_MODULES = YES;
				CLANG_ENABLE_OBJC_ARC = YES;
				CLANG_WARN_BOOL_CONVERSION = YES;
				CLANG_WARN_CONSTANT_CONVERSION = YES;
				CLANG_WARN_DIRECT_OBJC_ISA_USAGE = YES_ERROR;
				CLANG_WARN_EMPTY_BODY = YES;
				CLANG_WARN_ENUM_CONVERSION = YES;
				CLANG_WARN_INT_CONVERSION = YES;
				CLANG_WARN_OBJC_ROOT_CLASS = YES_ERROR;
				CLANG_WARN_UNREACHABLE_CODE = YES;
				CLANG_WARN__DUPLICATE_METHOD_MATCH = YES;
				"CODE_SIGN_IDENTITY[sdk=iphoneos*]" = "iPhone Developer";
				COPY_PHASE_STRIP = NO;
				DEBUG_INFORMATION_FORMAT = dwarf;
				ENABLE_STRICT_OBJC_MSGSEND = YES;
				ENABLE_TESTABILITY = YES;
				GCC_C_LANGUAGE_STANDARD = gnu99;
				GCC_DYNAMIC_NO_PIC = NO;
				GCC_NO_COMMON_BLOCKS = YES;
				GCC_OPTIMIZATION_LEVEL = 0;
				GCC_PREPROCESSOR_DEFINITIONS = (
					"DEBUG=1",
					"$(inherited)",
				);
				GCC_WARN_64_TO_32_BIT_CONVERSION = YES;
				GCC_WARN_ABOUT_RETURN_TYPE = YES_ERROR;
				GCC_WARN_UNDECLARED_SELECTOR = YES;
				GCC_WARN_UNINITIALIZED_AUTOS = YES_AGGRESSIVE;
				GCC_WARN_UNUSED_FUNCTION = YES;
				GCC_WARN_UNUSED_VARIABLE = YES;
				IPHONEOS_DEPLOYMENT_TARGET = 9.1;
				MTL_ENABLE_DEBUG_INFO = YES;
				ONLY_ACTIVE_ARCH = YES;
				SDKROOT = iphoneos;
				SWIFT_OPTIMIZATION_LEVEL = "-Onone";
			};
			name = Debug;
		};
		C77E1DAA1BE09EDA00B8F444 /* Release */ = {
			isa = XCBuildConfiguration;
			buildSettings = {
				ALWAYS_SEARCH_USER_PATHS = NO;
				CLANG_CXX_LANGUAGE_STANDARD = "gnu++0x";
				CLANG_CXX_LIBRARY = "libc++";
				CLANG_ENABLE_MODULES = YES;
				CLANG_ENABLE_OBJC_ARC = YES;
				CLANG_WARN_BOOL_CONVERSION = YES;
				CLANG_WARN_CONSTANT_CONVERSION = YES;
				CLANG_WARN_DIRECT_OBJC_ISA_USAGE = YES_ERROR;
				CLANG_WARN_EMPTY_BODY = YES;
				CLANG_WARN_ENUM_CONVERSION = YES;
				CLANG_WARN_INT_CONVERSION = YES;
				CLANG_WARN_OBJC_ROOT_CLASS = YES_ERROR;
				CLANG_WARN_UNREACHABLE_CODE = YES;
				CLANG_WARN__DUPLICATE_METHOD_MATCH = YES;
				"CODE_SIGN_IDENTITY[sdk=iphoneos*]" = "iPhone Developer";
				COPY_PHASE_STRIP = NO;
				DEBUG_INFORMATION_FORMAT = "dwarf-with-dsym";
				ENABLE_NS_ASSERTIONS = NO;
				ENABLE_STRICT_OBJC_MSGSEND = YES;
				GCC_C_LANGUAGE_STANDARD = gnu99;
				GCC_NO_COMMON_BLOCKS = YES;
				GCC_WARN_64_TO_32_BIT_CONVERSION = YES;
				GCC_WARN_ABOUT_RETURN_TYPE = YES_ERROR;
				GCC_WARN_UNDECLARED_SELECTOR = YES;
				GCC_WARN_UNINITIALIZED_AUTOS = YES_AGGRESSIVE;
				GCC_WARN_UNUSED_FUNCTION = YES;
				GCC_WARN_UNUSED_VARIABLE = YES;
				IPHONEOS_DEPLOYMENT_TARGET = 9.1;
				MTL_ENABLE_DEBUG_INFO = NO;
				SDKROOT = iphoneos;
				VALIDATE_PRODUCT = YES;
			};
			name = Release;
		};
		C77E1DAC1BE09EDA00B8F444 /* Debug */ = {
			isa = XCBuildConfiguration;
			baseConfigurationReference = A80FDAACCEBB8A18BFE651DC /* Pods.debug.xcconfig */;
			buildSettings = {
				ASSETCATALOG_COMPILER_APPICON_NAME = AppIcon;
				CLANG_ENABLE_MODULES = YES;
				CODE_SIGN_IDENTITY = "iPhone Developer: Weiyuan Huang (QJZJLZ48TX)";
				"CODE_SIGN_IDENTITY[sdk=iphoneos*]" = "iPhone Developer: Weiyuan Huang (QJZJLZ48TX)";
				INFOPLIST_FILE = yunzhan/Info.plist;
				IPHONEOS_DEPLOYMENT_TARGET = 7.0;
				LD_RUNPATH_SEARCH_PATHS = "$(inherited) @executable_path/Frameworks";
				LIBRARY_SEARCH_PATHS = (
					"$(inherited)",
					"$(PROJECT_DIR)/weixin",
				);
				PRODUCT_BUNDLE_IDENTIFIER = com.miaomiao.bike;
				PRODUCT_NAME = "$(TARGET_NAME)";
				PROVISIONING_PROFILE = "b7d39625-a584-44bd-b4f8-c89ecb8c6996";
				SWIFT_OBJC_BRIDGING_HEADER = "yunzhan/yunzhan-Bridging-Header.h";
				SWIFT_OPTIMIZATION_LEVEL = "-Onone";
			};
			name = Debug;
		};
		C77E1DAD1BE09EDA00B8F444 /* Release */ = {
			isa = XCBuildConfiguration;
			baseConfigurationReference = 6A23C94284D64802DC2E07B8 /* Pods.release.xcconfig */;
			buildSettings = {
				ASSETCATALOG_COMPILER_APPICON_NAME = AppIcon;
				CLANG_ENABLE_MODULES = YES;
				CODE_SIGN_IDENTITY = "iPhone Distribution: Wuxi Chestnut Company Limited (F86GF7VY4V)";
				"CODE_SIGN_IDENTITY[sdk=iphoneos*]" = "iPhone Distribution: Wuxi Chestnut Company Limited (F86GF7VY4V)";
				INFOPLIST_FILE = yunzhan/Info.plist;
				IPHONEOS_DEPLOYMENT_TARGET = 7.0;
				LD_RUNPATH_SEARCH_PATHS = "$(inherited) @executable_path/Frameworks";
				LIBRARY_SEARCH_PATHS = (
					"$(inherited)",
					"$(PROJECT_DIR)/weixin",
				);
				PRODUCT_BUNDLE_IDENTIFIER = com.miaomiao.bike;
				PRODUCT_NAME = "$(TARGET_NAME)";
				PROVISIONING_PROFILE = "de8241a8-b492-453e-beb2-bd08177447e4";
				SWIFT_OBJC_BRIDGING_HEADER = "yunzhan/yunzhan-Bridging-Header.h";
			};
			name = Release;
		};
		C7F0AE481BE210C70056C06B /* Debug */ = {
			isa = XCBuildConfiguration;
			baseConfigurationReference = A80FDAACCEBB8A18BFE651DC /* Pods.debug.xcconfig */;
			buildSettings = {
				ASSETCATALOG_COMPILER_APPICON_NAME = AppIcon;
				CLANG_ENABLE_MODULES = YES;
				CODE_SIGN_IDENTITY = "iPhone Distribution: Wuxi Chestnut Company Limited";
				"CODE_SIGN_IDENTITY[sdk=iphoneos*]" = "iPhone Developer: Weiyuan Huang (QJZJLZ48TX)";
				GCC_PREPROCESSOR_DEFINITIONS = (
					"$(inherited)",
					"COCOAPODS=1",
					"ENTERPISE=1",
				);
				INFOPLIST_FILE = "yunzhan copy-Info.plist";
				IPHONEOS_DEPLOYMENT_TARGET = 7.0;
				LD_RUNPATH_SEARCH_PATHS = "$(inherited) @executable_path/Frameworks";
				LIBRARY_SEARCH_PATHS = (
					"$(inherited)",
					"$(PROJECT_DIR)/weixin",
				);
				PRODUCT_BUNDLE_IDENTIFIER = com.miaomiao.enterprisebike;
				PRODUCT_NAME = "$(TARGET_NAME)";
				PROVISIONING_PROFILE = "";
				SWIFT_OBJC_BRIDGING_HEADER = "yunzhan/yunzhan-Bridging-Header.h";
				SWIFT_OPTIMIZATION_LEVEL = "-Onone";
			};
			name = Debug;
		};
		C7F0AE491BE210C70056C06B /* Release */ = {
			isa = XCBuildConfiguration;
			baseConfigurationReference = 6A23C94284D64802DC2E07B8 /* Pods.release.xcconfig */;
			buildSettings = {
				ASSETCATALOG_COMPILER_APPICON_NAME = AppIcon;
				CLANG_ENABLE_MODULES = YES;
				CODE_SIGN_IDENTITY = "iPhone Distribution: Wuxi Chestnut Company Limited";
				"CODE_SIGN_IDENTITY[sdk=iphoneos*]" = "iPhone Distribution: Wuxi Chestnut Company Limited (F86GF7VY4V)";
				GCC_PREPROCESSOR_DEFINITIONS = (
					"$(inherited)",
					"COCOAPODS=1",
					"ENTERPISE=1",
				);
				INFOPLIST_FILE = "yunzhan copy-Info.plist";
				IPHONEOS_DEPLOYMENT_TARGET = 7.0;
				LD_RUNPATH_SEARCH_PATHS = "$(inherited) @executable_path/Frameworks";
				LIBRARY_SEARCH_PATHS = (
					"$(inherited)",
					"$(PROJECT_DIR)/weixin",
				);
				PRODUCT_BUNDLE_IDENTIFIER = com.miaomiao.enterprisebike;
				PRODUCT_NAME = "$(TARGET_NAME)";
				PROVISIONING_PROFILE = "0289aedb-c43d-4fd4-ad0f-0c68a40e89d3";
				SWIFT_OBJC_BRIDGING_HEADER = "yunzhan/yunzhan-Bridging-Header.h";
			};
			name = Release;
		};
/* End XCBuildConfiguration section */

/* Begin XCConfigurationList section */
		C77E1D941BE09EDA00B8F444 /* Build configuration list for PBXProject "yunzhan" */ = {
			isa = XCConfigurationList;
			buildConfigurations = (
				C77E1DA91BE09EDA00B8F444 /* Debug */,
				C77E1DAA1BE09EDA00B8F444 /* Release */,
			);
			defaultConfigurationIsVisible = 0;
			defaultConfigurationName = Release;
		};
		C77E1DAB1BE09EDA00B8F444 /* Build configuration list for PBXNativeTarget "yunzhan" */ = {
			isa = XCConfigurationList;
			buildConfigurations = (
				C77E1DAC1BE09EDA00B8F444 /* Debug */,
				C77E1DAD1BE09EDA00B8F444 /* Release */,
			);
			defaultConfigurationIsVisible = 0;
			defaultConfigurationName = Release;
		};
		C7F0AE471BE210C70056C06B /* Build configuration list for PBXNativeTarget "yunzhan copy" */ = {
			isa = XCConfigurationList;
			buildConfigurations = (
				C7F0AE481BE210C70056C06B /* Debug */,
				C7F0AE491BE210C70056C06B /* Release */,
			);
			defaultConfigurationIsVisible = 0;
			defaultConfigurationName = Release;
		};
/* End XCConfigurationList section */
	};
	rootObject = C77E1D911BE09EDA00B8F444 /* Project object */;
}
